// !$*UTF8*$!
{
	archiveVersion = 1;
	classes = {
	};
	objectVersion = 77;
	objects = {

/* Begin PBXBuildFile section */
		93B9153630596DFD00F341F9 /* AppDelegate.swift in Sources */ = {isa = PBXBuildFile; fileRef = 93B9153530596DFD00F341F9 /* AppDelegate.swift */; };
		93B9153830596DFD00F341F9 /* SceneDelegate.swift in Sources */ = {isa = PBXBuildFile; fileRef = 93B9153730596DFD00F341F9 /* SceneDelegate.swift */; };
		93B9153B30596DFD00F341F9 /* LaunchScreen.storyboard in Resources */ = {isa = PBXBuildFile; fileRef = 93B9153930596DFD00F341F9 /* LaunchScreen.storyboard */; };
		93B9153E30596DFD00F341F9 /* Main.storyboard in Resources */ = {isa = PBXBuildFile; fileRef = 93B9153C30596DFD00F341F9 /* Main.storyboard */; };
		93B9154730596DFD00F341F9 /* AppDelegate.swift in Sources */ = {isa = PBXBuildFile; fileRef = 93B9154630596DFD00F341F9 /* AppDelegate.swift */; };
		93B9154A30596DFD00F341F9 /* Main.storyboard in Resources */ = {isa = PBXBuildFile; fileRef = 93B9154830596DFD00F341F9 /* Main.storyboard */; };
		93B9155130596DFD00F341F9 /* URLQRCodePrinter Extension.appex in Embed Foundation Extensions */ = {isa = PBXBuildFile; fileRef = 93B9155030596DFD00F341F9 /* URLQRCodePrinter Extension.appex */; settings = {ATTRIBUTES = (RemoveHeadersOnCopy, ); }; };
		93B9155B30596DFD00F341F9 /* URLQRCodePrinter Extension.appex in Embed Foundation Extensions */ = {isa = PBXBuildFile; fileRef = 93B9155A30596DFD00F341F9 /* URLQRCodePrinter Extension.appex */; settings = {ATTRIBUTES = (RemoveHeadersOnCopy, ); }; };
		93B9156030596DFD00F341F9 /* Main.html in Resources */ = {isa = PBXBuildFile; fileRef = 93B9152530596DFB00F341F9 /* Main.html */; };
		93B9156130596DFD00F341F9 /* Main.html in Resources */ = {isa = PBXBuildFile; fileRef = 93B9152530596DFB00F341F9 /* Main.html */; };
		93B9156230596DFD00F341F9 /* Icon.png in Resources */ = {isa = PBXBuildFile; fileRef = 93B9152730596DFB00F341F9 /* Icon.png */; };
		93B9156330596DFD00F341F9 /* Icon.png in Resources */ = {isa = PBXBuildFile; fileRef = 93B9152730596DFB00F341F9 /* Icon.png */; };
		93B9156430596DFD00F341F9 /* Style.css in Resources */ = {isa = PBXBuildFile; fileRef = 93B9152830596DFB00F341F9 /* Style.css */; };
		93B9156530596DFD00F341F9 /* Style.css in Resources */ = {isa = PBXBuildFile; fileRef = 93B9152830596DFB00F341F9 /* Style.css */; };
		93B9156630596DFD00F341F9 /* Script.js in Resources */ = {isa = PBXBuildFile; fileRef = 93B9152930596DFB00F341F9 /* Script.js */; };
		93B9156730596DFD00F341F9 /* Script.js in Resources */ = {isa = PBXBuildFile; fileRef = 93B9152930596DFB00F341F9 /* Script.js */; };
		93B9156830596DFD00F341F9 /* ViewController.swift in Sources */ = {isa = PBXBuildFile; fileRef = 93B9152A30596DFB00F341F9 /* ViewController.swift */; };
		93B9156930596DFD00F341F9 /* ViewController.swift in Sources */ = {isa = PBXBuildFile; fileRef = 93B9152A30596DFB00F341F9 /* ViewController.swift */; };
		93B9156A30596DFD00F341F9 /* Assets.xcassets in Resources */ = {isa = PBXBuildFile; fileRef = 93B9152B30596DFD00F341F9 /* Assets.xcassets */; };
		93B9156B30596DFD00F341F9 /* Assets.xcassets in Resources */ = {isa = PBXBuildFile; fileRef = 93B9152B30596DFD00F341F9 /* Assets.xcassets */; };
		93B9156C30596DFD00F341F9 /* SafariWebExtensionHandler.swift in Sources */ = {isa = PBXBuildFile; fileRef = 93B9152D30596DFD00F341F9 /* SafariWebExtensionHandler.swift */; };
		93B9156D30596DFD00F341F9 /* SafariWebExtensionHandler.swift in Sources */ = {isa = PBXBuildFile; fileRef = 93B9152D30596DFD00F341F9 /* SafariWebExtensionHandler.swift */; };
		93B9158730596DFE00F341F9 /* popup.js in Resources */ = {isa = PBXBuildFile; fileRef = 93B9157F30596DFE00F341F9 /* popup.js */; };
		93B9158830596DFE00F341F9 /* core in Resources */ = {isa = PBXBuildFile; fileRef = 93B9158030596DFE00F341F9 /* core */; };
		93B9158930596DFE00F341F9 /* background.js in Resources */ = {isa = PBXBuildFile; fileRef = 93B9158130596DFE00F341F9 /* background.js */; };
		93B9158A30596DFE00F341F9 /* popup.html in Resources */ = {isa = PBXBuildFile; fileRef = 93B9158230596DFE00F341F9 /* popup.html */; };
		93B9158B30596DFE00F341F9 /* icons in Resources */ = {isa = PBXBuildFile; fileRef = 93B9158330596DFE00F341F9 /* icons */; };
		93B9158C30596DFE00F341F9 /* manifest.json in Resources */ = {isa = PBXBuildFile; fileRef = 93B9158430596DFE00F341F9 /* manifest.json */; };
		93B9158D30596DFE00F341F9 /* popup.css in Resources */ = {isa = PBXBuildFile; fileRef = 93B9158530596DFE00F341F9 /* popup.css */; };
		93B9158E30596DFE00F341F9 /* api.js in Resources */ = {isa = PBXBuildFile; fileRef = 93B9158630596DFE00F341F9 /* api.js */; };
		93B9158F30596DFE00F341F9 /* popup.js in Resources */ = {isa = PBXBuildFile; fileRef = 93B9157F30596DFE00F341F9 /* popup.js */; };
		93B9159030596DFE00F341F9 /* core in Resources */ = {isa = PBXBuildFile; fileRef = 93B9158030596DFE00F341F9 /* core */; };
		93B9159130596DFE00F341F9 /* background.js in Resources */ = {isa = PBXBuildFile; fileRef = 93B9158130596DFE00F341F9 /* background.js */; };
		93B9159230596DFE00F341F9 /* popup.html in Resources */ = {isa = PBXBuildFile; fileRef = 93B9158230596DFE00F341F9 /* popup.html */; };
		93B9159330596DFE00F341F9 /* icons in Resources */ = {isa = PBXBuildFile; fileRef = 93B9158330596DFE00F341F9 /* icons */; };
		93B9159430596DFE00F341F9 /* manifest.json in Resources */ = {isa = PBXBuildFile; fileRef = 93B9158430596DFE00F341F9 /* manifest.json */; };
		93B9159530596DFE00F341F9 /* popup.css in Resources */ = {isa = PBXBuildFile; fileRef = 93B9158530596DFE00F341F9 /* popup.css */; };
		93B9159630596DFE00F341F9 /* api.js in Resources */ = {isa = PBXBuildFile; fileRef = 93B9158630596DFE00F341F9 /* api.js */; };
/* End PBXBuildFile section */

/* Begin PBXContainerItemProxy section */
		93B9155230596DFD00F341F9 /* PBXContainerItemProxy */ = {
			isa = PBXContainerItemProxy;
			containerPortal = 93B9151F30596DFA00F341F9 /* Project object */;
			proxyType = 1;
			remoteGlobalIDString = 93B9154F30596DFD00F341F9;
			remoteInfo = "URLQRCodePrinter Extension (iOS)";
		};
		93B9155C30596DFD00F341F9 /* PBXContainerItemProxy */ = {
			isa = PBXContainerItemProxy;
			containerPortal = 93B9151F30596DFA00F341F9 /* Project object */;
			proxyType = 1;
			remoteGlobalIDString = 93B9155930596DFD00F341F9;
			remoteInfo = "URLQRCodePrinter Extension (macOS)";
		};
/* End PBXContainerItemProxy section */

/* Begin PBXCopyFilesBuildPhase section */
		93B9157330596DFD00F341F9 /* Embed Foundation Extensions */ = {
			isa = PBXCopyFilesBuildPhase;
			buildActionMask = 2147483647;
			dstPath = "";
			dstSubfolderSpec = 13;
			files = (
				93B9155130596DFD00F341F9 /* URLQRCodePrinter Extension.appex in Embed Foundation Extensions */,
			);
			name = "Embed Foundation Extensions";
			runOnlyForDeploymentPostprocessing = 0;
		};
		93B9157A30596DFD00F341F9 /* Embed Foundation Extensions */ = {
			isa = PBXCopyFilesBuildPhase;
			buildActionMask = 2147483647;
			dstPath = "";
			dstSubfolderSpec = 13;
			files = (
				93B9155B30596DFD00F341F9 /* URLQRCodePrinter Extension.appex in Embed Foundation Extensions */,
			);
			name = "Embed Foundation Extensions";
			runOnlyForDeploymentPostprocessing = 0;
		};
/* End PBXCopyFilesBuildPhase section */

/* Begin PBXFileReference section */
		93B9152630596DFB00F341F9 /* Base */ = {isa = PBXFileReference; lastKnownFileType = text.html; name = Base; path = Base.lproj/Main.html; sourceTree = "<group>"; };
		93B9152730596DFB00F341F9 /* Icon.png */ = {isa = PBXFileReference; lastKnownFileType = image.png; path = Icon.png; sourceTree = "<group>"; };
		93B9152830596DFB00F341F9 /* Style.css */ = {isa = PBXFileReference; lastKnownFileType = text.css; path = Style.css; sourceTree = "<group>"; };
		93B9152930596DFB00F341F9 /* Script.js */ = {isa = PBXFileReference; lastKnownFileType = sourcecode.javascript; path = Script.js; sourceTree = "<group>"; };
		93B9152A30596DFB00F341F9 /* ViewController.swift */ = {isa = PBXFileReference; lastKnownFileType = sourcecode.swift; path = ViewController.swift; sourceTree = "<group>"; };
		93B9152B30596DFD00F341F9 /* Assets.xcassets */ = {isa = PBXFileReference; lastKnownFileType = folder.assetcatalog; path = Assets.xcassets; sourceTree = "<group>"; };
		93B9152D30596DFD00F341F9 /* SafariWebExtensionHandler.swift */ = {isa = PBXFileReference; lastKnownFileType = sourcecode.swift; path = SafariWebExtensionHandler.swift; sourceTree = "<group>"; };
		93B9153230596DFD00F341F9 /* URLQRCodePrinter.app */ = {isa = PBXFileReference; explicitFileType = wrapper.application; includeInIndex = 0; path = URLQRCodePrinter.app; sourceTree = BUILT_PRODUCTS_DIR; };
		93B9153530596DFD00F341F9 /* AppDelegate.swift */ = {isa = PBXFileReference; lastKnownFileType = sourcecode.swift; path = AppDelegate.swift; sourceTree = "<group>"; };
		93B9153730596DFD00F341F9 /* SceneDelegate.swift */ = {isa = PBXFileReference; lastKnownFileType = sourcecode.swift; path = SceneDelegate.swift; sourceTree = "<group>"; };
		93B9153A30596DFD00F341F9 /* Base */ = {isa = PBXFileReference; lastKnownFileType = file.storyboard; name = Base; path = Base.lproj/LaunchScreen.storyboard; sourceTree = "<group>"; };
		93B9153D30596DFD00F341F9 /* Base */ = {isa = PBXFileReference; lastKnownFileType = file.storyboard; name = Base; path = Base.lproj/Main.storyboard; sourceTree = "<group>"; };
		93B9153F30596DFD00F341F9 /* Info.plist */ = {isa = PBXFileReference; lastKnownFileType = text.plist.xml; path = Info.plist; sourceTree = "<group>"; };
		93B9154430596DFD00F341F9 /* URLQRCodePrinter.app */ = {isa = PBXFileReference; explicitFileType = wrapper.application; includeInIndex = 0; path = URLQRCodePrinter.app; sourceTree = BUILT_PRODUCTS_DIR; };
		93B9154630596DFD00F341F9 /* AppDelegate.swift */ = {isa = PBXFileReference; lastKnownFileType = sourcecode.swift; path = AppDelegate.swift; sourceTree = "<group>"; };
		93B9154930596DFD00F341F9 /* Base */ = {isa = PBXFileReference; lastKnownFileType = file.storyboard; name = Base; path = Base.lproj/Main.storyboard; sourceTree = "<group>"; };
		93B9154B30596DFD00F341F9 /* Info.plist */ = {isa = PBXFileReference; lastKnownFileType = text.plist.xml; path = Info.plist; sourceTree = "<group>"; };
		93B9155030596DFD00F341F9 /* URLQRCodePrinter Extension.appex */ = {isa = PBXFileReference; explicitFileType = "wrapper.app-extension"; includeInIndex = 0; path = "URLQRCodePrinter Extension.appex"; sourceTree = BUILT_PRODUCTS_DIR; };
		93B9155530596DFD00F341F9 /* Info.plist */ = {isa = PBXFileReference; lastKnownFileType = text.plist.xml; path = Info.plist; sourceTree = "<group>"; };
		93B9155A30596DFD00F341F9 /* URLQRCodePrinter Extension.appex */ = {isa = PBXFileReference; explicitFileType = "wrapper.app-extension"; includeInIndex = 0; path = "URLQRCodePrinter Extension.appex"; sourceTree = BUILT_PRODUCTS_DIR; };
		93B9155F30596DFD00F341F9 /* Info.plist */ = {isa = PBXFileReference; lastKnownFileType = text.plist.xml; path = Info.plist; sourceTree = "<group>"; };
		93B9157F30596DFE00F341F9 /* popup.js */ = {isa = PBXFileReference; lastKnownFileType = sourcecode.javascript; name = popup.js; path = Resources/popup.js; sourceTree = "<group>"; };
		93B9158030596DFE00F341F9 /* core */ = {isa = PBXFileReference; lastKnownFileType = folder; name = core; path = Resources/core; sourceTree = "<group>"; };
		93B9158130596DFE00F341F9 /* background.js */ = {isa = PBXFileReference; lastKnownFileType = sourcecode.javascript; name = background.js; path = Resources/background.js; sourceTree = "<group>"; };
		93B9158230596DFE00F341F9 /* popup.html */ = {isa = PBXFileReference; lastKnownFileType = text.html; name = popup.html; path = Resources/popup.html; sourceTree = "<group>"; };
		93B9158330596DFE00F341F9 /* icons */ = {isa = PBXFileReference; lastKnownFileType = folder; name = icons; path = Resources/icons; sourceTree = "<group>"; };
		93B9158430596DFE00F341F9 /* manifest.json */ = {isa = PBXFileReference; lastKnownFileType = text.json; name = manifest.json; path = Resources/manifest.json; sourceTree = "<group>"; };
		93B9158530596DFE00F341F9 /* popup.css */ = {isa = PBXFileReference; lastKnownFileType = text.css; name = popup.css; path = Resources/popup.css; sourceTree = "<group>"; };
		93B9158630596DFE00F341F9 /* api.js */ = {isa = PBXFileReference; lastKnownFileType = sourcecode.javascript; name = api.js; path = Resources/api.js; sourceTree = "<group>"; };
/* End PBXFileReference section */

/* Begin PBXFrameworksBuildPhase section */
		93B9152F30596DFD00F341F9 /* Frameworks */ = {
			isa = PBXFrameworksBuildPhase;
			buildActionMask = 2147483647;
			files = (
			);
			runOnlyForDeploymentPostprocessing = 0;
		};
		93B9154130596DFD00F341F9 /* Frameworks */ = {
			isa = PBXFrameworksBuildPhase;
			buildActionMask = 2147483647;
			files = (
			);
			runOnlyForDeploymentPostprocessing = 0;
		};
		93B9154D30596DFD00F341F9 /* Frameworks */ = {
			isa = PBXFrameworksBuildPhase;
			buildActionMask = 2147483647;
			files = (
			);
			runOnlyForDeploymentPostprocessing = 0;
		};
		93B9155730596DFD00F341F9 /* Frameworks */ = {
			isa = PBXFrameworksBuildPhase;
			buildActionMask = 2147483647;
			files = (
			);
			runOnlyForDeploymentPostprocessing = 0;
		};
/* End PBXFrameworksBuildPhase section */

/* Begin PBXGroup section */
		93B9151E30596DFA00F341F9 = {
			isa = PBXGroup;
			children = (
				93B9152330596DFB00F341F9 /* Shared (App) */,
				93B9152C30596DFD00F341F9 /* Shared (Extension) */,
				93B9153430596DFD00F341F9 /* iOS (App) */,
				93B9154530596DFD00F341F9 /* macOS (App) */,
				93B9155430596DFD00F341F9 /* iOS (Extension) */,
				93B9155E30596DFD00F341F9 /* macOS (Extension) */,
				93B9153330596DFD00F341F9 /* Products */,
			);
			sourceTree = "<group>";
		};
		93B9152330596DFB00F341F9 /* Shared (App) */ = {
			isa = PBXGroup;
			children = (
				93B9152A30596DFB00F341F9 /* ViewController.swift */,
				93B9152B30596DFD00F341F9 /* Assets.xcassets */,
				93B9152430596DFB00F341F9 /* Resources */,
			);
			path = "Shared (App)";
			sourceTree = "<group>";
		};
		93B9152430596DFB00F341F9 /* Resources */ = {
			isa = PBXGroup;
			children = (
				93B9152530596DFB00F341F9 /* Main.html */,
				93B9152730596DFB00F341F9 /* Icon.png */,
				93B9152830596DFB00F341F9 /* Style.css */,
				93B9152930596DFB00F341F9 /* Script.js */,
			);
			path = Resources;
			sourceTree = "<group>";
		};
		93B9152C30596DFD00F341F9 /* Shared (Extension) */ = {
			isa = PBXGroup;
			children = (
				93B9157E30596DFE00F341F9 /* Resources */,
				93B9152D30596DFD00F341F9 /* SafariWebExtensionHandler.swift */,
			);
			path = "Shared (Extension)";
			sourceTree = "<group>";
		};
		93B9153330596DFD00F341F9 /* Products */ = {
			isa = PBXGroup;
			children = (
				93B9153230596DFD00F341F9 /* URLQRCodePrinter.app */,
				93B9154430596DFD00F341F9 /* URLQRCodePrinter.app */,
				93B9155030596DFD00F341F9 /* URLQRCodePrinter Extension.appex */,
				93B9155A30596DFD00F341F9 /* URLQRCodePrinter Extension.appex */,
			);
			name = Products;
			sourceTree = "<group>";
		};
		93B9153430596DFD00F341F9 /* iOS (App) */ = {
			isa = PBXGroup;
			children = (
				93B9153530596DFD00F341F9 /* AppDelegate.swift */,
				93B9153730596DFD00F341F9 /* SceneDelegate.swift */,
				93B9153930596DFD00F341F9 /* LaunchScreen.storyboard */,
				93B9153C30596DFD00F341F9 /* Main.storyboard */,
				93B9153F30596DFD00F341F9 /* Info.plist */,
			);
			path = "iOS (App)";
			sourceTree = "<group>";
		};
		93B9154530596DFD00F341F9 /* macOS (App) */ = {
			isa = PBXGroup;
			children = (
				93B9154630596DFD00F341F9 /* AppDelegate.swift */,
				93B9154830596DFD00F341F9 /* Main.storyboard */,
				93B9154B30596DFD00F341F9 /* Info.plist */,
			);
			path = "macOS (App)";
			sourceTree = "<group>";
		};
		93B9155430596DFD00F341F9 /* iOS (Extension) */ = {
			isa = PBXGroup;
			children = (
				93B9155530596DFD00F341F9 /* Info.plist */,
			);
			path = "iOS (Extension)";
			sourceTree = "<group>";
		};
		93B9155E30596DFD00F341F9 /* macOS (Extension) */ = {
			isa = PBXGroup;
			children = (
				93B9155F30596DFD00F341F9 /* Info.plist */,
			);
			path = "macOS (Extension)";
			sourceTree = "<group>";
		};
		93B9157E30596DFE00F341F9 /* Resources */ = {
			isa = PBXGroup;
			children = (
				93B9157F30596DFE00F341F9 /* popup.js */,
				93B9158030596DFE00F341F9 /* core */,
				93B9158130596DFE00F341F9 /* background.js */,
				93B9158230596DFE00F341F9 /* popup.html */,
				93B9158330596DFE00F341F9 /* icons */,
				93B9158430596DFE00F341F9 /* manifest.json */,
				93B9158530596DFE00F341F9 /* popup.css */,
				93B9158630596DFE00F341F9 /* api.js */,
			);
			name = Resources;
			path = "Shared (Extension)";
			sourceTree = SOURCE_ROOT;
		};
/* End PBXGroup section */

/* Begin PBXNativeTarget section */
		93B9153130596DFD00F341F9 /* URLQRCodePrinter (iOS) */ = {
			isa = PBXNativeTarget;
			buildConfigurationList = 93B9157430596DFD00F341F9 /* Build configuration list for PBXNativeTarget "URLQRCodePrinter (iOS)" */;
			buildPhases = (
				93B9152E30596DFD00F341F9 /* Sources */,
				93B9152F30596DFD00F341F9 /* Frameworks */,
				93B9153030596DFD00F341F9 /* Resources */,
				93B9157330596DFD00F341F9 /* Embed Foundation Extensions */,
			);
			buildRules = (
			);
			dependencies = (
				93B9155330596DFD00F341F9 /* PBXTargetDependency */,
			);
			name = "URLQRCodePrinter (iOS)";
			packageProductDependencies = (
			);
			productName = "URLQRCodePrinter (iOS)";
			productReference = 93B9153230596DFD00F341F9 /* URLQRCodePrinter.app */;
			productType = "com.apple.product-type.application";
		};
		93B9154330596DFD00F341F9 /* URLQRCodePrinter (macOS) */ = {
			isa = PBXNativeTarget;
			buildConfigurationList = 93B9157B30596DFD00F341F9 /* Build configuration list for PBXNativeTarget "URLQRCodePrinter (macOS)" */;
			buildPhases = (
				93B9154030596DFD00F341F9 /* Sources */,
				93B9154130596DFD00F341F9 /* Frameworks */,
				93B9154230596DFD00F341F9 /* Resources */,
				93B9157A30596DFD00F341F9 /* Embed Foundation Extensions */,
			);
			buildRules = (
			);
			dependencies = (
				93B9155D30596DFD00F341F9 /* PBXTargetDependency */,
			);
			name = "URLQRCodePrinter (macOS)";
			packageProductDependencies = (
			);
			productName = "URLQRCodePrinter (macOS)";
			productReference = 93B9154430596DFD00F341F9 /* URLQRCodePrinter.app */;
			productType = "com.apple.product-type.application";
		};
		93B9154F30596DFD00F341F9 /* URLQRCodePrinter Extension (iOS) */ = {
			isa = PBXNativeTarget;
			buildConfigurationList = 93B9157030596DFD00F341F9 /* Build configuration list for PBXNativeTarget "URLQRCodePrinter Extension (iOS)" */;
			buildPhases = (
				93B9154C30596DFD00F341F9 /* Sources */,
				93B9154D30596DFD00F341F9 /* Frameworks */,
				93B9154E30596DFD00F341F9 /* Resources */,
			);
			buildRules = (
			);
			dependencies = (
			);
			name = "URLQRCodePrinter Extension (iOS)";
			packageProductDependencies = (
			);
			productName = "URLQRCodePrinter Extension (iOS)";
			productReference = 93B9155030596DFD00F341F9 /* URLQRCodePrinter Extension.appex */;
			productType = "com.apple.product-type.app-extension";
		};
		93B9155930596DFD00F341F9 /* URLQRCodePrinter Extension (macOS) */ = {
			isa = PBXNativeTarget;
			buildConfigurationList = 93B9157730596DFD00F341F9 /* Build configuration list for PBXNativeTarget "URLQRCodePrinter Extension (macOS)" */;
			buildPhases = (
				93B9155630596DFD00F341F9 /* Sources */,
				93B9155730596DFD00F341F9 /* Frameworks */,
				93B9155830596DFD00F341F9 /* Resources */,
			);
			buildRules = (
			);
			dependencies = (
			);
			name = "URLQRCodePrinter Extension (macOS)";
			packageProductDependencies = (
			);
			productName = "URLQRCodePrinter Extension (macOS)";
			productReference = 93B9155A30596DFD00F341F9 /* URLQRCodePrinter Extension.appex */;
			productType = "com.apple.product-type.app-extension";
		};
/* End PBXNativeTarget section */

/* Begin PBXProject section */
		93B9151F30596DFA00F341F9 /* Project object */ = {
			isa = PBXProject;
			attributes = {
				BuildIndependentTargetsInParallel = 1;
				LastSwiftUpdateCheck = 2660;
				LastUpgradeCheck = 2660;
				TargetAttributes = {
					93B9153130596DFD00F341F9 = {
						CreatedOnToolsVersion = 26.6;
					};
					93B9154330596DFD00F341F9 = {
						CreatedOnToolsVersion = 26.6;
					};
					93B9154F30596DFD00F341F9 = {
						CreatedOnToolsVersion = 26.6;
					};
					93B9155930596DFD00F341F9 = {
						CreatedOnToolsVersion = 26.6;
					};
				};
			};
			buildConfigurationList = 93B9152230596DFA00F341F9 /* Build configuration list for PBXProject "URLQRCodePrinter" */;
			developmentRegion = en;
			hasScannedForEncodings = 0;
			knownRegions = (
				en,
				Base,
			);
			mainGroup = 93B9151E30596DFA00F341F9;
			minimizedProjectReferenceProxies = 1;
			preferredProjectObjectVersion = 77;
			productRefGroup = 93B9153330596DFD00F341F9 /* Products */;
			projectDirPath = "";
			projectRoot = "";
			targets = (
				93B9153130596DFD00F341F9 /* URLQRCodePrinter (iOS) */,
				93B9154330596DFD00F341F9 /* URLQRCodePrinter (macOS) */,
				93B9154F30596DFD00F341F9 /* URLQRCodePrinter Extension (iOS) */,
				93B9155930596DFD00F341F9 /* URLQRCodePrinter Extension (macOS) */,
			);
		};
/* End PBXProject section */

/* Begin PBXResourcesBuildPhase section */
		93B9153030596DFD00F341F9 /* Resources */ = {
			isa = PBXResourcesBuildPhase;
			buildActionMask = 2147483647;
			files = (
				93B9156230596DFD00F341F9 /* Icon.png in Resources */,
				93B9153B30596DFD00F341F9 /* LaunchScreen.storyboard in Resources */,
				93B9156030596DFD00F341F9 /* Main.html in Resources */,
				93B9156630596DFD00F341F9 /* Script.js in Resources */,
				93B9156A30596DFD00F341F9 /* Assets.xcassets in Resources */,
				93B9153E30596DFD00F341F9 /* Main.storyboard in Resources */,
				93B9156430596DFD00F341F9 /* Style.css in Resources */,
			);
			runOnlyForDeploymentPostprocessing = 0;
		};
		93B9154230596DFD00F341F9 /* Resources */ = {
			isa = PBXResourcesBuildPhase;
			buildActionMask = 2147483647;
			files = (
				93B9156330596DFD00F341F9 /* Icon.png in Resources */,
				93B9156530596DFD00F341F9 /* Style.css in Resources */,
				93B9154A30596DFD00F341F9 /* Main.storyboard in Resources */,
				93B9156730596DFD00F341F9 /* Script.js in Resources */,
				93B9156B30596DFD00F341F9 /* Assets.xcassets in Resources */,
				93B9156130596DFD00F341F9 /* Main.html in Resources */,
			);
			runOnlyForDeploymentPostprocessing = 0;
		};
		93B9154E30596DFD00F341F9 /* Resources */ = {
			isa = PBXResourcesBuildPhase;
			buildActionMask = 2147483647;
			files = (
				93B9158F30596DFE00F341F9 /* popup.js in Resources */,
				93B9159530596DFE00F341F9 /* popup.css in Resources */,
				93B9159230596DFE00F341F9 /* popup.html in Resources */,
				93B9159630596DFE00F341F9 /* api.js in Resources */,
				93B9159130596DFE00F341F9 /* background.js in Resources */,
				93B9159330596DFE00F341F9 /* icons in Resources */,
				93B9159430596DFE00F341F9 /* manifest.json in Resources */,
				93B9159030596DFE00F341F9 /* core in Resources */,
			);
			runOnlyForDeploymentPostprocessing = 0;
		};
		93B9155830596DFD00F341F9 /* Resources */ = {
			isa = PBXResourcesBuildPhase;
			buildActionMask = 2147483647;
			files = (
				93B9158730596DFE00F341F9 /* popup.js in Resources */,
				93B9158D30596DFE00F341F9 /* popup.css in Resources */,
				93B9158A30596DFE00F341F9 /* popup.html in Resources */,
				93B9158E30596DFE00F341F9 /* api.js in Resources */,
				93B9158930596DFE00F341F9 /* background.js in Resources */,
				93B9158B30596DFE00F341F9 /* icons in Resources */,
				93B9158C30596DFE00F341F9 /* manifest.json in Resources */,
				93B9158830596DFE00F341F9 /* core in Resources */,
			);
			runOnlyForDeploymentPostprocessing = 0;
		};
/* End PBXResourcesBuildPhase section */

/* Begin PBXSourcesBuildPhase section */
		93B9152E30596DFD00F341F9 /* Sources */ = {
			isa = PBXSourcesBuildPhase;
			buildActionMask = 2147483647;
			files = (
				93B9156830596DFD00F341F9 /* ViewController.swift in Sources */,
				93B9153630596DFD00F341F9 /* AppDelegate.swift in Sources */,
				93B9153830596DFD00F341F9 /* SceneDelegate.swift in Sources */,
			);
			runOnlyForDeploymentPostprocessing = 0;
		};
		93B9154030596DFD00F341F9 /* Sources */ = {
			isa = PBXSourcesBuildPhase;
			buildActionMask = 2147483647;
			files = (
				93B9156930596DFD00F341F9 /* ViewController.swift in Sources */,
				93B9154730596DFD00F341F9 /* AppDelegate.swift in Sources */,
			);
			runOnlyForDeploymentPostprocessing = 0;
		};
		93B9154C30596DFD00F341F9 /* Sources */ = {
			isa = PBXSourcesBuildPhase;
			buildActionMask = 2147483647;
			files = (
				93B9156C30596DFD00F341F9 /* SafariWebExtensionHandler.swift in Sources */,
			);
			runOnlyForDeploymentPostprocessing = 0;
		};
		93B9155630596DFD00F341F9 /* Sources */ = {
			isa = PBXSourcesBuildPhase;
			buildActionMask = 2147483647;
			files = (
				93B9156D30596DFD00F341F9 /* SafariWebExtensionHandler.swift in Sources */,
			);
			runOnlyForDeploymentPostprocessing = 0;
		};
/* End PBXSourcesBuildPhase section */

/* Begin PBXTargetDependency section */
		93B9155330596DFD00F341F9 /* PBXTargetDependency */ = {
			isa = PBXTargetDependency;
			target = 93B9154F30596DFD00F341F9 /* URLQRCodePrinter Extension (iOS) */;
			targetProxy = 93B9155230596DFD00F341F9 /* PBXContainerItemProxy */;
		};
		93B9155D30596DFD00F341F9 /* PBXTargetDependency */ = {
			isa = PBXTargetDependency;
			target = 93B9155930596DFD00F341F9 /* URLQRCodePrinter Extension (macOS) */;
			targetProxy = 93B9155C30596DFD00F341F9 /* PBXContainerItemProxy */;
		};
/* End PBXTargetDependency section */

/* Begin PBXVariantGroup section */
		93B9152530596DFB00F341F9 /* Main.html */ = {
			isa = PBXVariantGroup;
			children = (
				93B9152630596DFB00F341F9 /* Base */,
			);
			name = Main.html;
			sourceTree = "<group>";
		};
		93B9153930596DFD00F341F9 /* LaunchScreen.storyboard */ = {
			isa = PBXVariantGroup;
			children = (
				93B9153A30596DFD00F341F9 /* Base */,
			);
			name = LaunchScreen.storyboard;
			sourceTree = "<group>";
		};
		93B9153C30596DFD00F341F9 /* Main.storyboard */ = {
			isa = PBXVariantGroup;
			children = (
				93B9153D30596DFD00F341F9 /* Base */,
			);
			name = Main.storyboard;
			sourceTree = "<group>";
		};
		93B9154830596DFD00F341F9 /* Main.storyboard */ = {
			isa = PBXVariantGroup;
			children = (
				93B9154930596DFD00F341F9 /* Base */,
			);
			name = Main.storyboard;
			sourceTree = "<group>";
		};
/* End PBXVariantGroup section */

/* Begin XCBuildConfiguration section */
		93B9156E30596DFD00F341F9 /* Debug */ = {
			isa = XCBuildConfiguration;
			buildSettings = {
				ALWAYS_SEARCH_USER_PATHS = NO;
				ASSETCATALOG_COMPILER_GENERATE_SWIFT_ASSET_SYMBOL_EXTENSIONS = YES;
				CLANG_ANALYZER_NONNULL = YES;
				CLANG_ANALYZER_NUMBER_OBJECT_CONVERSION = YES_AGGRESSIVE;
				CLANG_CXX_LANGUAGE_STANDARD = "gnu++20";
				CLANG_ENABLE_MODULES = YES;
				CLANG_ENABLE_OBJC_ARC = YES;
				CLANG_ENABLE_OBJC_WEAK = YES;
				CLANG_WARN_BLOCK_CAPTURE_AUTORELEASING = YES;
				CLANG_WARN_BOOL_CONVERSION = YES;
				CLANG_WARN_COMMA = YES;
				CLANG_WARN_CONSTANT_CONVERSION = YES;
				CLANG_WARN_DEPRECATED_OBJC_IMPLEMENTATIONS = YES;
				CLANG_WARN_DIRECT_OBJC_ISA_USAGE = YES_ERROR;
				CLANG_WARN_DOCUMENTATION_COMMENTS = YES;
				CLANG_WARN_EMPTY_BODY = YES;
				CLANG_WARN_ENUM_CONVERSION = YES;
				CLANG_WARN_INFINITE_RECURSION = YES;
				CLANG_WARN_INT_CONVERSION = YES;
				CLANG_WARN_NON_LITERAL_NULL_CONVERSION = YES;
				CLANG_WARN_OBJC_IMPLICIT_RETAIN_SELF = YES;
				CLANG_WARN_OBJC_LITERAL_CONVERSION = YES;
				CLANG_WARN_OBJC_ROOT_CLASS = YES_ERROR;
				CLANG_WARN_QUOTED_INCLUDE_IN_FRAMEWORK_HEADER = YES;
				CLANG_WARN_RANGE_LOOP_ANALYSIS = YES;
				CLANG_WARN_STRICT_PROTOTYPES = YES;
				CLANG_WARN_SUSPICIOUS_MOVE = YES;
				CLANG_WARN_UNGUARDED_AVAILABILITY = YES_AGGRESSIVE;
				CLANG_WARN_UNREACHABLE_CODE = YES;
				CLANG_WARN__DUPLICATE_METHOD_MATCH = YES;
				COPY_PHASE_STRIP = NO;
				DEBUG_INFORMATION_FORMAT = dwarf;
				ENABLE_STRICT_OBJC_MSGSEND = YES;
				ENABLE_TESTABILITY = YES;
				ENABLE_USER_SCRIPT_SANDBOXING = YES;
				GCC_C_LANGUAGE_STANDARD = gnu17;
				GCC_DYNAMIC_NO_PIC = NO;
				GCC_NO_COMMON_BLOCKS = YES;
				GCC_OPTIMIZATION_LEVEL = 0;
				GCC_PREPROCESSOR_DEFINITIONS = (
					"DEBUG=1",
					"$(inherited)",
				);
				GCC_WARN_64_TO_32_BIT_CONVERSION = YES;
				GCC_WARN_ABOUT_RETURN_TYPE = YES_ERROR;
				GCC_WARN_UNDECLARED_SELECTOR = YES;
				GCC_WARN_UNINITIALIZED_AUTOS = YES_AGGRESSIVE;
				GCC_WARN_UNUSED_FUNCTION = YES;
				GCC_WARN_UNUSED_VARIABLE = YES;
				LOCALIZATION_PREFERS_STRING_CATALOGS = YES;
				MTL_ENABLE_DEBUG_INFO = INCLUDE_SOURCE;
				MTL_FAST_MATH = YES;
				ONLY_ACTIVE_ARCH = YES;
				SWIFT_ACTIVE_COMPILATION_CONDITIONS = "DEBUG $(inherited)";
				SWIFT_OPTIMIZATION_LEVEL = "-Onone";
			};
			name = Debug;
		};
		93B9156F30596DFD00F341F9 /* Release */ = {
			isa = XCBuildConfiguration;
			buildSettings = {
				ALWAYS_SEARCH_USER_PATHS = NO;
				ASSETCATALOG_COMPILER_GENERATE_SWIFT_ASSET_SYMBOL_EXTENSIONS = YES;
				CLANG_ANALYZER_NONNULL = YES;
				CLANG_ANALYZER_NUMBER_OBJECT_CONVERSION = YES_AGGRESSIVE;
				CLANG_CXX_LANGUAGE_STANDARD = "gnu++20";
				CLANG_ENABLE_MODULES = YES;
				CLANG_ENABLE_OBJC_ARC = YES;
				CLANG_ENABLE_OBJC_WEAK = YES;
				CLANG_WARN_BLOCK_CAPTURE_AUTORELEASING = YES;
				CLANG_WARN_BOOL_CONVERSION = YES;
				CLANG_WARN_COMMA = YES;
				CLANG_WARN_CONSTANT_CONVERSION = YES;
				CLANG_WARN_DEPRECATED_OBJC_IMPLEMENTATIONS = YES;
				CLANG_WARN_DIRECT_OBJC_ISA_USAGE = YES_ERROR;
				CLANG_WARN_DOCUMENTATION_COMMENTS = YES;
				CLANG_WARN_EMPTY_BODY = YES;
				CLANG_WARN_ENUM_CONVERSION = YES;
				CLANG_WARN_INFINITE_RECURSION = YES;
				CLANG_WARN_INT_CONVERSION = YES;
				CLANG_WARN_NON_LITERAL_NULL_CONVERSION = YES;
				CLANG_WARN_OBJC_IMPLICIT_RETAIN_SELF = YES;
				CLANG_WARN_OBJC_LITERAL_CONVERSION = YES;
				CLANG_WARN_OBJC_ROOT_CLASS = YES_ERROR;
				CLANG_WARN_QUOTED_INCLUDE_IN_FRAMEWORK_HEADER = YES;
				CLANG_WARN_RANGE_LOOP_ANALYSIS = YES;
				CLANG_WARN_STRICT_PROTOTYPES = YES;
				CLANG_WARN_SUSPICIOUS_MOVE = YES;
				CLANG_WARN_UNGUARDED_AVAILABILITY = YES_AGGRESSIVE;
				CLANG_WARN_UNREACHABLE_CODE = YES;
				CLANG_WARN__DUPLICATE_METHOD_MATCH = YES;
				COPY_PHASE_STRIP = NO;
				DEBUG_INFORMATION_FORMAT = "dwarf-with-dsym";
				ENABLE_NS_ASSERTIONS = NO;
				ENABLE_STRICT_OBJC_MSGSEND = YES;
				ENABLE_USER_SCRIPT_SANDBOXING = YES;
				GCC_C_LANGUAGE_STANDARD = gnu17;
				GCC_NO_COMMON_BLOCKS = YES;
				GCC_WARN_64_TO_32_BIT_CONVERSION = YES;
				GCC_WARN_ABOUT_RETURN_TYPE = YES_ERROR;
				GCC_WARN_UNDECLARED_SELECTOR = YES;
				GCC_WARN_UNINITIALIZED_AUTOS = YES_AGGRESSIVE;
				GCC_WARN_UNUSED_FUNCTION = YES;
				GCC_WARN_UNUSED_VARIABLE = YES;
				LOCALIZATION_PREFERS_STRING_CATALOGS = YES;
				MTL_ENABLE_DEBUG_INFO = NO;
				MTL_FAST_MATH = YES;
				SWIFT_COMPILATION_MODE = wholemodule;
			};
			name = Release;
		};
		93B9157130596DFD00F341F9 /* Debug */ = {
			isa = XCBuildConfiguration;
			buildSettings = {
				CODE_SIGN_STYLE = Automatic;
				CURRENT_PROJECT_VERSION = 1;
				GENERATE_INFOPLIST_FILE = YES;
				INFOPLIST_FILE = "iOS (Extension)/Info.plist";
				INFOPLIST_KEY_CFBundleDisplayName = "URLQRCodePrinter Extension";
				INFOPLIST_KEY_NSHumanReadableCopyright = "";
				IPHONEOS_DEPLOYMENT_TARGET = 16.4;
				LD_RUNPATH_SEARCH_PATHS = (
					"$(inherited)",
					"@executable_path/Frameworks",
					"@executable_path/../../Frameworks",
				);
				MARKETING_VERSION = 1.0;
				OTHER_LDFLAGS = (
					"-framework",
					SafariServices,
				);
				PRODUCT_BUNDLE_IDENTIFIER = com.gael.urlqrcodeprinter.Extension;
				PRODUCT_NAME = "URLQRCodePrinter Extension";
				SDKROOT = iphoneos;
				SKIP_INSTALL = YES;
				STRING_CATALOG_GENERATE_SYMBOLS = YES;
				SWIFT_APPROACHABLE_CONCURRENCY = YES;
				SWIFT_EMIT_LOC_STRINGS = YES;
				SWIFT_UPCOMING_FEATURE_MEMBER_IMPORT_VISIBILITY = YES;
				SWIFT_VERSION = 5.0;
				TARGETED_DEVICE_FAMILY = "1,2";
			};
			name = Debug;
		};
		93B9157230596DFD00F341F9 /* Release */ = {
			isa = XCBuildConfiguration;
			buildSettings = {
				CODE_SIGN_STYLE = Automatic;
				CURRENT_PROJECT_VERSION = 1;
				GENERATE_INFOPLIST_FILE = YES;
				INFOPLIST_FILE = "iOS (Extension)/Info.plist";
				INFOPLIST_KEY_CFBundleDisplayName = "URLQRCodePrinter Extension";
				INFOPLIST_KEY_NSHumanReadableCopyright = "";
				IPHONEOS_DEPLOYMENT_TARGET = 16.4;
				LD_RUNPATH_SEARCH_PATHS = (
					"$(inherited)",
					"@executable_path/Frameworks",
					"@executable_path/../../Frameworks",
				);
				MARKETING_VERSION = 1.0;
				OTHER_LDFLAGS = (
					"-framework",
					SafariServices,
				);
				PRODUCT_BUNDLE_IDENTIFIER = com.gael.urlqrcodeprinter.Extension;
				PRODUCT_NAME = "URLQRCodePrinter Extension";
				SDKROOT = iphoneos;
				SKIP_INSTALL = YES;
				STRING_CATALOG_GENERATE_SYMBOLS = YES;
				SWIFT_APPROACHABLE_CONCURRENCY = YES;
				SWIFT_EMIT_LOC_STRINGS = YES;
				SWIFT_UPCOMING_FEATURE_MEMBER_IMPORT_VISIBILITY = YES;
				SWIFT_VERSION = 5.0;
				TARGETED_DEVICE_FAMILY = "1,2";
				VALIDATE_PRODUCT = YES;
			};
			name = Release;
		};
		93B9157530596DFD00F341F9 /* Debug */ = {
			isa = XCBuildConfiguration;
			buildSettings = {
				ASSETCATALOG_COMPILER_APPICON_NAME = AppIcon;
				ASSETCATALOG_COMPILER_GLOBAL_ACCENT_COLOR_NAME = AccentColor;
				CODE_SIGN_STYLE = Automatic;
				CURRENT_PROJECT_VERSION = 1;
				GENERATE_INFOPLIST_FILE = YES;
				INFOPLIST_FILE = "iOS (App)/Info.plist";
				INFOPLIST_KEY_CFBundleDisplayName = URLQRCodePrinter;
				INFOPLIST_KEY_UIApplicationSupportsIndirectInputEvents = YES;
				INFOPLIST_KEY_UILaunchStoryboardName = LaunchScreen;
				INFOPLIST_KEY_UIMainStoryboardFile = Main;
				INFOPLIST_KEY_UISupportedInterfaceOrientations = "UIInterfaceOrientationPortrait UIInterfaceOrientationLandscapeLeft UIInterfaceOrientationLandscapeRight";
				INFOPLIST_KEY_UISupportedInterfaceOrientations_iPad = "UIInterfaceOrientationPortrait UIInterfaceOrientationPortraitUpsideDown UIInterfaceOrientationLandscapeLeft UIInterfaceOrientationLandscapeRight";
				IPHONEOS_DEPLOYMENT_TARGET = 16.4;
				LD_RUNPATH_SEARCH_PATHS = (
					"$(inherited)",
					"@executable_path/Frameworks",
				);
				MARKETING_VERSION = 1.0;
				OTHER_LDFLAGS = (
					"-framework",
					SafariServices,
					"-framework",
					WebKit,
				);
				PRODUCT_BUNDLE_IDENTIFIER = com.gael.urlqrcodeprinter;
				PRODUCT_NAME = URLQRCodePrinter;
				SDKROOT = iphoneos;
				STRING_CATALOG_GENERATE_SYMBOLS = YES;
				SWIFT_APPROACHABLE_CONCURRENCY = YES;
				SWIFT_DEFAULT_ACTOR_ISOLATION = MainActor;
				SWIFT_EMIT_LOC_STRINGS = YES;
				SWIFT_UPCOMING_FEATURE_MEMBER_IMPORT_VISIBILITY = YES;
				SWIFT_VERSION = 5.0;
				TARGETED_DEVICE_FAMILY = "1,2";
			};
			name = Debug;
		};
		93B9157630596DFD00F341F9 /* Release */ = {
			isa = XCBuildConfiguration;
			buildSettings = {
				ASSETCATALOG_COMPILER_APPICON_NAME = AppIcon;
				ASSETCATALOG_COMPILER_GLOBAL_ACCENT_COLOR_NAME = AccentColor;
				CODE_SIGN_STYLE = Automatic;
				CURRENT_PROJECT_VERSION = 1;
				GENERATE_INFOPLIST_FILE = YES;
				INFOPLIST_FILE = "iOS (App)/Info.plist";
				INFOPLIST_KEY_CFBundleDisplayName = URLQRCodePrinter;
				INFOPLIST_KEY_UIApplicationSupportsIndirectInputEvents = YES;
				INFOPLIST_KEY_UILaunchStoryboardName = LaunchScreen;
				INFOPLIST_KEY_UIMainStoryboardFile = Main;
				INFOPLIST_KEY_UISupportedInterfaceOrientations = "UIInterfaceOrientationPortrait UIInterfaceOrientationLandscapeLeft UIInterfaceOrientationLandscapeRight";
				INFOPLIST_KEY_UISupportedInterfaceOrientations_iPad = "UIInterfaceOrientationPortrait UIInterfaceOrientationPortraitUpsideDown UIInterfaceOrientationLandscapeLeft UIInterfaceOrientationLandscapeRight";
				IPHONEOS_DEPLOYMENT_TARGET = 16.4;
				LD_RUNPATH_SEARCH_PATHS = (
					"$(inherited)",
					"@executable_path/Frameworks",
				);
				MARKETING_VERSION = 1.0;
				OTHER_LDFLAGS = (
					"-framework",
					SafariServices,
					"-framework",
					WebKit,
				);
				PRODUCT_BUNDLE_IDENTIFIER = com.gael.urlqrcodeprinter;
				PRODUCT_NAME = URLQRCodePrinter;
				SDKROOT = iphoneos;
				STRING_CATALOG_GENERATE_SYMBOLS = YES;
				SWIFT_APPROACHABLE_CONCURRENCY = YES;
				SWIFT_DEFAULT_ACTOR_ISOLATION = MainActor;
				SWIFT_EMIT_LOC_STRINGS = YES;
				SWIFT_UPCOMING_FEATURE_MEMBER_IMPORT_VISIBILITY = YES;
				SWIFT_VERSION = 5.0;
				TARGETED_DEVICE_FAMILY = "1,2";
				VALIDATE_PRODUCT = YES;
			};
			name = Release;
		};
		93B9157830596DFD00F341F9 /* Debug */ = {
			isa = XCBuildConfiguration;
			buildSettings = {
				CODE_SIGN_STYLE = Automatic;
				CURRENT_PROJECT_VERSION = 1;
				ENABLE_APP_SANDBOX = YES;
				ENABLE_HARDENED_RUNTIME = YES;
				ENABLE_USER_SELECTED_FILES = readonly;
				GENERATE_INFOPLIST_FILE = YES;
				INFOPLIST_FILE = "macOS (Extension)/Info.plist";
				INFOPLIST_KEY_CFBundleDisplayName = "URLQRCodePrinter Extension";
				INFOPLIST_KEY_NSHumanReadableCopyright = "";
				LD_RUNPATH_SEARCH_PATHS = (
					"$(inherited)",
					"@executable_path/../Frameworks",
					"@executable_path/../../../../Frameworks",
				);
				MACOSX_DEPLOYMENT_TARGET = 13.3;
				MARKETING_VERSION = 1.0;
				OTHER_LDFLAGS = (
					"-framework",
					SafariServices,
				);
				PRODUCT_BUNDLE_IDENTIFIER = com.gael.urlqrcodeprinter.Extension;
				PRODUCT_NAME = "URLQRCodePrinter Extension";
				SDKROOT = macosx;
				SKIP_INSTALL = YES;
				STRING_CATALOG_GENERATE_SYMBOLS = YES;
				SWIFT_APPROACHABLE_CONCURRENCY = YES;
				SWIFT_EMIT_LOC_STRINGS = YES;
				SWIFT_UPCOMING_FEATURE_MEMBER_IMPORT_VISIBILITY = YES;
				SWIFT_VERSION = 5.0;
			};
			name = Debug;
		};
		93B9157930596DFD00F341F9 /* Release */ = {
			isa = XCBuildConfiguration;
			buildSettings = {
				CODE_SIGN_STYLE = Automatic;
				CURRENT_PROJECT_VERSION = 1;
				ENABLE_APP_SANDBOX = YES;
				ENABLE_HARDENED_RUNTIME = YES;
				ENABLE_USER_SELECTED_FILES = readonly;
				GENERATE_INFOPLIST_FILE = YES;
				INFOPLIST_FILE = "macOS (Extension)/Info.plist";
				INFOPLIST_KEY_CFBundleDisplayName = "URLQRCodePrinter Extension";
				INFOPLIST_KEY_NSHumanReadableCopyright = "";
				LD_RUNPATH_SEARCH_PATHS = (
					"$(inherited)",
					"@executable_path/../Frameworks",
					"@executable_path/../../../../Frameworks",
				);
				MACOSX_DEPLOYMENT_TARGET = 13.3;
				MARKETING_VERSION = 1.0;
				OTHER_LDFLAGS = (
					"-framework",
					SafariServices,
				);
				PRODUCT_BUNDLE_IDENTIFIER = com.gael.urlqrcodeprinter.Extension;
				PRODUCT_NAME = "URLQRCodePrinter Extension";
				SDKROOT = macosx;
				SKIP_INSTALL = YES;
				STRING_CATALOG_GENERATE_SYMBOLS = YES;
				SWIFT_APPROACHABLE_CONCURRENCY = YES;
				SWIFT_EMIT_LOC_STRINGS = YES;
				SWIFT_UPCOMING_FEATURE_MEMBER_IMPORT_VISIBILITY = YES;
				SWIFT_VERSION = 5.0;
			};
			name = Release;
		};
		93B9157C30596DFD00F341F9 /* Debug */ = {
			isa = XCBuildConfiguration;
			buildSettings = {
				ASSETCATALOG_COMPILER_APPICON_NAME = AppIcon;
				ASSETCATALOG_COMPILER_GLOBAL_ACCENT_COLOR_NAME = AccentColor;
				CODE_SIGN_STYLE = Automatic;
				CURRENT_PROJECT_VERSION = 1;
				ENABLE_APP_SANDBOX = YES;
				ENABLE_HARDENED_RUNTIME = YES;
				ENABLE_OUTGOING_NETWORK_CONNECTIONS = YES;
				ENABLE_USER_SELECTED_FILES = readonly;
				GENERATE_INFOPLIST_FILE = YES;
				INFOPLIST_FILE = "macOS (App)/Info.plist";
				INFOPLIST_KEY_CFBundleDisplayName = URLQRCodePrinter;
				INFOPLIST_KEY_NSMainStoryboardFile = Main;
				INFOPLIST_KEY_NSPrincipalClass = NSApplication;
				LD_RUNPATH_SEARCH_PATHS = (
					"$(inherited)",
					"@executable_path/../Frameworks",
				);
				MACOSX_DEPLOYMENT_TARGET = 13.3;
				MARKETING_VERSION = 1.0;
				OTHER_LDFLAGS = (
					"-framework",
					SafariServices,
					"-framework",
					WebKit,
				);
				PRODUCT_BUNDLE_IDENTIFIER = com.gael.urlqrcodeprinter;
				PRODUCT_NAME = URLQRCodePrinter;
				REGISTER_APP_GROUPS = YES;
				SDKROOT = macosx;
				STRING_CATALOG_GENERATE_SYMBOLS = YES;
				SWIFT_APPROACHABLE_CONCURRENCY = YES;
				SWIFT_DEFAULT_ACTOR_ISOLATION = MainActor;
				SWIFT_EMIT_LOC_STRINGS = YES;
				SWIFT_UPCOMING_FEATURE_MEMBER_IMPORT_VISIBILITY = YES;
				SWIFT_VERSION = 5.0;
			};
			name = Debug;
		};
		93B9157D30596DFD00F341F9 /* Release */ = {
			isa = XCBuildConfiguration;
			buildSettings = {
				ASSETCATALOG_COMPILER_APPICON_NAME = AppIcon;
				ASSETCATALOG_COMPILER_GLOBAL_ACCENT_COLOR_NAME = AccentColor;
				CODE_SIGN_STYLE = Automatic;
				CURRENT_PROJECT_VERSION = 1;
				ENABLE_APP_SANDBOX = YES;
				ENABLE_HARDENED_RUNTIME = YES;
				ENABLE_OUTGOING_NETWORK_CONNECTIONS = YES;
				ENABLE_USER_SELECTED_FILES = readonly;
				GENERATE_INFOPLIST_FILE = YES;
				INFOPLIST_FILE = "macOS (App)/Info.plist";
				INFOPLIST_KEY_CFBundleDisplayName = URLQRCodePrinter;
				INFOPLIST_KEY_NSMainStoryboardFile = Main;
				INFOPLIST_KEY_NSPrincipalClass = NSApplication;
				LD_RUNPATH_SEARCH_PATHS = (
					"$(inherited)",
					"@executable_path/../Frameworks",
				);
				MACOSX_DEPLOYMENT_TARGET = 13.3;
				MARKETING_VERSION = 1.0;
				OTHER_LDFLAGS = (
					"-framework",
					SafariServices,
					"-framework",
					WebKit,
				);
				PRODUCT_BUNDLE_IDENTIFIER = com.gael.urlqrcodeprinter;
				PRODUCT_NAME = URLQRCodePrinter;
				REGISTER_APP_GROUPS = YES;
				SDKROOT = macosx;
				STRING_CATALOG_GENERATE_SYMBOLS = YES;
				SWIFT_APPROACHABLE_CONCURRENCY = YES;
				SWIFT_DEFAULT_ACTOR_ISOLATION = MainActor;
				SWIFT_EMIT_LOC_STRINGS = YES;
				SWIFT_UPCOMING_FEATURE_MEMBER_IMPORT_VISIBILITY = YES;
				SWIFT_VERSION = 5.0;
			};
			name = Release;
		};
/* End XCBuildConfiguration section */

/* Begin XCConfigurationList section */
		93B9152230596DFA00F341F9 /* Build configuration list for PBXProject "URLQRCodePrinter" */ = {
			isa = XCConfigurationList;
			buildConfigurations = (
				93B9156E30596DFD00F341F9 /* Debug */,
				93B9156F30596DFD00F341F9 /* Release */,
			);
			defaultConfigurationIsVisible = 0;
			defaultConfigurationName = Release;
		};
		93B9157030596DFD00F341F9 /* Build configuration list for PBXNativeTarget "URLQRCodePrinter Extension (iOS)" */ = {
			isa = XCConfigurationList;
			buildConfigurations = (
				93B9157130596DFD00F341F9 /* Debug */,
				93B9157230596DFD00F341F9 /* Release */,
			);
			defaultConfigurationIsVisible = 0;
			defaultConfigurationName = Release;
		};
		93B9157430596DFD00F341F9 /* Build configuration list for PBXNativeTarget "URLQRCodePrinter (iOS)" */ = {
			isa = XCConfigurationList;
			buildConfigurations = (
				93B9157530596DFD00F341F9 /* Debug */,
				93B9157630596DFD00F341F9 /* Release */,
			);
			defaultConfigurationIsVisible = 0;
			defaultConfigurationName = Release;
		};
		93B9157730596DFD00F341F9 /* Build configuration list for PBXNativeTarget "URLQRCodePrinter Extension (macOS)" */ = {
			isa = XCConfigurationList;
			buildConfigurations = (
				93B9157830596DFD00F341F9 /* Debug */,
				93B9157930596DFD00F341F9 /* Release */,
			);
			defaultConfigurationIsVisible = 0;
			defaultConfigurationName = Release;
		};
		93B9157B30596DFD00F341F9 /* Build configuration list for PBXNativeTarget "URLQRCodePrinter (macOS)" */ = {
			isa = XCConfigurationList;
			buildConfigurations = (
				93B9157C30596DFD00F341F9 /* Debug */,
				93B9157D30596DFD00F341F9 /* Release */,
			);
			defaultConfigurationIsVisible = 0;
			defaultConfigurationName = Release;
		};
/* End XCConfigurationList section */
	};
	rootObject = 93B9151F30596DFA00F341F9 /* Project object */;
}
