// !$*UTF8*$!
{
	archiveVersion = 1;
	classes = {
	};
	objectVersion = 77;
	objects = {

/* Begin PBXBuildFile section */
		938C7DA63059720800E2EEA9 /* AppDelegate.swift in Sources */ = {isa = PBXBuildFile; fileRef = 938C7DA53059720800E2EEA9 /* AppDelegate.swift */; };
		938C7DA83059720800E2EEA9 /* SceneDelegate.swift in Sources */ = {isa = PBXBuildFile; fileRef = 938C7DA73059720800E2EEA9 /* SceneDelegate.swift */; };
		938C7DAB3059720800E2EEA9 /* LaunchScreen.storyboard in Resources */ = {isa = PBXBuildFile; fileRef = 938C7DA93059720800E2EEA9 /* LaunchScreen.storyboard */; };
		938C7DAE3059720800E2EEA9 /* Main.storyboard in Resources */ = {isa = PBXBuildFile; fileRef = 938C7DAC3059720800E2EEA9 /* Main.storyboard */; };
		938C7DB73059720800E2EEA9 /* AppDelegate.swift in Sources */ = {isa = PBXBuildFile; fileRef = 938C7DB63059720800E2EEA9 /* AppDelegate.swift */; };
		938C7DBA3059720800E2EEA9 /* Main.storyboard in Resources */ = {isa = PBXBuildFile; fileRef = 938C7DB83059720800E2EEA9 /* Main.storyboard */; };
		938C7DC13059720800E2EEA9 /* URLQRCodePrinter Extension.appex in Embed Foundation Extensions */ = {isa = PBXBuildFile; fileRef = 938C7DC03059720800E2EEA9 /* URLQRCodePrinter Extension.appex */; settings = {ATTRIBUTES = (RemoveHeadersOnCopy, ); }; };
		938C7DCB3059720800E2EEA9 /* URLQRCodePrinter Extension.appex in Embed Foundation Extensions */ = {isa = PBXBuildFile; fileRef = 938C7DCA3059720800E2EEA9 /* URLQRCodePrinter Extension.appex */; settings = {ATTRIBUTES = (RemoveHeadersOnCopy, ); }; };
		938C7DD03059720800E2EEA9 /* Main.html in Resources */ = {isa = PBXBuildFile; fileRef = 938C7D953059720500E2EEA9 /* Main.html */; };
		938C7DD13059720800E2EEA9 /* Main.html in Resources */ = {isa = PBXBuildFile; fileRef = 938C7D953059720500E2EEA9 /* Main.html */; };
		938C7DD23059720800E2EEA9 /* Icon.png in Resources */ = {isa = PBXBuildFile; fileRef = 938C7D973059720500E2EEA9 /* Icon.png */; };
		938C7DD33059720800E2EEA9 /* Icon.png in Resources */ = {isa = PBXBuildFile; fileRef = 938C7D973059720500E2EEA9 /* Icon.png */; };
		938C7DD43059720800E2EEA9 /* Style.css in Resources */ = {isa = PBXBuildFile; fileRef = 938C7D983059720500E2EEA9 /* Style.css */; };
		938C7DD53059720800E2EEA9 /* Style.css in Resources */ = {isa = PBXBuildFile; fileRef = 938C7D983059720500E2EEA9 /* Style.css */; };
		938C7DD63059720800E2EEA9 /* Script.js in Resources */ = {isa = PBXBuildFile; fileRef = 938C7D993059720500E2EEA9 /* Script.js */; };
		938C7DD73059720800E2EEA9 /* Script.js in Resources */ = {isa = PBXBuildFile; fileRef = 938C7D993059720500E2EEA9 /* Script.js */; };
		938C7DD83059720800E2EEA9 /* ViewController.swift in Sources */ = {isa = PBXBuildFile; fileRef = 938C7D9A3059720500E2EEA9 /* ViewController.swift */; };
		938C7DD93059720800E2EEA9 /* ViewController.swift in Sources */ = {isa = PBXBuildFile; fileRef = 938C7D9A3059720500E2EEA9 /* ViewController.swift */; };
		938C7DDA3059720800E2EEA9 /* Assets.xcassets in Resources */ = {isa = PBXBuildFile; fileRef = 938C7D9B3059720800E2EEA9 /* Assets.xcassets */; };
		938C7DDB3059720800E2EEA9 /* Assets.xcassets in Resources */ = {isa = PBXBuildFile; fileRef = 938C7D9B3059720800E2EEA9 /* Assets.xcassets */; };
		938C7DDC3059720800E2EEA9 /* SafariWebExtensionHandler.swift in Sources */ = {isa = PBXBuildFile; fileRef = 938C7D9D3059720800E2EEA9 /* SafariWebExtensionHandler.swift */; };
		938C7DDD3059720800E2EEA9 /* SafariWebExtensionHandler.swift in Sources */ = {isa = PBXBuildFile; fileRef = 938C7D9D3059720800E2EEA9 /* SafariWebExtensionHandler.swift */; };
		938C7DF53059720900E2EEA9 /* popup.js in Resources */ = {isa = PBXBuildFile; fileRef = 938C7DEF3059720900E2EEA9 /* popup.js */; };
		938C7DF63059720900E2EEA9 /* background.js in Resources */ = {isa = PBXBuildFile; fileRef = 938C7DF03059720900E2EEA9 /* background.js */; };
		938C7DF73059720900E2EEA9 /* popup.html in Resources */ = {isa = PBXBuildFile; fileRef = 938C7DF13059720900E2EEA9 /* popup.html */; };
		938C7DF83059720900E2EEA9 /* icons in Resources */ = {isa = PBXBuildFile; fileRef = 938C7DF23059720900E2EEA9 /* icons */; };
		938C7DF93059720900E2EEA9 /* manifest.json in Resources */ = {isa = PBXBuildFile; fileRef = 938C7DF33059720900E2EEA9 /* manifest.json */; };
		938C7DFA3059720900E2EEA9 /* popup.css in Resources */ = {isa = PBXBuildFile; fileRef = 938C7DF43059720900E2EEA9 /* popup.css */; };
		938C7DFB3059720900E2EEA9 /* popup.js in Resources */ = {isa = PBXBuildFile; fileRef = 938C7DEF3059720900E2EEA9 /* popup.js */; };
		938C7DFC3059720900E2EEA9 /* background.js in Resources */ = {isa = PBXBuildFile; fileRef = 938C7DF03059720900E2EEA9 /* background.js */; };
		938C7DFD3059720900E2EEA9 /* popup.html in Resources */ = {isa = PBXBuildFile; fileRef = 938C7DF13059720900E2EEA9 /* popup.html */; };
		938C7DFE3059720900E2EEA9 /* icons in Resources */ = {isa = PBXBuildFile; fileRef = 938C7DF23059720900E2EEA9 /* icons */; };
		938C7DFF3059720900E2EEA9 /* manifest.json in Resources */ = {isa = PBXBuildFile; fileRef = 938C7DF33059720900E2EEA9 /* manifest.json */; };
		938C7E003059720900E2EEA9 /* popup.css in Resources */ = {isa = PBXBuildFile; fileRef = 938C7DF43059720900E2EEA9 /* popup.css */; };
/* End PBXBuildFile section */

/* Begin PBXContainerItemProxy section */
		938C7DC23059720800E2EEA9 /* PBXContainerItemProxy */ = {
			isa = PBXContainerItemProxy;
			containerPortal = 938C7D8F3059720400E2EEA9 /* Project object */;
			proxyType = 1;
			remoteGlobalIDString = 938C7DBF3059720800E2EEA9;
			remoteInfo = "URLQRCodePrinter Extension (iOS)";
		};
		938C7DCC3059720800E2EEA9 /* PBXContainerItemProxy */ = {
			isa = PBXContainerItemProxy;
			containerPortal = 938C7D8F3059720400E2EEA9 /* Project object */;
			proxyType = 1;
			remoteGlobalIDString = 938C7DC93059720800E2EEA9;
			remoteInfo = "URLQRCodePrinter Extension (macOS)";
		};
/* End PBXContainerItemProxy section */

/* Begin PBXCopyFilesBuildPhase section */
		938C7DE33059720800E2EEA9 /* Embed Foundation Extensions */ = {
			isa = PBXCopyFilesBuildPhase;
			buildActionMask = 2147483647;
			dstPath = "";
			dstSubfolderSpec = 13;
			files = (
				938C7DC13059720800E2EEA9 /* URLQRCodePrinter Extension.appex in Embed Foundation Extensions */,
			);
			name = "Embed Foundation Extensions";
			runOnlyForDeploymentPostprocessing = 0;
		};
		938C7DEA3059720800E2EEA9 /* Embed Foundation Extensions */ = {
			isa = PBXCopyFilesBuildPhase;
			buildActionMask = 2147483647;
			dstPath = "";
			dstSubfolderSpec = 13;
			files = (
				938C7DCB3059720800E2EEA9 /* URLQRCodePrinter Extension.appex in Embed Foundation Extensions */,
			);
			name = "Embed Foundation Extensions";
			runOnlyForDeploymentPostprocessing = 0;
		};
/* End PBXCopyFilesBuildPhase section */

/* Begin PBXFileReference section */
		938C7D963059720500E2EEA9 /* Base */ = {isa = PBXFileReference; lastKnownFileType = text.html; name = Base; path = Base.lproj/Main.html; sourceTree = "<group>"; };
		938C7D973059720500E2EEA9 /* Icon.png */ = {isa = PBXFileReference; lastKnownFileType = image.png; path = Icon.png; sourceTree = "<group>"; };
		938C7D983059720500E2EEA9 /* Style.css */ = {isa = PBXFileReference; lastKnownFileType = text.css; path = Style.css; sourceTree = "<group>"; };
		938C7D993059720500E2EEA9 /* Script.js */ = {isa = PBXFileReference; lastKnownFileType = sourcecode.javascript; path = Script.js; sourceTree = "<group>"; };
		938C7D9A3059720500E2EEA9 /* ViewController.swift */ = {isa = PBXFileReference; lastKnownFileType = sourcecode.swift; path = ViewController.swift; sourceTree = "<group>"; };
		938C7D9B3059720800E2EEA9 /* Assets.xcassets */ = {isa = PBXFileReference; lastKnownFileType = folder.assetcatalog; path = Assets.xcassets; sourceTree = "<group>"; };
		938C7D9D3059720800E2EEA9 /* SafariWebExtensionHandler.swift */ = {isa = PBXFileReference; lastKnownFileType = sourcecode.swift; path = SafariWebExtensionHandler.swift; sourceTree = "<group>"; };
		938C7DA23059720800E2EEA9 /* URLQRCodePrinter.app */ = {isa = PBXFileReference; explicitFileType = wrapper.application; includeInIndex = 0; path = URLQRCodePrinter.app; sourceTree = BUILT_PRODUCTS_DIR; };
		938C7DA53059720800E2EEA9 /* AppDelegate.swift */ = {isa = PBXFileReference; lastKnownFileType = sourcecode.swift; path = AppDelegate.swift; sourceTree = "<group>"; };
		938C7DA73059720800E2EEA9 /* SceneDelegate.swift */ = {isa = PBXFileReference; lastKnownFileType = sourcecode.swift; path = SceneDelegate.swift; sourceTree = "<group>"; };
		938C7DAA3059720800E2EEA9 /* Base */ = {isa = PBXFileReference; lastKnownFileType = file.storyboard; name = Base; path = Base.lproj/LaunchScreen.storyboard; sourceTree = "<group>"; };
		938C7DAD3059720800E2EEA9 /* Base */ = {isa = PBXFileReference; lastKnownFileType = file.storyboard; name = Base; path = Base.lproj/Main.storyboard; sourceTree = "<group>"; };
		938C7DAF3059720800E2EEA9 /* Info.plist */ = {isa = PBXFileReference; lastKnownFileType = text.plist.xml; path = Info.plist; sourceTree = "<group>"; };
		938C7DB43059720800E2EEA9 /* URLQRCodePrinter.app */ = {isa = PBXFileReference; explicitFileType = wrapper.application; includeInIndex = 0; path = URLQRCodePrinter.app; sourceTree = BUILT_PRODUCTS_DIR; };
		938C7DB63059720800E2EEA9 /* AppDelegate.swift */ = {isa = PBXFileReference; lastKnownFileType = sourcecode.swift; path = AppDelegate.swift; sourceTree = "<group>"; };
		938C7DB93059720800E2EEA9 /* Base */ = {isa = PBXFileReference; lastKnownFileType = file.storyboard; name = Base; path = Base.lproj/Main.storyboard; sourceTree = "<group>"; };
		938C7DBB3059720800E2EEA9 /* Info.plist */ = {isa = PBXFileReference; lastKnownFileType = text.plist.xml; path = Info.plist; sourceTree = "<group>"; };
		938C7DC03059720800E2EEA9 /* URLQRCodePrinter Extension.appex */ = {isa = PBXFileReference; explicitFileType = "wrapper.app-extension"; includeInIndex = 0; path = "URLQRCodePrinter Extension.appex"; sourceTree = BUILT_PRODUCTS_DIR; };
		938C7DC53059720800E2EEA9 /* Info.plist */ = {isa = PBXFileReference; lastKnownFileType = text.plist.xml; path = Info.plist; sourceTree = "<group>"; };
		938C7DCA3059720800E2EEA9 /* URLQRCodePrinter Extension.appex */ = {isa = PBXFileReference; explicitFileType = "wrapper.app-extension"; includeInIndex = 0; path = "URLQRCodePrinter Extension.appex"; sourceTree = BUILT_PRODUCTS_DIR; };
		938C7DCF3059720800E2EEA9 /* Info.plist */ = {isa = PBXFileReference; lastKnownFileType = text.plist.xml; path = Info.plist; sourceTree = "<group>"; };
		938C7DEF3059720900E2EEA9 /* popup.js */ = {isa = PBXFileReference; lastKnownFileType = sourcecode.javascript; name = popup.js; path = Resources/popup.js; sourceTree = "<group>"; };
		938C7DF03059720900E2EEA9 /* background.js */ = {isa = PBXFileReference; lastKnownFileType = sourcecode.javascript; name = background.js; path = Resources/background.js; sourceTree = "<group>"; };
		938C7DF13059720900E2EEA9 /* popup.html */ = {isa = PBXFileReference; lastKnownFileType = text.html; name = popup.html; path = Resources/popup.html; sourceTree = "<group>"; };
		938C7DF23059720900E2EEA9 /* icons */ = {isa = PBXFileReference; lastKnownFileType = folder; name = icons; path = Resources/icons; sourceTree = "<group>"; };
		938C7DF33059720900E2EEA9 /* manifest.json */ = {isa = PBXFileReference; lastKnownFileType = text.json; name = manifest.json; path = Resources/manifest.json; sourceTree = "<group>"; };
		938C7DF43059720900E2EEA9 /* popup.css */ = {isa = PBXFileReference; lastKnownFileType = text.css; name = popup.css; path = Resources/popup.css; sourceTree = "<group>"; };
/* End PBXFileReference section */

/* Begin PBXFrameworksBuildPhase section */
		938C7D9F3059720800E2EEA9 /* Frameworks */ = {
			isa = PBXFrameworksBuildPhase;
			buildActionMask = 2147483647;
			files = (
			);
			runOnlyForDeploymentPostprocessing = 0;
		};
		938C7DB13059720800E2EEA9 /* Frameworks */ = {
			isa = PBXFrameworksBuildPhase;
			buildActionMask = 2147483647;
			files = (
			);
			runOnlyForDeploymentPostprocessing = 0;
		};
		938C7DBD3059720800E2EEA9 /* Frameworks */ = {
			isa = PBXFrameworksBuildPhase;
			buildActionMask = 2147483647;
			files = (
			);
			runOnlyForDeploymentPostprocessing = 0;
		};
		938C7DC73059720800E2EEA9 /* Frameworks */ = {
			isa = PBXFrameworksBuildPhase;
			buildActionMask = 2147483647;
			files = (
			);
			runOnlyForDeploymentPostprocessing = 0;
		};
/* End PBXFrameworksBuildPhase section */

/* Begin PBXGroup section */
		938C7D8E3059720400E2EEA9 = {
			isa = PBXGroup;
			children = (
				938C7D933059720500E2EEA9 /* Shared (App) */,
				938C7D9C3059720800E2EEA9 /* Shared (Extension) */,
				938C7DA43059720800E2EEA9 /* iOS (App) */,
				938C7DB53059720800E2EEA9 /* macOS (App) */,
				938C7DC43059720800E2EEA9 /* iOS (Extension) */,
				938C7DCE3059720800E2EEA9 /* macOS (Extension) */,
				938C7DA33059720800E2EEA9 /* Products */,
			);
			sourceTree = "<group>";
		};
		938C7D933059720500E2EEA9 /* Shared (App) */ = {
			isa = PBXGroup;
			children = (
				938C7D9A3059720500E2EEA9 /* ViewController.swift */,
				938C7D9B3059720800E2EEA9 /* Assets.xcassets */,
				938C7D943059720500E2EEA9 /* Resources */,
			);
			path = "Shared (App)";
			sourceTree = "<group>";
		};
		938C7D943059720500E2EEA9 /* Resources */ = {
			isa = PBXGroup;
			children = (
				938C7D953059720500E2EEA9 /* Main.html */,
				938C7D973059720500E2EEA9 /* Icon.png */,
				938C7D983059720500E2EEA9 /* Style.css */,
				938C7D993059720500E2EEA9 /* Script.js */,
			);
			path = Resources;
			sourceTree = "<group>";
		};
		938C7D9C3059720800E2EEA9 /* Shared (Extension) */ = {
			isa = PBXGroup;
			children = (
				938C7DEE3059720900E2EEA9 /* Resources */,
				938C7D9D3059720800E2EEA9 /* SafariWebExtensionHandler.swift */,
			);
			path = "Shared (Extension)";
			sourceTree = "<group>";
		};
		938C7DA33059720800E2EEA9 /* Products */ = {
			isa = PBXGroup;
			children = (
				938C7DA23059720800E2EEA9 /* URLQRCodePrinter.app */,
				938C7DB43059720800E2EEA9 /* URLQRCodePrinter.app */,
				938C7DC03059720800E2EEA9 /* URLQRCodePrinter Extension.appex */,
				938C7DCA3059720800E2EEA9 /* URLQRCodePrinter Extension.appex */,
			);
			name = Products;
			sourceTree = "<group>";
		};
		938C7DA43059720800E2EEA9 /* iOS (App) */ = {
			isa = PBXGroup;
			children = (
				938C7DA53059720800E2EEA9 /* AppDelegate.swift */,
				938C7DA73059720800E2EEA9 /* SceneDelegate.swift */,
				938C7DA93059720800E2EEA9 /* LaunchScreen.storyboard */,
				938C7DAC3059720800E2EEA9 /* Main.storyboard */,
				938C7DAF3059720800E2EEA9 /* Info.plist */,
			);
			path = "iOS (App)";
			sourceTree = "<group>";
		};
		938C7DB53059720800E2EEA9 /* macOS (App) */ = {
			isa = PBXGroup;
			children = (
				938C7DB63059720800E2EEA9 /* AppDelegate.swift */,
				938C7DB83059720800E2EEA9 /* Main.storyboard */,
				938C7DBB3059720800E2EEA9 /* Info.plist */,
			);
			path = "macOS (App)";
			sourceTree = "<group>";
		};
		938C7DC43059720800E2EEA9 /* iOS (Extension) */ = {
			isa = PBXGroup;
			children = (
				938C7DC53059720800E2EEA9 /* Info.plist */,
			);
			path = "iOS (Extension)";
			sourceTree = "<group>";
		};
		938C7DCE3059720800E2EEA9 /* macOS (Extension) */ = {
			isa = PBXGroup;
			children = (
				938C7DCF3059720800E2EEA9 /* Info.plist */,
			);
			path = "macOS (Extension)";
			sourceTree = "<group>";
		};
		938C7DEE3059720900E2EEA9 /* Resources */ = {
			isa = PBXGroup;
			children = (
				938C7DEF3059720900E2EEA9 /* popup.js */,
				938C7DF03059720900E2EEA9 /* background.js */,
				938C7DF13059720900E2EEA9 /* popup.html */,
				938C7DF23059720900E2EEA9 /* icons */,
				938C7DF33059720900E2EEA9 /* manifest.json */,
				938C7DF43059720900E2EEA9 /* popup.css */,
			);
			name = Resources;
			path = "Shared (Extension)";
			sourceTree = SOURCE_ROOT;
		};
/* End PBXGroup section */

/* Begin PBXNativeTarget section */
		938C7DA13059720800E2EEA9 /* URLQRCodePrinter (iOS) */ = {
			isa = PBXNativeTarget;
			buildConfigurationList = 938C7DE43059720800E2EEA9 /* Build configuration list for PBXNativeTarget "URLQRCodePrinter (iOS)" */;
			buildPhases = (
				938C7D9E3059720800E2EEA9 /* Sources */,
				938C7D9F3059720800E2EEA9 /* Frameworks */,
				938C7DA03059720800E2EEA9 /* Resources */,
				938C7DE33059720800E2EEA9 /* Embed Foundation Extensions */,
			);
			buildRules = (
			);
			dependencies = (
				938C7DC33059720800E2EEA9 /* PBXTargetDependency */,
			);
			name = "URLQRCodePrinter (iOS)";
			packageProductDependencies = (
			);
			productName = "URLQRCodePrinter (iOS)";
			productReference = 938C7DA23059720800E2EEA9 /* URLQRCodePrinter.app */;
			productType = "com.apple.product-type.application";
		};
		938C7DB33059720800E2EEA9 /* URLQRCodePrinter (macOS) */ = {
			isa = PBXNativeTarget;
			buildConfigurationList = 938C7DEB3059720800E2EEA9 /* Build configuration list for PBXNativeTarget "URLQRCodePrinter (macOS)" */;
			buildPhases = (
				938C7DB03059720800E2EEA9 /* Sources */,
				938C7DB13059720800E2EEA9 /* Frameworks */,
				938C7DB23059720800E2EEA9 /* Resources */,
				938C7DEA3059720800E2EEA9 /* Embed Foundation Extensions */,
			);
			buildRules = (
			);
			dependencies = (
				938C7DCD3059720800E2EEA9 /* PBXTargetDependency */,
			);
			name = "URLQRCodePrinter (macOS)";
			packageProductDependencies = (
			);
			productName = "URLQRCodePrinter (macOS)";
			productReference = 938C7DB43059720800E2EEA9 /* URLQRCodePrinter.app */;
			productType = "com.apple.product-type.application";
		};
		938C7DBF3059720800E2EEA9 /* URLQRCodePrinter Extension (iOS) */ = {
			isa = PBXNativeTarget;
			buildConfigurationList = 938C7DE03059720800E2EEA9 /* Build configuration list for PBXNativeTarget "URLQRCodePrinter Extension (iOS)" */;
			buildPhases = (
				938C7DBC3059720800E2EEA9 /* Sources */,
				938C7DBD3059720800E2EEA9 /* Frameworks */,
				938C7DBE3059720800E2EEA9 /* Resources */,
			);
			buildRules = (
			);
			dependencies = (
			);
			name = "URLQRCodePrinter Extension (iOS)";
			packageProductDependencies = (
			);
			productName = "URLQRCodePrinter Extension (iOS)";
			productReference = 938C7DC03059720800E2EEA9 /* URLQRCodePrinter Extension.appex */;
			productType = "com.apple.product-type.app-extension";
		};
		938C7DC93059720800E2EEA9 /* URLQRCodePrinter Extension (macOS) */ = {
			isa = PBXNativeTarget;
			buildConfigurationList = 938C7DE73059720800E2EEA9 /* Build configuration list for PBXNativeTarget "URLQRCodePrinter Extension (macOS)" */;
			buildPhases = (
				938C7DC63059720800E2EEA9 /* Sources */,
				938C7DC73059720800E2EEA9 /* Frameworks */,
				938C7DC83059720800E2EEA9 /* Resources */,
			);
			buildRules = (
			);
			dependencies = (
			);
			name = "URLQRCodePrinter Extension (macOS)";
			packageProductDependencies = (
			);
			productName = "URLQRCodePrinter Extension (macOS)";
			productReference = 938C7DCA3059720800E2EEA9 /* URLQRCodePrinter Extension.appex */;
			productType = "com.apple.product-type.app-extension";
		};
/* End PBXNativeTarget section */

/* Begin PBXProject section */
		938C7D8F3059720400E2EEA9 /* Project object */ = {
			isa = PBXProject;
			attributes = {
				BuildIndependentTargetsInParallel = 1;
				LastSwiftUpdateCheck = 2660;
				LastUpgradeCheck = 2660;
				TargetAttributes = {
					938C7DA13059720800E2EEA9 = {
						CreatedOnToolsVersion = 26.6;
					};
					938C7DB33059720800E2EEA9 = {
						CreatedOnToolsVersion = 26.6;
					};
					938C7DBF3059720800E2EEA9 = {
						CreatedOnToolsVersion = 26.6;
					};
					938C7DC93059720800E2EEA9 = {
						CreatedOnToolsVersion = 26.6;
					};
				};
			};
			buildConfigurationList = 938C7D923059720400E2EEA9 /* Build configuration list for PBXProject "URLQRCodePrinter" */;
			developmentRegion = en;
			hasScannedForEncodings = 0;
			knownRegions = (
				en,
				Base,
			);
			mainGroup = 938C7D8E3059720400E2EEA9;
			minimizedProjectReferenceProxies = 1;
			preferredProjectObjectVersion = 77;
			productRefGroup = 938C7DA33059720800E2EEA9 /* Products */;
			projectDirPath = "";
			projectRoot = "";
			targets = (
				938C7DA13059720800E2EEA9 /* URLQRCodePrinter (iOS) */,
				938C7DB33059720800E2EEA9 /* URLQRCodePrinter (macOS) */,
				938C7DBF3059720800E2EEA9 /* URLQRCodePrinter Extension (iOS) */,
				938C7DC93059720800E2EEA9 /* URLQRCodePrinter Extension (macOS) */,
			);
		};
/* End PBXProject section */

/* Begin PBXResourcesBuildPhase section */
		938C7DA03059720800E2EEA9 /* Resources */ = {
			isa = PBXResourcesBuildPhase;
			buildActionMask = 2147483647;
			files = (
				938C7DD23059720800E2EEA9 /* Icon.png in Resources */,
				938C7DAB3059720800E2EEA9 /* LaunchScreen.storyboard in Resources */,
				938C7DD03059720800E2EEA9 /* Main.html in Resources */,
				938C7DD63059720800E2EEA9 /* Script.js in Resources */,
				938C7DDA3059720800E2EEA9 /* Assets.xcassets in Resources */,
				938C7DAE3059720800E2EEA9 /* Main.storyboard in Resources */,
				938C7DD43059720800E2EEA9 /* Style.css in Resources */,
			);
			runOnlyForDeploymentPostprocessing = 0;
		};
		938C7DB23059720800E2EEA9 /* Resources */ = {
			isa = PBXResourcesBuildPhase;
			buildActionMask = 2147483647;
			files = (
				938C7DD33059720800E2EEA9 /* Icon.png in Resources */,
				938C7DD53059720800E2EEA9 /* Style.css in Resources */,
				938C7DBA3059720800E2EEA9 /* Main.storyboard in Resources */,
				938C7DD73059720800E2EEA9 /* Script.js in Resources */,
				938C7DDB3059720800E2EEA9 /* Assets.xcassets in Resources */,
				938C7DD13059720800E2EEA9 /* Main.html in Resources */,
			);
			runOnlyForDeploymentPostprocessing = 0;
		};
		938C7DBE3059720800E2EEA9 /* Resources */ = {
			isa = PBXResourcesBuildPhase;
			buildActionMask = 2147483647;
			files = (
				938C7DFC3059720900E2EEA9 /* background.js in Resources */,
				938C7DFE3059720900E2EEA9 /* icons in Resources */,
				938C7E003059720900E2EEA9 /* popup.css in Resources */,
				938C7DFF3059720900E2EEA9 /* manifest.json in Resources */,
				938C7DFD3059720900E2EEA9 /* popup.html in Resources */,
				938C7DFB3059720900E2EEA9 /* popup.js in Resources */,
			);
			runOnlyForDeploymentPostprocessing = 0;
		};
		938C7DC83059720800E2EEA9 /* Resources */ = {
			isa = PBXResourcesBuildPhase;
			buildActionMask = 2147483647;
			files = (
				938C7DF63059720900E2EEA9 /* background.js in Resources */,
				938C7DF83059720900E2EEA9 /* icons in Resources */,
				938C7DFA3059720900E2EEA9 /* popup.css in Resources */,
				938C7DF93059720900E2EEA9 /* manifest.json in Resources */,
				938C7DF73059720900E2EEA9 /* popup.html in Resources */,
				938C7DF53059720900E2EEA9 /* popup.js in Resources */,
			);
			runOnlyForDeploymentPostprocessing = 0;
		};
/* End PBXResourcesBuildPhase section */

/* Begin PBXSourcesBuildPhase section */
		938C7D9E3059720800E2EEA9 /* Sources */ = {
			isa = PBXSourcesBuildPhase;
			buildActionMask = 2147483647;
			files = (
				938C7DD83059720800E2EEA9 /* ViewController.swift in Sources */,
				938C7DA63059720800E2EEA9 /* AppDelegate.swift in Sources */,
				938C7DA83059720800E2EEA9 /* SceneDelegate.swift in Sources */,
			);
			runOnlyForDeploymentPostprocessing = 0;
		};
		938C7DB03059720800E2EEA9 /* Sources */ = {
			isa = PBXSourcesBuildPhase;
			buildActionMask = 2147483647;
			files = (
				938C7DD93059720800E2EEA9 /* ViewController.swift in Sources */,
				938C7DB73059720800E2EEA9 /* AppDelegate.swift in Sources */,
			);
			runOnlyForDeploymentPostprocessing = 0;
		};
		938C7DBC3059720800E2EEA9 /* Sources */ = {
			isa = PBXSourcesBuildPhase;
			buildActionMask = 2147483647;
			files = (
				938C7DDC3059720800E2EEA9 /* SafariWebExtensionHandler.swift in Sources */,
			);
			runOnlyForDeploymentPostprocessing = 0;
		};
		938C7DC63059720800E2EEA9 /* Sources */ = {
			isa = PBXSourcesBuildPhase;
			buildActionMask = 2147483647;
			files = (
				938C7DDD3059720800E2EEA9 /* SafariWebExtensionHandler.swift in Sources */,
			);
			runOnlyForDeploymentPostprocessing = 0;
		};
/* End PBXSourcesBuildPhase section */

/* Begin PBXTargetDependency section */
		938C7DC33059720800E2EEA9 /* PBXTargetDependency */ = {
			isa = PBXTargetDependency;
			target = 938C7DBF3059720800E2EEA9 /* URLQRCodePrinter Extension (iOS) */;
			targetProxy = 938C7DC23059720800E2EEA9 /* PBXContainerItemProxy */;
		};
		938C7DCD3059720800E2EEA9 /* PBXTargetDependency */ = {
			isa = PBXTargetDependency;
			target = 938C7DC93059720800E2EEA9 /* URLQRCodePrinter Extension (macOS) */;
			targetProxy = 938C7DCC3059720800E2EEA9 /* PBXContainerItemProxy */;
		};
/* End PBXTargetDependency section */

/* Begin PBXVariantGroup section */
		938C7D953059720500E2EEA9 /* Main.html */ = {
			isa = PBXVariantGroup;
			children = (
				938C7D963059720500E2EEA9 /* Base */,
			);
			name = Main.html;
			sourceTree = "<group>";
		};
		938C7DA93059720800E2EEA9 /* LaunchScreen.storyboard */ = {
			isa = PBXVariantGroup;
			children = (
				938C7DAA3059720800E2EEA9 /* Base */,
			);
			name = LaunchScreen.storyboard;
			sourceTree = "<group>";
		};
		938C7DAC3059720800E2EEA9 /* Main.storyboard */ = {
			isa = PBXVariantGroup;
			children = (
				938C7DAD3059720800E2EEA9 /* Base */,
			);
			name = Main.storyboard;
			sourceTree = "<group>";
		};
		938C7DB83059720800E2EEA9 /* Main.storyboard */ = {
			isa = PBXVariantGroup;
			children = (
				938C7DB93059720800E2EEA9 /* Base */,
			);
			name = Main.storyboard;
			sourceTree = "<group>";
		};
/* End PBXVariantGroup section */

/* Begin XCBuildConfiguration section */
		938C7DDE3059720800E2EEA9 /* Debug */ = {
			isa = XCBuildConfiguration;
			buildSettings = {
				ALWAYS_SEARCH_USER_PATHS = NO;
				ASSETCATALOG_COMPILER_GENERATE_SWIFT_ASSET_SYMBOL_EXTENSIONS = YES;
				CLANG_ANALYZER_NONNULL = YES;
				CLANG_ANALYZER_NUMBER_OBJECT_CONVERSION = YES_AGGRESSIVE;
				CLANG_CXX_LANGUAGE_STANDARD = "gnu++20";
				CLANG_ENABLE_MODULES = YES;
				CLANG_ENABLE_OBJC_ARC = YES;
				CLANG_ENABLE_OBJC_WEAK = YES;
				CLANG_WARN_BLOCK_CAPTURE_AUTORELEASING = YES;
				CLANG_WARN_BOOL_CONVERSION = YES;
				CLANG_WARN_COMMA = YES;
				CLANG_WARN_CONSTANT_CONVERSION = YES;
				CLANG_WARN_DEPRECATED_OBJC_IMPLEMENTATIONS = YES;
				CLANG_WARN_DIRECT_OBJC_ISA_USAGE = YES_ERROR;
				CLANG_WARN_DOCUMENTATION_COMMENTS = YES;
				CLANG_WARN_EMPTY_BODY = YES;
				CLANG_WARN_ENUM_CONVERSION = YES;
				CLANG_WARN_INFINITE_RECURSION = YES;
				CLANG_WARN_INT_CONVERSION = YES;
				CLANG_WARN_NON_LITERAL_NULL_CONVERSION = YES;
				CLANG_WARN_OBJC_IMPLICIT_RETAIN_SELF = YES;
				CLANG_WARN_OBJC_LITERAL_CONVERSION = YES;
				CLANG_WARN_OBJC_ROOT_CLASS = YES_ERROR;
				CLANG_WARN_QUOTED_INCLUDE_IN_FRAMEWORK_HEADER = YES;
				CLANG_WARN_RANGE_LOOP_ANALYSIS = YES;
				CLANG_WARN_STRICT_PROTOTYPES = YES;
				CLANG_WARN_SUSPICIOUS_MOVE = YES;
				CLANG_WARN_UNGUARDED_AVAILABILITY = YES_AGGRESSIVE;
				CLANG_WARN_UNREACHABLE_CODE = YES;
				CLANG_WARN__DUPLICATE_METHOD_MATCH = YES;
				COPY_PHASE_STRIP = NO;
				DEBUG_INFORMATION_FORMAT = dwarf;
				ENABLE_STRICT_OBJC_MSGSEND = YES;
				ENABLE_TESTABILITY = YES;
				ENABLE_USER_SCRIPT_SANDBOXING = YES;
				GCC_C_LANGUAGE_STANDARD = gnu17;
				GCC_DYNAMIC_NO_PIC = NO;
				GCC_NO_COMMON_BLOCKS = YES;
				GCC_OPTIMIZATION_LEVEL = 0;
				GCC_PREPROCESSOR_DEFINITIONS = (
					"DEBUG=1",
					"$(inherited)",
				);
				GCC_WARN_64_TO_32_BIT_CONVERSION = YES;
				GCC_WARN_ABOUT_RETURN_TYPE = YES_ERROR;
				GCC_WARN_UNDECLARED_SELECTOR = YES;
				GCC_WARN_UNINITIALIZED_AUTOS = YES_AGGRESSIVE;
				GCC_WARN_UNUSED_FUNCTION = YES;
				GCC_WARN_UNUSED_VARIABLE = YES;
				LOCALIZATION_PREFERS_STRING_CATALOGS = YES;
				MTL_ENABLE_DEBUG_INFO = INCLUDE_SOURCE;
				MTL_FAST_MATH = YES;
				ONLY_ACTIVE_ARCH = YES;
				SWIFT_ACTIVE_COMPILATION_CONDITIONS = "DEBUG $(inherited)";
				SWIFT_OPTIMIZATION_LEVEL = "-Onone";
			};
			name = Debug;
		};
		938C7DDF3059720800E2EEA9 /* Release */ = {
			isa = XCBuildConfiguration;
			buildSettings = {
				ALWAYS_SEARCH_USER_PATHS = NO;
				ASSETCATALOG_COMPILER_GENERATE_SWIFT_ASSET_SYMBOL_EXTENSIONS = YES;
				CLANG_ANALYZER_NONNULL = YES;
				CLANG_ANALYZER_NUMBER_OBJECT_CONVERSION = YES_AGGRESSIVE;
				CLANG_CXX_LANGUAGE_STANDARD = "gnu++20";
				CLANG_ENABLE_MODULES = YES;
				CLANG_ENABLE_OBJC_ARC = YES;
				CLANG_ENABLE_OBJC_WEAK = YES;
				CLANG_WARN_BLOCK_CAPTURE_AUTORELEASING = YES;
				CLANG_WARN_BOOL_CONVERSION = YES;
				CLANG_WARN_COMMA = YES;
				CLANG_WARN_CONSTANT_CONVERSION = YES;
				CLANG_WARN_DEPRECATED_OBJC_IMPLEMENTATIONS = YES;
				CLANG_WARN_DIRECT_OBJC_ISA_USAGE = YES_ERROR;
				CLANG_WARN_DOCUMENTATION_COMMENTS = YES;
				CLANG_WARN_EMPTY_BODY = YES;
				CLANG_WARN_ENUM_CONVERSION = YES;
				CLANG_WARN_INFINITE_RECURSION = YES;
				CLANG_WARN_INT_CONVERSION = YES;
				CLANG_WARN_NON_LITERAL_NULL_CONVERSION = YES;
				CLANG_WARN_OBJC_IMPLICIT_RETAIN_SELF = YES;
				CLANG_WARN_OBJC_LITERAL_CONVERSION = YES;
				CLANG_WARN_OBJC_ROOT_CLASS = YES_ERROR;
				CLANG_WARN_QUOTED_INCLUDE_IN_FRAMEWORK_HEADER = YES;
				CLANG_WARN_RANGE_LOOP_ANALYSIS = YES;
				CLANG_WARN_STRICT_PROTOTYPES = YES;
				CLANG_WARN_SUSPICIOUS_MOVE = YES;
				CLANG_WARN_UNGUARDED_AVAILABILITY = YES_AGGRESSIVE;
				CLANG_WARN_UNREACHABLE_CODE = YES;
				CLANG_WARN__DUPLICATE_METHOD_MATCH = YES;
				COPY_PHASE_STRIP = NO;
				DEBUG_INFORMATION_FORMAT = "dwarf-with-dsym";
				ENABLE_NS_ASSERTIONS = NO;
				ENABLE_STRICT_OBJC_MSGSEND = YES;
				ENABLE_USER_SCRIPT_SANDBOXING = YES;
				GCC_C_LANGUAGE_STANDARD = gnu17;
				GCC_NO_COMMON_BLOCKS = YES;
				GCC_WARN_64_TO_32_BIT_CONVERSION = YES;
				GCC_WARN_ABOUT_RETURN_TYPE = YES_ERROR;
				GCC_WARN_UNDECLARED_SELECTOR = YES;
				GCC_WARN_UNINITIALIZED_AUTOS = YES_AGGRESSIVE;
				GCC_WARN_UNUSED_FUNCTION = YES;
				GCC_WARN_UNUSED_VARIABLE = YES;
				LOCALIZATION_PREFERS_STRING_CATALOGS = YES;
				MTL_ENABLE_DEBUG_INFO = NO;
				MTL_FAST_MATH = YES;
				SWIFT_COMPILATION_MODE = wholemodule;
			};
			name = Release;
		};
		938C7DE13059720800E2EEA9 /* Debug */ = {
			isa = XCBuildConfiguration;
			buildSettings = {
				CODE_SIGN_STYLE = Automatic;
				CURRENT_PROJECT_VERSION = 1;
				GENERATE_INFOPLIST_FILE = YES;
				INFOPLIST_FILE = "iOS (Extension)/Info.plist";
				INFOPLIST_KEY_CFBundleDisplayName = "URLQRCodePrinter Extension";
				INFOPLIST_KEY_NSHumanReadableCopyright = "";
				IPHONEOS_DEPLOYMENT_TARGET = 16.4;
				LD_RUNPATH_SEARCH_PATHS = (
					"$(inherited)",
					"@executable_path/Frameworks",
					"@executable_path/../../Frameworks",
				);
				MARKETING_VERSION = 1.0;
				OTHER_LDFLAGS = (
					"-framework",
					SafariServices,
				);
				PRODUCT_BUNDLE_IDENTIFIER = com.gael.urlqrcodeprinter.Extension;
				PRODUCT_NAME = "URLQRCodePrinter Extension";
				SDKROOT = iphoneos;
				SKIP_INSTALL = YES;
				STRING_CATALOG_GENERATE_SYMBOLS = YES;
				SWIFT_APPROACHABLE_CONCURRENCY = YES;
				SWIFT_EMIT_LOC_STRINGS = YES;
				SWIFT_UPCOMING_FEATURE_MEMBER_IMPORT_VISIBILITY = YES;
				SWIFT_VERSION = 5.0;
				TARGETED_DEVICE_FAMILY = "1,2";
			};
			name = Debug;
		};
		938C7DE23059720800E2EEA9 /* Release */ = {
			isa = XCBuildConfiguration;
			buildSettings = {
				CODE_SIGN_STYLE = Automatic;
				CURRENT_PROJECT_VERSION = 1;
				GENERATE_INFOPLIST_FILE = YES;
				INFOPLIST_FILE = "iOS (Extension)/Info.plist";
				INFOPLIST_KEY_CFBundleDisplayName = "URLQRCodePrinter Extension";
				INFOPLIST_KEY_NSHumanReadableCopyright = "";
				IPHONEOS_DEPLOYMENT_TARGET = 16.4;
				LD_RUNPATH_SEARCH_PATHS = (
					"$(inherited)",
					"@executable_path/Frameworks",
					"@executable_path/../../Frameworks",
				);
				MARKETING_VERSION = 1.0;
				OTHER_LDFLAGS = (
					"-framework",
					SafariServices,
				);
				PRODUCT_BUNDLE_IDENTIFIER = com.gael.urlqrcodeprinter.Extension;
				PRODUCT_NAME = "URLQRCodePrinter Extension";
				SDKROOT = iphoneos;
				SKIP_INSTALL = YES;
				STRING_CATALOG_GENERATE_SYMBOLS = YES;
				SWIFT_APPROACHABLE_CONCURRENCY = YES;
				SWIFT_EMIT_LOC_STRINGS = YES;
				SWIFT_UPCOMING_FEATURE_MEMBER_IMPORT_VISIBILITY = YES;
				SWIFT_VERSION = 5.0;
				TARGETED_DEVICE_FAMILY = "1,2";
				VALIDATE_PRODUCT = YES;
			};
			name = Release;
		};
		938C7DE53059720800E2EEA9 /* Debug */ = {
			isa = XCBuildConfiguration;
			buildSettings = {
				ASSETCATALOG_COMPILER_APPICON_NAME = AppIcon;
				ASSETCATALOG_COMPILER_GLOBAL_ACCENT_COLOR_NAME = AccentColor;
				CODE_SIGN_STYLE = Automatic;
				CURRENT_PROJECT_VERSION = 1;
				GENERATE_INFOPLIST_FILE = YES;
				INFOPLIST_FILE = "iOS (App)/Info.plist";
				INFOPLIST_KEY_CFBundleDisplayName = URLQRCodePrinter;
				INFOPLIST_KEY_UIApplicationSupportsIndirectInputEvents = YES;
				INFOPLIST_KEY_UILaunchStoryboardName = LaunchScreen;
				INFOPLIST_KEY_UIMainStoryboardFile = Main;
				INFOPLIST_KEY_UISupportedInterfaceOrientations = "UIInterfaceOrientationPortrait UIInterfaceOrientationLandscapeLeft UIInterfaceOrientationLandscapeRight";
				INFOPLIST_KEY_UISupportedInterfaceOrientations_iPad = "UIInterfaceOrientationPortrait UIInterfaceOrientationPortraitUpsideDown UIInterfaceOrientationLandscapeLeft UIInterfaceOrientationLandscapeRight";
				IPHONEOS_DEPLOYMENT_TARGET = 16.4;
				LD_RUNPATH_SEARCH_PATHS = (
					"$(inherited)",
					"@executable_path/Frameworks",
				);
				MARKETING_VERSION = 1.0;
				OTHER_LDFLAGS = (
					"-framework",
					SafariServices,
					"-framework",
					WebKit,
				);
				PRODUCT_BUNDLE_IDENTIFIER = com.gael.urlqrcodeprinter;
				PRODUCT_NAME = URLQRCodePrinter;
				SDKROOT = iphoneos;
				STRING_CATALOG_GENERATE_SYMBOLS = YES;
				SWIFT_APPROACHABLE_CONCURRENCY = YES;
				SWIFT_DEFAULT_ACTOR_ISOLATION = MainActor;
				SWIFT_EMIT_LOC_STRINGS = YES;
				SWIFT_UPCOMING_FEATURE_MEMBER_IMPORT_VISIBILITY = YES;
				SWIFT_VERSION = 5.0;
				TARGETED_DEVICE_FAMILY = "1,2";
			};
			name = Debug;
		};
		938C7DE63059720800E2EEA9 /* Release */ = {
			isa = XCBuildConfiguration;
			buildSettings = {
				ASSETCATALOG_COMPILER_APPICON_NAME = AppIcon;
				ASSETCATALOG_COMPILER_GLOBAL_ACCENT_COLOR_NAME = AccentColor;
				CODE_SIGN_STYLE = Automatic;
				CURRENT_PROJECT_VERSION = 1;
				GENERATE_INFOPLIST_FILE = YES;
				INFOPLIST_FILE = "iOS (App)/Info.plist";
				INFOPLIST_KEY_CFBundleDisplayName = URLQRCodePrinter;
				INFOPLIST_KEY_UIApplicationSupportsIndirectInputEvents = YES;
				INFOPLIST_KEY_UILaunchStoryboardName = LaunchScreen;
				INFOPLIST_KEY_UIMainStoryboardFile = Main;
				INFOPLIST_KEY_UISupportedInterfaceOrientations = "UIInterfaceOrientationPortrait UIInterfaceOrientationLandscapeLeft UIInterfaceOrientationLandscapeRight";
				INFOPLIST_KEY_UISupportedInterfaceOrientations_iPad = "UIInterfaceOrientationPortrait UIInterfaceOrientationPortraitUpsideDown UIInterfaceOrientationLandscapeLeft UIInterfaceOrientationLandscapeRight";
				IPHONEOS_DEPLOYMENT_TARGET = 16.4;
				LD_RUNPATH_SEARCH_PATHS = (
					"$(inherited)",
					"@executable_path/Frameworks",
				);
				MARKETING_VERSION = 1.0;
				OTHER_LDFLAGS = (
					"-framework",
					SafariServices,
					"-framework",
					WebKit,
				);
				PRODUCT_BUNDLE_IDENTIFIER = com.gael.urlqrcodeprinter;
				PRODUCT_NAME = URLQRCodePrinter;
				SDKROOT = iphoneos;
				STRING_CATALOG_GENERATE_SYMBOLS = YES;
				SWIFT_APPROACHABLE_CONCURRENCY = YES;
				SWIFT_DEFAULT_ACTOR_ISOLATION = MainActor;
				SWIFT_EMIT_LOC_STRINGS = YES;
				SWIFT_UPCOMING_FEATURE_MEMBER_IMPORT_VISIBILITY = YES;
				SWIFT_VERSION = 5.0;
				TARGETED_DEVICE_FAMILY = "1,2";
				VALIDATE_PRODUCT = YES;
			};
			name = Release;
		};
		938C7DE83059720800E2EEA9 /* Debug */ = {
			isa = XCBuildConfiguration;
			buildSettings = {
				CODE_SIGN_STYLE = Automatic;
				CURRENT_PROJECT_VERSION = 1;
				ENABLE_APP_SANDBOX = YES;
				ENABLE_HARDENED_RUNTIME = YES;
				ENABLE_USER_SELECTED_FILES = readonly;
				GENERATE_INFOPLIST_FILE = YES;
				INFOPLIST_FILE = "macOS (Extension)/Info.plist";
				INFOPLIST_KEY_CFBundleDisplayName = "URLQRCodePrinter Extension";
				INFOPLIST_KEY_NSHumanReadableCopyright = "";
				LD_RUNPATH_SEARCH_PATHS = (
					"$(inherited)",
					"@executable_path/../Frameworks",
					"@executable_path/../../../../Frameworks",
				);
				MACOSX_DEPLOYMENT_TARGET = 13.3;
				MARKETING_VERSION = 1.0;
				OTHER_LDFLAGS = (
					"-framework",
					SafariServices,
				);
				PRODUCT_BUNDLE_IDENTIFIER = com.gael.urlqrcodeprinter.Extension;
				PRODUCT_NAME = "URLQRCodePrinter Extension";
				SDKROOT = macosx;
				SKIP_INSTALL = YES;
				STRING_CATALOG_GENERATE_SYMBOLS = YES;
				SWIFT_APPROACHABLE_CONCURRENCY = YES;
				SWIFT_EMIT_LOC_STRINGS = YES;
				SWIFT_UPCOMING_FEATURE_MEMBER_IMPORT_VISIBILITY = YES;
				SWIFT_VERSION = 5.0;
			};
			name = Debug;
		};
		938C7DE93059720800E2EEA9 /* Release */ = {
			isa = XCBuildConfiguration;
			buildSettings = {
				CODE_SIGN_STYLE = Automatic;
				CURRENT_PROJECT_VERSION = 1;
				ENABLE_APP_SANDBOX = YES;
				ENABLE_HARDENED_RUNTIME = YES;
				ENABLE_USER_SELECTED_FILES = readonly;
				GENERATE_INFOPLIST_FILE = YES;
				INFOPLIST_FILE = "macOS (Extension)/Info.plist";
				INFOPLIST_KEY_CFBundleDisplayName = "URLQRCodePrinter Extension";
				INFOPLIST_KEY_NSHumanReadableCopyright = "";
				LD_RUNPATH_SEARCH_PATHS = (
					"$(inherited)",
					"@executable_path/../Frameworks",
					"@executable_path/../../../../Frameworks",
				);
				MACOSX_DEPLOYMENT_TARGET = 13.3;
				MARKETING_VERSION = 1.0;
				OTHER_LDFLAGS = (
					"-framework",
					SafariServices,
				);
				PRODUCT_BUNDLE_IDENTIFIER = com.gael.urlqrcodeprinter.Extension;
				PRODUCT_NAME = "URLQRCodePrinter Extension";
				SDKROOT = macosx;
				SKIP_INSTALL = YES;
				STRING_CATALOG_GENERATE_SYMBOLS = YES;
				SWIFT_APPROACHABLE_CONCURRENCY = YES;
				SWIFT_EMIT_LOC_STRINGS = YES;
				SWIFT_UPCOMING_FEATURE_MEMBER_IMPORT_VISIBILITY = YES;
				SWIFT_VERSION = 5.0;
			};
			name = Release;
		};
		938C7DEC3059720800E2EEA9 /* Debug */ = {
			isa = XCBuildConfiguration;
			buildSettings = {
				ASSETCATALOG_COMPILER_APPICON_NAME = AppIcon;
				ASSETCATALOG_COMPILER_GLOBAL_ACCENT_COLOR_NAME = AccentColor;
				CODE_SIGN_STYLE = Automatic;
				CURRENT_PROJECT_VERSION = 1;
				ENABLE_APP_SANDBOX = YES;
				ENABLE_HARDENED_RUNTIME = YES;
				ENABLE_OUTGOING_NETWORK_CONNECTIONS = YES;
				ENABLE_USER_SELECTED_FILES = readonly;
				GENERATE_INFOPLIST_FILE = YES;
				INFOPLIST_FILE = "macOS (App)/Info.plist";
				INFOPLIST_KEY_CFBundleDisplayName = URLQRCodePrinter;
				INFOPLIST_KEY_NSMainStoryboardFile = Main;
				INFOPLIST_KEY_NSPrincipalClass = NSApplication;
				LD_RUNPATH_SEARCH_PATHS = (
					"$(inherited)",
					"@executable_path/../Frameworks",
				);
				MACOSX_DEPLOYMENT_TARGET = 13.3;
				MARKETING_VERSION = 1.0;
				OTHER_LDFLAGS = (
					"-framework",
					SafariServices,
					"-framework",
					WebKit,
				);
				PRODUCT_BUNDLE_IDENTIFIER = com.gael.urlqrcodeprinter;
				PRODUCT_NAME = URLQRCodePrinter;
				REGISTER_APP_GROUPS = YES;
				SDKROOT = macosx;
				STRING_CATALOG_GENERATE_SYMBOLS = YES;
				SWIFT_APPROACHABLE_CONCURRENCY = YES;
				SWIFT_DEFAULT_ACTOR_ISOLATION = MainActor;
				SWIFT_EMIT_LOC_STRINGS = YES;
				SWIFT_UPCOMING_FEATURE_MEMBER_IMPORT_VISIBILITY = YES;
				SWIFT_VERSION = 5.0;
			};
			name = Debug;
		};
		938C7DED3059720800E2EEA9 /* Release */ = {
			isa = XCBuildConfiguration;
			buildSettings = {
				ASSETCATALOG_COMPILER_APPICON_NAME = AppIcon;
				ASSETCATALOG_COMPILER_GLOBAL_ACCENT_COLOR_NAME = AccentColor;
				CODE_SIGN_STYLE = Automatic;
				CURRENT_PROJECT_VERSION = 1;
				ENABLE_APP_SANDBOX = YES;
				ENABLE_HARDENED_RUNTIME = YES;
				ENABLE_OUTGOING_NETWORK_CONNECTIONS = YES;
				ENABLE_USER_SELECTED_FILES = readonly;
				GENERATE_INFOPLIST_FILE = YES;
				INFOPLIST_FILE = "macOS (App)/Info.plist";
				INFOPLIST_KEY_CFBundleDisplayName = URLQRCodePrinter;
				INFOPLIST_KEY_NSMainStoryboardFile = Main;
				INFOPLIST_KEY_NSPrincipalClass = NSApplication;
				LD_RUNPATH_SEARCH_PATHS = (
					"$(inherited)",
					"@executable_path/../Frameworks",
				);
				MACOSX_DEPLOYMENT_TARGET = 13.3;
				MARKETING_VERSION = 1.0;
				OTHER_LDFLAGS = (
					"-framework",
					SafariServices,
					"-framework",
					WebKit,
				);
				PRODUCT_BUNDLE_IDENTIFIER = com.gael.urlqrcodeprinter;
				PRODUCT_NAME = URLQRCodePrinter;
				REGISTER_APP_GROUPS = YES;
				SDKROOT = macosx;
				STRING_CATALOG_GENERATE_SYMBOLS = YES;
				SWIFT_APPROACHABLE_CONCURRENCY = YES;
				SWIFT_DEFAULT_ACTOR_ISOLATION = MainActor;
				SWIFT_EMIT_LOC_STRINGS = YES;
				SWIFT_UPCOMING_FEATURE_MEMBER_IMPORT_VISIBILITY = YES;
				SWIFT_VERSION = 5.0;
			};
			name = Release;
		};
/* End XCBuildConfiguration section */

/* Begin XCConfigurationList section */
		938C7D923059720400E2EEA9 /* Build configuration list for PBXProject "URLQRCodePrinter" */ = {
			isa = XCConfigurationList;
			buildConfigurations = (
				938C7DDE3059720800E2EEA9 /* Debug */,
				938C7DDF3059720800E2EEA9 /* Release */,
			);
			defaultConfigurationIsVisible = 0;
			defaultConfigurationName = Release;
		};
		938C7DE03059720800E2EEA9 /* Build configuration list for PBXNativeTarget "URLQRCodePrinter Extension (iOS)" */ = {
			isa = XCConfigurationList;
			buildConfigurations = (
				938C7DE13059720800E2EEA9 /* Debug */,
				938C7DE23059720800E2EEA9 /* Release */,
			);
			defaultConfigurationIsVisible = 0;
			defaultConfigurationName = Release;
		};
		938C7DE43059720800E2EEA9 /* Build configuration list for PBXNativeTarget "URLQRCodePrinter (iOS)" */ = {
			isa = XCConfigurationList;
			buildConfigurations = (
				938C7DE53059720800E2EEA9 /* Debug */,
				938C7DE63059720800E2EEA9 /* Release */,
			);
			defaultConfigurationIsVisible = 0;
			defaultConfigurationName = Release;
		};
		938C7DE73059720800E2EEA9 /* Build configuration list for PBXNativeTarget "URLQRCodePrinter Extension (macOS)" */ = {
			isa = XCConfigurationList;
			buildConfigurations = (
				938C7DE83059720800E2EEA9 /* Debug */,
				938C7DE93059720800E2EEA9 /* Release */,
			);
			defaultConfigurationIsVisible = 0;
			defaultConfigurationName = Release;
		};
		938C7DEB3059720800E2EEA9 /* Build configuration list for PBXNativeTarget "URLQRCodePrinter (macOS)" */ = {
			isa = XCConfigurationList;
			buildConfigurations = (
				938C7DEC3059720800E2EEA9 /* Debug */,
				938C7DED3059720800E2EEA9 /* Release */,
			);
			defaultConfigurationIsVisible = 0;
			defaultConfigurationName = Release;
		};
/* End XCConfigurationList section */
	};
	rootObject = 938C7D8F3059720400E2EEA9 /* Project object */;
}
