// !$*UTF8*$!
{
	archiveVersion = 1;
	classes = {
	};
	objectVersion = 77;
	objects = {

/* Begin PBXBuildFile section */
		93B353AC305AEF76006AC768 /* AppDelegate.swift in Sources */ = {isa = PBXBuildFile; fileRef = 93B353AB305AEF76006AC768 /* AppDelegate.swift */; };
		93B353AE305AEF76006AC768 /* SceneDelegate.swift in Sources */ = {isa = PBXBuildFile; fileRef = 93B353AD305AEF76006AC768 /* SceneDelegate.swift */; };
		93B353B1305AEF76006AC768 /* LaunchScreen.storyboard in Resources */ = {isa = PBXBuildFile; fileRef = 93B353AF305AEF76006AC768 /* LaunchScreen.storyboard */; };
		93B353B4305AEF76006AC768 /* Main.storyboard in Resources */ = {isa = PBXBuildFile; fileRef = 93B353B2305AEF76006AC768 /* Main.storyboard */; };
		93B353BD305AEF76006AC768 /* AppDelegate.swift in Sources */ = {isa = PBXBuildFile; fileRef = 93B353BC305AEF76006AC768 /* AppDelegate.swift */; };
		93B353C0305AEF76006AC768 /* Main.storyboard in Resources */ = {isa = PBXBuildFile; fileRef = 93B353BE305AEF76006AC768 /* Main.storyboard */; };
		93B353C7305AEF76006AC768 /* URLQRCodePrinter Extension.appex in Embed Foundation Extensions */ = {isa = PBXBuildFile; fileRef = 93B353C6305AEF76006AC768 /* URLQRCodePrinter Extension.appex */; settings = {ATTRIBUTES = (RemoveHeadersOnCopy, ); }; };
		93B353D1305AEF76006AC768 /* URLQRCodePrinter Extension.appex in Embed Foundation Extensions */ = {isa = PBXBuildFile; fileRef = 93B353D0305AEF76006AC768 /* URLQRCodePrinter Extension.appex */; settings = {ATTRIBUTES = (RemoveHeadersOnCopy, ); }; };
		93B353D6305AEF76006AC768 /* Main.html in Resources */ = {isa = PBXBuildFile; fileRef = 93B3539B305AEF73006AC768 /* Main.html */; };
		93B353D7305AEF76006AC768 /* Main.html in Resources */ = {isa = PBXBuildFile; fileRef = 93B3539B305AEF73006AC768 /* Main.html */; };
		93B353D8305AEF76006AC768 /* Icon.png in Resources */ = {isa = PBXBuildFile; fileRef = 93B3539D305AEF73006AC768 /* Icon.png */; };
		93B353D9305AEF76006AC768 /* Icon.png in Resources */ = {isa = PBXBuildFile; fileRef = 93B3539D305AEF73006AC768 /* Icon.png */; };
		93B353DA305AEF76006AC768 /* Style.css in Resources */ = {isa = PBXBuildFile; fileRef = 93B3539E305AEF73006AC768 /* Style.css */; };
		93B353DB305AEF76006AC768 /* Style.css in Resources */ = {isa = PBXBuildFile; fileRef = 93B3539E305AEF73006AC768 /* Style.css */; };
		93B353DC305AEF76006AC768 /* Script.js in Resources */ = {isa = PBXBuildFile; fileRef = 93B3539F305AEF73006AC768 /* Script.js */; };
		93B353DD305AEF76006AC768 /* Script.js in Resources */ = {isa = PBXBuildFile; fileRef = 93B3539F305AEF73006AC768 /* Script.js */; };
		93B353DE305AEF76006AC768 /* ViewController.swift in Sources */ = {isa = PBXBuildFile; fileRef = 93B353A0305AEF73006AC768 /* ViewController.swift */; };
		93B353DF305AEF76006AC768 /* ViewController.swift in Sources */ = {isa = PBXBuildFile; fileRef = 93B353A0305AEF73006AC768 /* ViewController.swift */; };
		93B353E0305AEF76006AC768 /* Assets.xcassets in Resources */ = {isa = PBXBuildFile; fileRef = 93B353A1305AEF76006AC768 /* Assets.xcassets */; };
		93B353E1305AEF76006AC768 /* Assets.xcassets in Resources */ = {isa = PBXBuildFile; fileRef = 93B353A1305AEF76006AC768 /* Assets.xcassets */; };
		93B353E2305AEF76006AC768 /* SafariWebExtensionHandler.swift in Sources */ = {isa = PBXBuildFile; fileRef = 93B353A3305AEF76006AC768 /* SafariWebExtensionHandler.swift */; };
		93B353E3305AEF76006AC768 /* SafariWebExtensionHandler.swift in Sources */ = {isa = PBXBuildFile; fileRef = 93B353A3305AEF76006AC768 /* SafariWebExtensionHandler.swift */; };
		93B353FE305AEF77006AC768 /* popup.js in Resources */ = {isa = PBXBuildFile; fileRef = 93B353F5305AEF77006AC768 /* popup.js */; };
		93B353FF305AEF77006AC768 /* background.js in Resources */ = {isa = PBXBuildFile; fileRef = 93B353F6305AEF77006AC768 /* background.js */; };
		93B35400305AEF77006AC768 /* popup.html in Resources */ = {isa = PBXBuildFile; fileRef = 93B353F7305AEF77006AC768 /* popup.html */; };
		93B35401305AEF77006AC768 /* icons in Resources */ = {isa = PBXBuildFile; fileRef = 93B353F8305AEF77006AC768 /* icons */; };
		93B35402305AEF77006AC768 /* style.css in Resources */ = {isa = PBXBuildFile; fileRef = 93B353F9305AEF77006AC768 /* style.css */; };
		93B35403305AEF77006AC768 /* manifest.json in Resources */ = {isa = PBXBuildFile; fileRef = 93B353FA305AEF77006AC768 /* manifest.json */; };
		93B35404305AEF77006AC768 /* popup.css in Resources */ = {isa = PBXBuildFile; fileRef = 93B353FB305AEF77006AC768 /* popup.css */; };
		93B35405305AEF77006AC768 /* app.html in Resources */ = {isa = PBXBuildFile; fileRef = 93B353FC305AEF77006AC768 /* app.html */; };
		93B35406305AEF77006AC768 /* app.js in Resources */ = {isa = PBXBuildFile; fileRef = 93B353FD305AEF77006AC768 /* app.js */; };
		93B35407305AEF77006AC768 /* popup.js in Resources */ = {isa = PBXBuildFile; fileRef = 93B353F5305AEF77006AC768 /* popup.js */; };
		93B35408305AEF77006AC768 /* background.js in Resources */ = {isa = PBXBuildFile; fileRef = 93B353F6305AEF77006AC768 /* background.js */; };
		93B35409305AEF77006AC768 /* popup.html in Resources */ = {isa = PBXBuildFile; fileRef = 93B353F7305AEF77006AC768 /* popup.html */; };
		93B3540A305AEF77006AC768 /* icons in Resources */ = {isa = PBXBuildFile; fileRef = 93B353F8305AEF77006AC768 /* icons */; };
		93B3540B305AEF77006AC768 /* style.css in Resources */ = {isa = PBXBuildFile; fileRef = 93B353F9305AEF77006AC768 /* style.css */; };
		93B3540C305AEF77006AC768 /* manifest.json in Resources */ = {isa = PBXBuildFile; fileRef = 93B353FA305AEF77006AC768 /* manifest.json */; };
		93B3540D305AEF77006AC768 /* popup.css in Resources */ = {isa = PBXBuildFile; fileRef = 93B353FB305AEF77006AC768 /* popup.css */; };
		93B3540E305AEF77006AC768 /* app.html in Resources */ = {isa = PBXBuildFile; fileRef = 93B353FC305AEF77006AC768 /* app.html */; };
		93B3540F305AEF77006AC768 /* app.js in Resources */ = {isa = PBXBuildFile; fileRef = 93B353FD305AEF77006AC768 /* app.js */; };
/* End PBXBuildFile section */

/* Begin PBXContainerItemProxy section */
		93B353C8305AEF76006AC768 /* PBXContainerItemProxy */ = {
			isa = PBXContainerItemProxy;
			containerPortal = 93B35395305AEF73006AC768 /* Project object */;
			proxyType = 1;
			remoteGlobalIDString = 93B353C5305AEF76006AC768;
			remoteInfo = "URLQRCodePrinter Extension (iOS)";
		};
		93B353D2305AEF76006AC768 /* PBXContainerItemProxy */ = {
			isa = PBXContainerItemProxy;
			containerPortal = 93B35395305AEF73006AC768 /* Project object */;
			proxyType = 1;
			remoteGlobalIDString = 93B353CF305AEF76006AC768;
			remoteInfo = "URLQRCodePrinter Extension (macOS)";
		};
/* End PBXContainerItemProxy section */

/* Begin PBXCopyFilesBuildPhase section */
		93B353E9305AEF76006AC768 /* Embed Foundation Extensions */ = {
			isa = PBXCopyFilesBuildPhase;
			buildActionMask = 2147483647;
			dstPath = "";
			dstSubfolderSpec = 13;
			files = (
				93B353C7305AEF76006AC768 /* URLQRCodePrinter Extension.appex in Embed Foundation Extensions */,
			);
			name = "Embed Foundation Extensions";
			runOnlyForDeploymentPostprocessing = 0;
		};
		93B353F0305AEF76006AC768 /* Embed Foundation Extensions */ = {
			isa = PBXCopyFilesBuildPhase;
			buildActionMask = 2147483647;
			dstPath = "";
			dstSubfolderSpec = 13;
			files = (
				93B353D1305AEF76006AC768 /* URLQRCodePrinter Extension.appex in Embed Foundation Extensions */,
			);
			name = "Embed Foundation Extensions";
			runOnlyForDeploymentPostprocessing = 0;
		};
/* End PBXCopyFilesBuildPhase section */

/* Begin PBXFileReference section */
		93B3539C305AEF73006AC768 /* Base */ = {isa = PBXFileReference; lastKnownFileType = text.html; name = Base; path = Base.lproj/Main.html; sourceTree = "<group>"; };
		93B3539D305AEF73006AC768 /* Icon.png */ = {isa = PBXFileReference; lastKnownFileType = image.png; path = Icon.png; sourceTree = "<group>"; };
		93B3539E305AEF73006AC768 /* Style.css */ = {isa = PBXFileReference; lastKnownFileType = text.css; path = Style.css; sourceTree = "<group>"; };
		93B3539F305AEF73006AC768 /* Script.js */ = {isa = PBXFileReference; lastKnownFileType = sourcecode.javascript; path = Script.js; sourceTree = "<group>"; };
		93B353A0305AEF73006AC768 /* ViewController.swift */ = {isa = PBXFileReference; lastKnownFileType = sourcecode.swift; path = ViewController.swift; sourceTree = "<group>"; };
		93B353A1305AEF76006AC768 /* Assets.xcassets */ = {isa = PBXFileReference; lastKnownFileType = folder.assetcatalog; path = Assets.xcassets; sourceTree = "<group>"; };
		93B353A3305AEF76006AC768 /* SafariWebExtensionHandler.swift */ = {isa = PBXFileReference; lastKnownFileType = sourcecode.swift; path = SafariWebExtensionHandler.swift; sourceTree = "<group>"; };
		93B353A8305AEF76006AC768 /* URLQRCodePrinter.app */ = {isa = PBXFileReference; explicitFileType = wrapper.application; includeInIndex = 0; path = URLQRCodePrinter.app; sourceTree = BUILT_PRODUCTS_DIR; };
		93B353AB305AEF76006AC768 /* AppDelegate.swift */ = {isa = PBXFileReference; lastKnownFileType = sourcecode.swift; path = AppDelegate.swift; sourceTree = "<group>"; };
		93B353AD305AEF76006AC768 /* SceneDelegate.swift */ = {isa = PBXFileReference; lastKnownFileType = sourcecode.swift; path = SceneDelegate.swift; sourceTree = "<group>"; };
		93B353B0305AEF76006AC768 /* Base */ = {isa = PBXFileReference; lastKnownFileType = file.storyboard; name = Base; path = Base.lproj/LaunchScreen.storyboard; sourceTree = "<group>"; };
		93B353B3305AEF76006AC768 /* Base */ = {isa = PBXFileReference; lastKnownFileType = file.storyboard; name = Base; path = Base.lproj/Main.storyboard; sourceTree = "<group>"; };
		93B353B5305AEF76006AC768 /* Info.plist */ = {isa = PBXFileReference; lastKnownFileType = text.plist.xml; path = Info.plist; sourceTree = "<group>"; };
		93B353BA305AEF76006AC768 /* URLQRCodePrinter.app */ = {isa = PBXFileReference; explicitFileType = wrapper.application; includeInIndex = 0; path = URLQRCodePrinter.app; sourceTree = BUILT_PRODUCTS_DIR; };
		93B353BC305AEF76006AC768 /* AppDelegate.swift */ = {isa = PBXFileReference; lastKnownFileType = sourcecode.swift; path = AppDelegate.swift; sourceTree = "<group>"; };
		93B353BF305AEF76006AC768 /* Base */ = {isa = PBXFileReference; lastKnownFileType = file.storyboard; name = Base; path = Base.lproj/Main.storyboard; sourceTree = "<group>"; };
		93B353C1305AEF76006AC768 /* Info.plist */ = {isa = PBXFileReference; lastKnownFileType = text.plist.xml; path = Info.plist; sourceTree = "<group>"; };
		93B353C6305AEF76006AC768 /* URLQRCodePrinter Extension.appex */ = {isa = PBXFileReference; explicitFileType = "wrapper.app-extension"; includeInIndex = 0; path = "URLQRCodePrinter Extension.appex"; sourceTree = BUILT_PRODUCTS_DIR; };
		93B353CB305AEF76006AC768 /* Info.plist */ = {isa = PBXFileReference; lastKnownFileType = text.plist.xml; path = Info.plist; sourceTree = "<group>"; };
		93B353D0305AEF76006AC768 /* URLQRCodePrinter Extension.appex */ = {isa = PBXFileReference; explicitFileType = "wrapper.app-extension"; includeInIndex = 0; path = "URLQRCodePrinter Extension.appex"; sourceTree = BUILT_PRODUCTS_DIR; };
		93B353D5305AEF76006AC768 /* Info.plist */ = {isa = PBXFileReference; lastKnownFileType = text.plist.xml; path = Info.plist; sourceTree = "<group>"; };
		93B353F5305AEF77006AC768 /* popup.js */ = {isa = PBXFileReference; lastKnownFileType = sourcecode.javascript; name = popup.js; path = Resources/popup.js; sourceTree = "<group>"; };
		93B353F6305AEF77006AC768 /* background.js */ = {isa = PBXFileReference; lastKnownFileType = sourcecode.javascript; name = background.js; path = Resources/background.js; sourceTree = "<group>"; };
		93B353F7305AEF77006AC768 /* popup.html */ = {isa = PBXFileReference; lastKnownFileType = text.html; name = popup.html; path = Resources/popup.html; sourceTree = "<group>"; };
		93B353F8305AEF77006AC768 /* icons */ = {isa = PBXFileReference; lastKnownFileType = folder; name = icons; path = Resources/icons; sourceTree = "<group>"; };
		93B353F9305AEF77006AC768 /* style.css */ = {isa = PBXFileReference; lastKnownFileType = text.css; name = style.css; path = Resources/style.css; sourceTree = "<group>"; };
		93B353FA305AEF77006AC768 /* manifest.json */ = {isa = PBXFileReference; lastKnownFileType = text.json; name = manifest.json; path = Resources/manifest.json; sourceTree = "<group>"; };
		93B353FB305AEF77006AC768 /* popup.css */ = {isa = PBXFileReference; lastKnownFileType = text.css; name = popup.css; path = Resources/popup.css; sourceTree = "<group>"; };
		93B353FC305AEF77006AC768 /* app.html */ = {isa = PBXFileReference; lastKnownFileType = text.html; name = app.html; path = Resources/app.html; sourceTree = "<group>"; };
		93B353FD305AEF77006AC768 /* app.js */ = {isa = PBXFileReference; lastKnownFileType = sourcecode.javascript; name = app.js; path = Resources/app.js; sourceTree = "<group>"; };
/* End PBXFileReference section */

/* Begin PBXFrameworksBuildPhase section */
		93B353A5305AEF76006AC768 /* Frameworks */ = {
			isa = PBXFrameworksBuildPhase;
			buildActionMask = 2147483647;
			files = (
			);
			runOnlyForDeploymentPostprocessing = 0;
		};
		93B353B7305AEF76006AC768 /* Frameworks */ = {
			isa = PBXFrameworksBuildPhase;
			buildActionMask = 2147483647;
			files = (
			);
			runOnlyForDeploymentPostprocessing = 0;
		};
		93B353C3305AEF76006AC768 /* Frameworks */ = {
			isa = PBXFrameworksBuildPhase;
			buildActionMask = 2147483647;
			files = (
			);
			runOnlyForDeploymentPostprocessing = 0;
		};
		93B353CD305AEF76006AC768 /* Frameworks */ = {
			isa = PBXFrameworksBuildPhase;
			buildActionMask = 2147483647;
			files = (
			);
			runOnlyForDeploymentPostprocessing = 0;
		};
/* End PBXFrameworksBuildPhase section */

/* Begin PBXGroup section */
		93B35394305AEF73006AC768 = {
			isa = PBXGroup;
			children = (
				93B35399305AEF73006AC768 /* Shared (App) */,
				93B353A2305AEF76006AC768 /* Shared (Extension) */,
				93B353AA305AEF76006AC768 /* iOS (App) */,
				93B353BB305AEF76006AC768 /* macOS (App) */,
				93B353CA305AEF76006AC768 /* iOS (Extension) */,
				93B353D4305AEF76006AC768 /* macOS (Extension) */,
				93B353A9305AEF76006AC768 /* Products */,
			);
			sourceTree = "<group>";
		};
		93B35399305AEF73006AC768 /* Shared (App) */ = {
			isa = PBXGroup;
			children = (
				93B353A0305AEF73006AC768 /* ViewController.swift */,
				93B353A1305AEF76006AC768 /* Assets.xcassets */,
				93B3539A305AEF73006AC768 /* Resources */,
			);
			path = "Shared (App)";
			sourceTree = "<group>";
		};
		93B3539A305AEF73006AC768 /* Resources */ = {
			isa = PBXGroup;
			children = (
				93B3539B305AEF73006AC768 /* Main.html */,
				93B3539D305AEF73006AC768 /* Icon.png */,
				93B3539E305AEF73006AC768 /* Style.css */,
				93B3539F305AEF73006AC768 /* Script.js */,
			);
			path = Resources;
			sourceTree = "<group>";
		};
		93B353A2305AEF76006AC768 /* Shared (Extension) */ = {
			isa = PBXGroup;
			children = (
				93B353F4305AEF77006AC768 /* Resources */,
				93B353A3305AEF76006AC768 /* SafariWebExtensionHandler.swift */,
			);
			path = "Shared (Extension)";
			sourceTree = "<group>";
		};
		93B353A9305AEF76006AC768 /* Products */ = {
			isa = PBXGroup;
			children = (
				93B353A8305AEF76006AC768 /* URLQRCodePrinter.app */,
				93B353BA305AEF76006AC768 /* URLQRCodePrinter.app */,
				93B353C6305AEF76006AC768 /* URLQRCodePrinter Extension.appex */,
				93B353D0305AEF76006AC768 /* URLQRCodePrinter Extension.appex */,
			);
			name = Products;
			sourceTree = "<group>";
		};
		93B353AA305AEF76006AC768 /* iOS (App) */ = {
			isa = PBXGroup;
			children = (
				93B353AB305AEF76006AC768 /* AppDelegate.swift */,
				93B353AD305AEF76006AC768 /* SceneDelegate.swift */,
				93B353AF305AEF76006AC768 /* LaunchScreen.storyboard */,
				93B353B2305AEF76006AC768 /* Main.storyboard */,
				93B353B5305AEF76006AC768 /* Info.plist */,
			);
			path = "iOS (App)";
			sourceTree = "<group>";
		};
		93B353BB305AEF76006AC768 /* macOS (App) */ = {
			isa = PBXGroup;
			children = (
				93B353BC305AEF76006AC768 /* AppDelegate.swift */,
				93B353BE305AEF76006AC768 /* Main.storyboard */,
				93B353C1305AEF76006AC768 /* Info.plist */,
			);
			path = "macOS (App)";
			sourceTree = "<group>";
		};
		93B353CA305AEF76006AC768 /* iOS (Extension) */ = {
			isa = PBXGroup;
			children = (
				93B353CB305AEF76006AC768 /* Info.plist */,
			);
			path = "iOS (Extension)";
			sourceTree = "<group>";
		};
		93B353D4305AEF76006AC768 /* macOS (Extension) */ = {
			isa = PBXGroup;
			children = (
				93B353D5305AEF76006AC768 /* Info.plist */,
			);
			path = "macOS (Extension)";
			sourceTree = "<group>";
		};
		93B353F4305AEF77006AC768 /* Resources */ = {
			isa = PBXGroup;
			children = (
				93B353F5305AEF77006AC768 /* popup.js */,
				93B353F6305AEF77006AC768 /* background.js */,
				93B353F7305AEF77006AC768 /* popup.html */,
				93B353F8305AEF77006AC768 /* icons */,
				93B353F9305AEF77006AC768 /* style.css */,
				93B353FA305AEF77006AC768 /* manifest.json */,
				93B353FB305AEF77006AC768 /* popup.css */,
				93B353FC305AEF77006AC768 /* app.html */,
				93B353FD305AEF77006AC768 /* app.js */,
			);
			name = Resources;
			path = "Shared (Extension)";
			sourceTree = SOURCE_ROOT;
		};
/* End PBXGroup section */

/* Begin PBXNativeTarget section */
		93B353A7305AEF76006AC768 /* URLQRCodePrinter (iOS) */ = {
			isa = PBXNativeTarget;
			buildConfigurationList = 93B353EA305AEF76006AC768 /* Build configuration list for PBXNativeTarget "URLQRCodePrinter (iOS)" */;
			buildPhases = (
				93B353A4305AEF76006AC768 /* Sources */,
				93B353A5305AEF76006AC768 /* Frameworks */,
				93B353A6305AEF76006AC768 /* Resources */,
				93B353E9305AEF76006AC768 /* Embed Foundation Extensions */,
			);
			buildRules = (
			);
			dependencies = (
				93B353C9305AEF76006AC768 /* PBXTargetDependency */,
			);
			name = "URLQRCodePrinter (iOS)";
			packageProductDependencies = (
			);
			productName = "URLQRCodePrinter (iOS)";
			productReference = 93B353A8305AEF76006AC768 /* URLQRCodePrinter.app */;
			productType = "com.apple.product-type.application";
		};
		93B353B9305AEF76006AC768 /* URLQRCodePrinter (macOS) */ = {
			isa = PBXNativeTarget;
			buildConfigurationList = 93B353F1305AEF76006AC768 /* Build configuration list for PBXNativeTarget "URLQRCodePrinter (macOS)" */;
			buildPhases = (
				93B353B6305AEF76006AC768 /* Sources */,
				93B353B7305AEF76006AC768 /* Frameworks */,
				93B353B8305AEF76006AC768 /* Resources */,
				93B353F0305AEF76006AC768 /* Embed Foundation Extensions */,
			);
			buildRules = (
			);
			dependencies = (
				93B353D3305AEF76006AC768 /* PBXTargetDependency */,
			);
			name = "URLQRCodePrinter (macOS)";
			packageProductDependencies = (
			);
			productName = "URLQRCodePrinter (macOS)";
			productReference = 93B353BA305AEF76006AC768 /* URLQRCodePrinter.app */;
			productType = "com.apple.product-type.application";
		};
		93B353C5305AEF76006AC768 /* URLQRCodePrinter Extension (iOS) */ = {
			isa = PBXNativeTarget;
			buildConfigurationList = 93B353E6305AEF76006AC768 /* Build configuration list for PBXNativeTarget "URLQRCodePrinter Extension (iOS)" */;
			buildPhases = (
				93B353C2305AEF76006AC768 /* Sources */,
				93B353C3305AEF76006AC768 /* Frameworks */,
				93B353C4305AEF76006AC768 /* Resources */,
			);
			buildRules = (
			);
			dependencies = (
			);
			name = "URLQRCodePrinter Extension (iOS)";
			packageProductDependencies = (
			);
			productName = "URLQRCodePrinter Extension (iOS)";
			productReference = 93B353C6305AEF76006AC768 /* URLQRCodePrinter Extension.appex */;
			productType = "com.apple.product-type.app-extension";
		};
		93B353CF305AEF76006AC768 /* URLQRCodePrinter Extension (macOS) */ = {
			isa = PBXNativeTarget;
			buildConfigurationList = 93B353ED305AEF76006AC768 /* Build configuration list for PBXNativeTarget "URLQRCodePrinter Extension (macOS)" */;
			buildPhases = (
				93B353CC305AEF76006AC768 /* Sources */,
				93B353CD305AEF76006AC768 /* Frameworks */,
				93B353CE305AEF76006AC768 /* Resources */,
			);
			buildRules = (
			);
			dependencies = (
			);
			name = "URLQRCodePrinter Extension (macOS)";
			packageProductDependencies = (
			);
			productName = "URLQRCodePrinter Extension (macOS)";
			productReference = 93B353D0305AEF76006AC768 /* URLQRCodePrinter Extension.appex */;
			productType = "com.apple.product-type.app-extension";
		};
/* End PBXNativeTarget section */

/* Begin PBXProject section */
		93B35395305AEF73006AC768 /* Project object */ = {
			isa = PBXProject;
			attributes = {
				BuildIndependentTargetsInParallel = 1;
				LastSwiftUpdateCheck = 2660;
				LastUpgradeCheck = 2660;
				TargetAttributes = {
					93B353A7305AEF76006AC768 = {
						CreatedOnToolsVersion = 26.6;
					};
					93B353B9305AEF76006AC768 = {
						CreatedOnToolsVersion = 26.6;
					};
					93B353C5305AEF76006AC768 = {
						CreatedOnToolsVersion = 26.6;
					};
					93B353CF305AEF76006AC768 = {
						CreatedOnToolsVersion = 26.6;
					};
				};
			};
			buildConfigurationList = 93B35398305AEF73006AC768 /* Build configuration list for PBXProject "URLQRCodePrinter" */;
			developmentRegion = en;
			hasScannedForEncodings = 0;
			knownRegions = (
				en,
				Base,
			);
			mainGroup = 93B35394305AEF73006AC768;
			minimizedProjectReferenceProxies = 1;
			preferredProjectObjectVersion = 77;
			productRefGroup = 93B353A9305AEF76006AC768 /* Products */;
			projectDirPath = "";
			projectRoot = "";
			targets = (
				93B353A7305AEF76006AC768 /* URLQRCodePrinter (iOS) */,
				93B353B9305AEF76006AC768 /* URLQRCodePrinter (macOS) */,
				93B353C5305AEF76006AC768 /* URLQRCodePrinter Extension (iOS) */,
				93B353CF305AEF76006AC768 /* URLQRCodePrinter Extension (macOS) */,
			);
		};
/* End PBXProject section */

/* Begin PBXResourcesBuildPhase section */
		93B353A6305AEF76006AC768 /* Resources */ = {
			isa = PBXResourcesBuildPhase;
			buildActionMask = 2147483647;
			files = (
				93B353D8305AEF76006AC768 /* Icon.png in Resources */,
				93B353B1305AEF76006AC768 /* LaunchScreen.storyboard in Resources */,
				93B353D6305AEF76006AC768 /* Main.html in Resources */,
				93B353DC305AEF76006AC768 /* Script.js in Resources */,
				93B353E0305AEF76006AC768 /* Assets.xcassets in Resources */,
				93B353B4305AEF76006AC768 /* Main.storyboard in Resources */,
				93B353DA305AEF76006AC768 /* Style.css in Resources */,
			);
			runOnlyForDeploymentPostprocessing = 0;
		};
		93B353B8305AEF76006AC768 /* Resources */ = {
			isa = PBXResourcesBuildPhase;
			buildActionMask = 2147483647;
			files = (
				93B353D9305AEF76006AC768 /* Icon.png in Resources */,
				93B353DB305AEF76006AC768 /* Style.css in Resources */,
				93B353C0305AEF76006AC768 /* Main.storyboard in Resources */,
				93B353DD305AEF76006AC768 /* Script.js in Resources */,
				93B353E1305AEF76006AC768 /* Assets.xcassets in Resources */,
				93B353D7305AEF76006AC768 /* Main.html in Resources */,
			);
			runOnlyForDeploymentPostprocessing = 0;
		};
		93B353C4305AEF76006AC768 /* Resources */ = {
			isa = PBXResourcesBuildPhase;
			buildActionMask = 2147483647;
			files = (
				93B35408305AEF77006AC768 /* background.js in Resources */,
				93B3540D305AEF77006AC768 /* popup.css in Resources */,
				93B3540A305AEF77006AC768 /* icons in Resources */,
				93B3540B305AEF77006AC768 /* style.css in Resources */,
				93B3540E305AEF77006AC768 /* app.html in Resources */,
				93B35409305AEF77006AC768 /* popup.html in Resources */,
				93B3540F305AEF77006AC768 /* app.js in Resources */,
				93B3540C305AEF77006AC768 /* manifest.json in Resources */,
				93B35407305AEF77006AC768 /* popup.js in Resources */,
			);
			runOnlyForDeploymentPostprocessing = 0;
		};
		93B353CE305AEF76006AC768 /* Resources */ = {
			isa = PBXResourcesBuildPhase;
			buildActionMask = 2147483647;
			files = (
				93B353FF305AEF77006AC768 /* background.js in Resources */,
				93B35404305AEF77006AC768 /* popup.css in Resources */,
				93B35401305AEF77006AC768 /* icons in Resources */,
				93B35402305AEF77006AC768 /* style.css in Resources */,
				93B35405305AEF77006AC768 /* app.html in Resources */,
				93B35400305AEF77006AC768 /* popup.html in Resources */,
				93B35406305AEF77006AC768 /* app.js in Resources */,
				93B35403305AEF77006AC768 /* manifest.json in Resources */,
				93B353FE305AEF77006AC768 /* popup.js in Resources */,
			);
			runOnlyForDeploymentPostprocessing = 0;
		};
/* End PBXResourcesBuildPhase section */

/* Begin PBXSourcesBuildPhase section */
		93B353A4305AEF76006AC768 /* Sources */ = {
			isa = PBXSourcesBuildPhase;
			buildActionMask = 2147483647;
			files = (
				93B353DE305AEF76006AC768 /* ViewController.swift in Sources */,
				93B353AC305AEF76006AC768 /* AppDelegate.swift in Sources */,
				93B353AE305AEF76006AC768 /* SceneDelegate.swift in Sources */,
			);
			runOnlyForDeploymentPostprocessing = 0;
		};
		93B353B6305AEF76006AC768 /* Sources */ = {
			isa = PBXSourcesBuildPhase;
			buildActionMask = 2147483647;
			files = (
				93B353DF305AEF76006AC768 /* ViewController.swift in Sources */,
				93B353BD305AEF76006AC768 /* AppDelegate.swift in Sources */,
			);
			runOnlyForDeploymentPostprocessing = 0;
		};
		93B353C2305AEF76006AC768 /* Sources */ = {
			isa = PBXSourcesBuildPhase;
			buildActionMask = 2147483647;
			files = (
				93B353E2305AEF76006AC768 /* SafariWebExtensionHandler.swift in Sources */,
			);
			runOnlyForDeploymentPostprocessing = 0;
		};
		93B353CC305AEF76006AC768 /* Sources */ = {
			isa = PBXSourcesBuildPhase;
			buildActionMask = 2147483647;
			files = (
				93B353E3305AEF76006AC768 /* SafariWebExtensionHandler.swift in Sources */,
			);
			runOnlyForDeploymentPostprocessing = 0;
		};
/* End PBXSourcesBuildPhase section */

/* Begin PBXTargetDependency section */
		93B353C9305AEF76006AC768 /* PBXTargetDependency */ = {
			isa = PBXTargetDependency;
			target = 93B353C5305AEF76006AC768 /* URLQRCodePrinter Extension (iOS) */;
			targetProxy = 93B353C8305AEF76006AC768 /* PBXContainerItemProxy */;
		};
		93B353D3305AEF76006AC768 /* PBXTargetDependency */ = {
			isa = PBXTargetDependency;
			target = 93B353CF305AEF76006AC768 /* URLQRCodePrinter Extension (macOS) */;
			targetProxy = 93B353D2305AEF76006AC768 /* PBXContainerItemProxy */;
		};
/* End PBXTargetDependency section */

/* Begin PBXVariantGroup section */
		93B3539B305AEF73006AC768 /* Main.html */ = {
			isa = PBXVariantGroup;
			children = (
				93B3539C305AEF73006AC768 /* Base */,
			);
			name = Main.html;
			sourceTree = "<group>";
		};
		93B353AF305AEF76006AC768 /* LaunchScreen.storyboard */ = {
			isa = PBXVariantGroup;
			children = (
				93B353B0305AEF76006AC768 /* Base */,
			);
			name = LaunchScreen.storyboard;
			sourceTree = "<group>";
		};
		93B353B2305AEF76006AC768 /* Main.storyboard */ = {
			isa = PBXVariantGroup;
			children = (
				93B353B3305AEF76006AC768 /* Base */,
			);
			name = Main.storyboard;
			sourceTree = "<group>";
		};
		93B353BE305AEF76006AC768 /* Main.storyboard */ = {
			isa = PBXVariantGroup;
			children = (
				93B353BF305AEF76006AC768 /* Base */,
			);
			name = Main.storyboard;
			sourceTree = "<group>";
		};
/* End PBXVariantGroup section */

/* Begin XCBuildConfiguration section */
		93B353E4305AEF76006AC768 /* Debug */ = {
			isa = XCBuildConfiguration;
			buildSettings = {
				ALWAYS_SEARCH_USER_PATHS = NO;
				ASSETCATALOG_COMPILER_GENERATE_SWIFT_ASSET_SYMBOL_EXTENSIONS = YES;
				CLANG_ANALYZER_NONNULL = YES;
				CLANG_ANALYZER_NUMBER_OBJECT_CONVERSION = YES_AGGRESSIVE;
				CLANG_CXX_LANGUAGE_STANDARD = "gnu++20";
				CLANG_ENABLE_MODULES = YES;
				CLANG_ENABLE_OBJC_ARC = YES;
				CLANG_ENABLE_OBJC_WEAK = YES;
				CLANG_WARN_BLOCK_CAPTURE_AUTORELEASING = YES;
				CLANG_WARN_BOOL_CONVERSION = YES;
				CLANG_WARN_COMMA = YES;
				CLANG_WARN_CONSTANT_CONVERSION = YES;
				CLANG_WARN_DEPRECATED_OBJC_IMPLEMENTATIONS = YES;
				CLANG_WARN_DIRECT_OBJC_ISA_USAGE = YES_ERROR;
				CLANG_WARN_DOCUMENTATION_COMMENTS = YES;
				CLANG_WARN_EMPTY_BODY = YES;
				CLANG_WARN_ENUM_CONVERSION = YES;
				CLANG_WARN_INFINITE_RECURSION = YES;
				CLANG_WARN_INT_CONVERSION = YES;
				CLANG_WARN_NON_LITERAL_NULL_CONVERSION = YES;
				CLANG_WARN_OBJC_IMPLICIT_RETAIN_SELF = YES;
				CLANG_WARN_OBJC_LITERAL_CONVERSION = YES;
				CLANG_WARN_OBJC_ROOT_CLASS = YES_ERROR;
				CLANG_WARN_QUOTED_INCLUDE_IN_FRAMEWORK_HEADER = YES;
				CLANG_WARN_RANGE_LOOP_ANALYSIS = YES;
				CLANG_WARN_STRICT_PROTOTYPES = YES;
				CLANG_WARN_SUSPICIOUS_MOVE = YES;
				CLANG_WARN_UNGUARDED_AVAILABILITY = YES_AGGRESSIVE;
				CLANG_WARN_UNREACHABLE_CODE = YES;
				CLANG_WARN__DUPLICATE_METHOD_MATCH = YES;
				COPY_PHASE_STRIP = NO;
				DEBUG_INFORMATION_FORMAT = dwarf;
				ENABLE_STRICT_OBJC_MSGSEND = YES;
				ENABLE_TESTABILITY = YES;
				ENABLE_USER_SCRIPT_SANDBOXING = YES;
				GCC_C_LANGUAGE_STANDARD = gnu17;
				GCC_DYNAMIC_NO_PIC = NO;
				GCC_NO_COMMON_BLOCKS = YES;
				GCC_OPTIMIZATION_LEVEL = 0;
				GCC_PREPROCESSOR_DEFINITIONS = (
					"DEBUG=1",
					"$(inherited)",
				);
				GCC_WARN_64_TO_32_BIT_CONVERSION = YES;
				GCC_WARN_ABOUT_RETURN_TYPE = YES_ERROR;
				GCC_WARN_UNDECLARED_SELECTOR = YES;
				GCC_WARN_UNINITIALIZED_AUTOS = YES_AGGRESSIVE;
				GCC_WARN_UNUSED_FUNCTION = YES;
				GCC_WARN_UNUSED_VARIABLE = YES;
				LOCALIZATION_PREFERS_STRING_CATALOGS = YES;
				MTL_ENABLE_DEBUG_INFO = INCLUDE_SOURCE;
				MTL_FAST_MATH = YES;
				ONLY_ACTIVE_ARCH = YES;
				SWIFT_ACTIVE_COMPILATION_CONDITIONS = "DEBUG $(inherited)";
				SWIFT_OPTIMIZATION_LEVEL = "-Onone";
			};
			name = Debug;
		};
		93B353E5305AEF76006AC768 /* Release */ = {
			isa = XCBuildConfiguration;
			buildSettings = {
				ALWAYS_SEARCH_USER_PATHS = NO;
				ASSETCATALOG_COMPILER_GENERATE_SWIFT_ASSET_SYMBOL_EXTENSIONS = YES;
				CLANG_ANALYZER_NONNULL = YES;
				CLANG_ANALYZER_NUMBER_OBJECT_CONVERSION = YES_AGGRESSIVE;
				CLANG_CXX_LANGUAGE_STANDARD = "gnu++20";
				CLANG_ENABLE_MODULES = YES;
				CLANG_ENABLE_OBJC_ARC = YES;
				CLANG_ENABLE_OBJC_WEAK = YES;
				CLANG_WARN_BLOCK_CAPTURE_AUTORELEASING = YES;
				CLANG_WARN_BOOL_CONVERSION = YES;
				CLANG_WARN_COMMA = YES;
				CLANG_WARN_CONSTANT_CONVERSION = YES;
				CLANG_WARN_DEPRECATED_OBJC_IMPLEMENTATIONS = YES;
				CLANG_WARN_DIRECT_OBJC_ISA_USAGE = YES_ERROR;
				CLANG_WARN_DOCUMENTATION_COMMENTS = YES;
				CLANG_WARN_EMPTY_BODY = YES;
				CLANG_WARN_ENUM_CONVERSION = YES;
				CLANG_WARN_INFINITE_RECURSION = YES;
				CLANG_WARN_INT_CONVERSION = YES;
				CLANG_WARN_NON_LITERAL_NULL_CONVERSION = YES;
				CLANG_WARN_OBJC_IMPLICIT_RETAIN_SELF = YES;
				CLANG_WARN_OBJC_LITERAL_CONVERSION = YES;
				CLANG_WARN_OBJC_ROOT_CLASS = YES_ERROR;
				CLANG_WARN_QUOTED_INCLUDE_IN_FRAMEWORK_HEADER = YES;
				CLANG_WARN_RANGE_LOOP_ANALYSIS = YES;
				CLANG_WARN_STRICT_PROTOTYPES = YES;
				CLANG_WARN_SUSPICIOUS_MOVE = YES;
				CLANG_WARN_UNGUARDED_AVAILABILITY = YES_AGGRESSIVE;
				CLANG_WARN_UNREACHABLE_CODE = YES;
				CLANG_WARN__DUPLICATE_METHOD_MATCH = YES;
				COPY_PHASE_STRIP = NO;
				DEBUG_INFORMATION_FORMAT = "dwarf-with-dsym";
				ENABLE_NS_ASSERTIONS = NO;
				ENABLE_STRICT_OBJC_MSGSEND = YES;
				ENABLE_USER_SCRIPT_SANDBOXING = YES;
				GCC_C_LANGUAGE_STANDARD = gnu17;
				GCC_NO_COMMON_BLOCKS = YES;
				GCC_WARN_64_TO_32_BIT_CONVERSION = YES;
				GCC_WARN_ABOUT_RETURN_TYPE = YES_ERROR;
				GCC_WARN_UNDECLARED_SELECTOR = YES;
				GCC_WARN_UNINITIALIZED_AUTOS = YES_AGGRESSIVE;
				GCC_WARN_UNUSED_FUNCTION = YES;
				GCC_WARN_UNUSED_VARIABLE = YES;
				LOCALIZATION_PREFERS_STRING_CATALOGS = YES;
				MTL_ENABLE_DEBUG_INFO = NO;
				MTL_FAST_MATH = YES;
				SWIFT_COMPILATION_MODE = wholemodule;
			};
			name = Release;
		};
		93B353E7305AEF76006AC768 /* Debug */ = {
			isa = XCBuildConfiguration;
			buildSettings = {
				CODE_SIGN_STYLE = Automatic;
				CURRENT_PROJECT_VERSION = 1;
				GENERATE_INFOPLIST_FILE = YES;
				INFOPLIST_FILE = "iOS (Extension)/Info.plist";
				INFOPLIST_KEY_CFBundleDisplayName = "URLQRCodePrinter Extension";
				INFOPLIST_KEY_NSHumanReadableCopyright = "";
				IPHONEOS_DEPLOYMENT_TARGET = 16.4;
				LD_RUNPATH_SEARCH_PATHS = (
					"$(inherited)",
					"@executable_path/Frameworks",
					"@executable_path/../../Frameworks",
				);
				MARKETING_VERSION = 1.0;
				OTHER_LDFLAGS = (
					"-framework",
					SafariServices,
				);
				PRODUCT_BUNDLE_IDENTIFIER = com.gael.urlqrcodeprinter.Extension;
				PRODUCT_NAME = "URLQRCodePrinter Extension";
				SDKROOT = iphoneos;
				SKIP_INSTALL = YES;
				STRING_CATALOG_GENERATE_SYMBOLS = YES;
				SWIFT_APPROACHABLE_CONCURRENCY = YES;
				SWIFT_EMIT_LOC_STRINGS = YES;
				SWIFT_UPCOMING_FEATURE_MEMBER_IMPORT_VISIBILITY = YES;
				SWIFT_VERSION = 5.0;
				TARGETED_DEVICE_FAMILY = "1,2";
			};
			name = Debug;
		};
		93B353E8305AEF76006AC768 /* Release */ = {
			isa = XCBuildConfiguration;
			buildSettings = {
				CODE_SIGN_STYLE = Automatic;
				CURRENT_PROJECT_VERSION = 1;
				GENERATE_INFOPLIST_FILE = YES;
				INFOPLIST_FILE = "iOS (Extension)/Info.plist";
				INFOPLIST_KEY_CFBundleDisplayName = "URLQRCodePrinter Extension";
				INFOPLIST_KEY_NSHumanReadableCopyright = "";
				IPHONEOS_DEPLOYMENT_TARGET = 16.4;
				LD_RUNPATH_SEARCH_PATHS = (
					"$(inherited)",
					"@executable_path/Frameworks",
					"@executable_path/../../Frameworks",
				);
				MARKETING_VERSION = 1.0;
				OTHER_LDFLAGS = (
					"-framework",
					SafariServices,
				);
				PRODUCT_BUNDLE_IDENTIFIER = com.gael.urlqrcodeprinter.Extension;
				PRODUCT_NAME = "URLQRCodePrinter Extension";
				SDKROOT = iphoneos;
				SKIP_INSTALL = YES;
				STRING_CATALOG_GENERATE_SYMBOLS = YES;
				SWIFT_APPROACHABLE_CONCURRENCY = YES;
				SWIFT_EMIT_LOC_STRINGS = YES;
				SWIFT_UPCOMING_FEATURE_MEMBER_IMPORT_VISIBILITY = YES;
				SWIFT_VERSION = 5.0;
				TARGETED_DEVICE_FAMILY = "1,2";
				VALIDATE_PRODUCT = YES;
			};
			name = Release;
		};
		93B353EB305AEF76006AC768 /* Debug */ = {
			isa = XCBuildConfiguration;
			buildSettings = {
				ASSETCATALOG_COMPILER_APPICON_NAME = AppIcon;
				ASSETCATALOG_COMPILER_GLOBAL_ACCENT_COLOR_NAME = AccentColor;
				CODE_SIGN_STYLE = Automatic;
				CURRENT_PROJECT_VERSION = 1;
				GENERATE_INFOPLIST_FILE = YES;
				INFOPLIST_FILE = "iOS (App)/Info.plist";
				INFOPLIST_KEY_CFBundleDisplayName = URLQRCodePrinter;
				INFOPLIST_KEY_UIApplicationSupportsIndirectInputEvents = YES;
				INFOPLIST_KEY_UILaunchStoryboardName = LaunchScreen;
				INFOPLIST_KEY_UIMainStoryboardFile = Main;
				INFOPLIST_KEY_UISupportedInterfaceOrientations = "UIInterfaceOrientationPortrait UIInterfaceOrientationLandscapeLeft UIInterfaceOrientationLandscapeRight";
				INFOPLIST_KEY_UISupportedInterfaceOrientations_iPad = "UIInterfaceOrientationPortrait UIInterfaceOrientationPortraitUpsideDown UIInterfaceOrientationLandscapeLeft UIInterfaceOrientationLandscapeRight";
				IPHONEOS_DEPLOYMENT_TARGET = 16.4;
				LD_RUNPATH_SEARCH_PATHS = (
					"$(inherited)",
					"@executable_path/Frameworks",
				);
				MARKETING_VERSION = 1.0;
				OTHER_LDFLAGS = (
					"-framework",
					SafariServices,
					"-framework",
					WebKit,
				);
				PRODUCT_BUNDLE_IDENTIFIER = com.gael.urlqrcodeprinter;
				PRODUCT_NAME = URLQRCodePrinter;
				SDKROOT = iphoneos;
				STRING_CATALOG_GENERATE_SYMBOLS = YES;
				SWIFT_APPROACHABLE_CONCURRENCY = YES;
				SWIFT_DEFAULT_ACTOR_ISOLATION = MainActor;
				SWIFT_EMIT_LOC_STRINGS = YES;
				SWIFT_UPCOMING_FEATURE_MEMBER_IMPORT_VISIBILITY = YES;
				SWIFT_VERSION = 5.0;
				TARGETED_DEVICE_FAMILY = "1,2";
			};
			name = Debug;
		};
		93B353EC305AEF76006AC768 /* Release */ = {
			isa = XCBuildConfiguration;
			buildSettings = {
				ASSETCATALOG_COMPILER_APPICON_NAME = AppIcon;
				ASSETCATALOG_COMPILER_GLOBAL_ACCENT_COLOR_NAME = AccentColor;
				CODE_SIGN_STYLE = Automatic;
				CURRENT_PROJECT_VERSION = 1;
				GENERATE_INFOPLIST_FILE = YES;
				INFOPLIST_FILE = "iOS (App)/Info.plist";
				INFOPLIST_KEY_CFBundleDisplayName = URLQRCodePrinter;
				INFOPLIST_KEY_UIApplicationSupportsIndirectInputEvents = YES;
				INFOPLIST_KEY_UILaunchStoryboardName = LaunchScreen;
				INFOPLIST_KEY_UIMainStoryboardFile = Main;
				INFOPLIST_KEY_UISupportedInterfaceOrientations = "UIInterfaceOrientationPortrait UIInterfaceOrientationLandscapeLeft UIInterfaceOrientationLandscapeRight";
				INFOPLIST_KEY_UISupportedInterfaceOrientations_iPad = "UIInterfaceOrientationPortrait UIInterfaceOrientationPortraitUpsideDown UIInterfaceOrientationLandscapeLeft UIInterfaceOrientationLandscapeRight";
				IPHONEOS_DEPLOYMENT_TARGET = 16.4;
				LD_RUNPATH_SEARCH_PATHS = (
					"$(inherited)",
					"@executable_path/Frameworks",
				);
				MARKETING_VERSION = 1.0;
				OTHER_LDFLAGS = (
					"-framework",
					SafariServices,
					"-framework",
					WebKit,
				);
				PRODUCT_BUNDLE_IDENTIFIER = com.gael.urlqrcodeprinter;
				PRODUCT_NAME = URLQRCodePrinter;
				SDKROOT = iphoneos;
				STRING_CATALOG_GENERATE_SYMBOLS = YES;
				SWIFT_APPROACHABLE_CONCURRENCY = YES;
				SWIFT_DEFAULT_ACTOR_ISOLATION = MainActor;
				SWIFT_EMIT_LOC_STRINGS = YES;
				SWIFT_UPCOMING_FEATURE_MEMBER_IMPORT_VISIBILITY = YES;
				SWIFT_VERSION = 5.0;
				TARGETED_DEVICE_FAMILY = "1,2";
				VALIDATE_PRODUCT = YES;
			};
			name = Release;
		};
		93B353EE305AEF76006AC768 /* Debug */ = {
			isa = XCBuildConfiguration;
			buildSettings = {
				CODE_SIGN_STYLE = Automatic;
				CURRENT_PROJECT_VERSION = 1;
				ENABLE_APP_SANDBOX = YES;
				ENABLE_HARDENED_RUNTIME = YES;
				ENABLE_USER_SELECTED_FILES = readonly;
				GENERATE_INFOPLIST_FILE = YES;
				INFOPLIST_FILE = "macOS (Extension)/Info.plist";
				INFOPLIST_KEY_CFBundleDisplayName = "URLQRCodePrinter Extension";
				INFOPLIST_KEY_NSHumanReadableCopyright = "";
				LD_RUNPATH_SEARCH_PATHS = (
					"$(inherited)",
					"@executable_path/../Frameworks",
					"@executable_path/../../../../Frameworks",
				);
				MACOSX_DEPLOYMENT_TARGET = 13.3;
				MARKETING_VERSION = 1.0;
				OTHER_LDFLAGS = (
					"-framework",
					SafariServices,
				);
				PRODUCT_BUNDLE_IDENTIFIER = com.gael.urlqrcodeprinter.Extension;
				PRODUCT_NAME = "URLQRCodePrinter Extension";
				SDKROOT = macosx;
				SKIP_INSTALL = YES;
				STRING_CATALOG_GENERATE_SYMBOLS = YES;
				SWIFT_APPROACHABLE_CONCURRENCY = YES;
				SWIFT_EMIT_LOC_STRINGS = YES;
				SWIFT_UPCOMING_FEATURE_MEMBER_IMPORT_VISIBILITY = YES;
				SWIFT_VERSION = 5.0;
			};
			name = Debug;
		};
		93B353EF305AEF76006AC768 /* Release */ = {
			isa = XCBuildConfiguration;
			buildSettings = {
				CODE_SIGN_STYLE = Automatic;
				CURRENT_PROJECT_VERSION = 1;
				ENABLE_APP_SANDBOX = YES;
				ENABLE_HARDENED_RUNTIME = YES;
				ENABLE_USER_SELECTED_FILES = readonly;
				GENERATE_INFOPLIST_FILE = YES;
				INFOPLIST_FILE = "macOS (Extension)/Info.plist";
				INFOPLIST_KEY_CFBundleDisplayName = "URLQRCodePrinter Extension";
				INFOPLIST_KEY_NSHumanReadableCopyright = "";
				LD_RUNPATH_SEARCH_PATHS = (
					"$(inherited)",
					"@executable_path/../Frameworks",
					"@executable_path/../../../../Frameworks",
				);
				MACOSX_DEPLOYMENT_TARGET = 13.3;
				MARKETING_VERSION = 1.0;
				OTHER_LDFLAGS = (
					"-framework",
					SafariServices,
				);
				PRODUCT_BUNDLE_IDENTIFIER = com.gael.urlqrcodeprinter.Extension;
				PRODUCT_NAME = "URLQRCodePrinter Extension";
				SDKROOT = macosx;
				SKIP_INSTALL = YES;
				STRING_CATALOG_GENERATE_SYMBOLS = YES;
				SWIFT_APPROACHABLE_CONCURRENCY = YES;
				SWIFT_EMIT_LOC_STRINGS = YES;
				SWIFT_UPCOMING_FEATURE_MEMBER_IMPORT_VISIBILITY = YES;
				SWIFT_VERSION = 5.0;
			};
			name = Release;
		};
		93B353F2305AEF76006AC768 /* Debug */ = {
			isa = XCBuildConfiguration;
			buildSettings = {
				ASSETCATALOG_COMPILER_APPICON_NAME = AppIcon;
				ASSETCATALOG_COMPILER_GLOBAL_ACCENT_COLOR_NAME = AccentColor;
				CODE_SIGN_STYLE = Automatic;
				CURRENT_PROJECT_VERSION = 1;
				ENABLE_APP_SANDBOX = YES;
				ENABLE_HARDENED_RUNTIME = YES;
				ENABLE_OUTGOING_NETWORK_CONNECTIONS = YES;
				ENABLE_USER_SELECTED_FILES = readonly;
				GENERATE_INFOPLIST_FILE = YES;
				INFOPLIST_FILE = "macOS (App)/Info.plist";
				INFOPLIST_KEY_CFBundleDisplayName = URLQRCodePrinter;
				INFOPLIST_KEY_NSMainStoryboardFile = Main;
				INFOPLIST_KEY_NSPrincipalClass = NSApplication;
				LD_RUNPATH_SEARCH_PATHS = (
					"$(inherited)",
					"@executable_path/../Frameworks",
				);
				MACOSX_DEPLOYMENT_TARGET = 13.3;
				MARKETING_VERSION = 1.0;
				OTHER_LDFLAGS = (
					"-framework",
					SafariServices,
					"-framework",
					WebKit,
				);
				PRODUCT_BUNDLE_IDENTIFIER = com.gael.urlqrcodeprinter;
				PRODUCT_NAME = URLQRCodePrinter;
				REGISTER_APP_GROUPS = YES;
				SDKROOT = macosx;
				STRING_CATALOG_GENERATE_SYMBOLS = YES;
				SWIFT_APPROACHABLE_CONCURRENCY = YES;
				SWIFT_DEFAULT_ACTOR_ISOLATION = MainActor;
				SWIFT_EMIT_LOC_STRINGS = YES;
				SWIFT_UPCOMING_FEATURE_MEMBER_IMPORT_VISIBILITY = YES;
				SWIFT_VERSION = 5.0;
			};
			name = Debug;
		};
		93B353F3305AEF76006AC768 /* Release */ = {
			isa = XCBuildConfiguration;
			buildSettings = {
				ASSETCATALOG_COMPILER_APPICON_NAME = AppIcon;
				ASSETCATALOG_COMPILER_GLOBAL_ACCENT_COLOR_NAME = AccentColor;
				CODE_SIGN_STYLE = Automatic;
				CURRENT_PROJECT_VERSION = 1;
				ENABLE_APP_SANDBOX = YES;
				ENABLE_HARDENED_RUNTIME = YES;
				ENABLE_OUTGOING_NETWORK_CONNECTIONS = YES;
				ENABLE_USER_SELECTED_FILES = readonly;
				GENERATE_INFOPLIST_FILE = YES;
				INFOPLIST_FILE = "macOS (App)/Info.plist";
				INFOPLIST_KEY_CFBundleDisplayName = URLQRCodePrinter;
				INFOPLIST_KEY_NSMainStoryboardFile = Main;
				INFOPLIST_KEY_NSPrincipalClass = NSApplication;
				LD_RUNPATH_SEARCH_PATHS = (
					"$(inherited)",
					"@executable_path/../Frameworks",
				);
				MACOSX_DEPLOYMENT_TARGET = 13.3;
				MARKETING_VERSION = 1.0;
				OTHER_LDFLAGS = (
					"-framework",
					SafariServices,
					"-framework",
					WebKit,
				);
				PRODUCT_BUNDLE_IDENTIFIER = com.gael.urlqrcodeprinter;
				PRODUCT_NAME = URLQRCodePrinter;
				REGISTER_APP_GROUPS = YES;
				SDKROOT = macosx;
				STRING_CATALOG_GENERATE_SYMBOLS = YES;
				SWIFT_APPROACHABLE_CONCURRENCY = YES;
				SWIFT_DEFAULT_ACTOR_ISOLATION = MainActor;
				SWIFT_EMIT_LOC_STRINGS = YES;
				SWIFT_UPCOMING_FEATURE_MEMBER_IMPORT_VISIBILITY = YES;
				SWIFT_VERSION = 5.0;
			};
			name = Release;
		};
/* End XCBuildConfiguration section */

/* Begin XCConfigurationList section */
		93B35398305AEF73006AC768 /* Build configuration list for PBXProject "URLQRCodePrinter" */ = {
			isa = XCConfigurationList;
			buildConfigurations = (
				93B353E4305AEF76006AC768 /* Debug */,
				93B353E5305AEF76006AC768 /* Release */,
			);
			defaultConfigurationIsVisible = 0;
			defaultConfigurationName = Release;
		};
		93B353E6305AEF76006AC768 /* Build configuration list for PBXNativeTarget "URLQRCodePrinter Extension (iOS)" */ = {
			isa = XCConfigurationList;
			buildConfigurations = (
				93B353E7305AEF76006AC768 /* Debug */,
				93B353E8305AEF76006AC768 /* Release */,
			);
			defaultConfigurationIsVisible = 0;
			defaultConfigurationName = Release;
		};
		93B353EA305AEF76006AC768 /* Build configuration list for PBXNativeTarget "URLQRCodePrinter (iOS)" */ = {
			isa = XCConfigurationList;
			buildConfigurations = (
				93B353EB305AEF76006AC768 /* Debug */,
				93B353EC305AEF76006AC768 /* Release */,
			);
			defaultConfigurationIsVisible = 0;
			defaultConfigurationName = Release;
		};
		93B353ED305AEF76006AC768 /* Build configuration list for PBXNativeTarget "URLQRCodePrinter Extension (macOS)" */ = {
			isa = XCConfigurationList;
			buildConfigurations = (
				93B353EE305AEF76006AC768 /* Debug */,
				93B353EF305AEF76006AC768 /* Release */,
			);
			defaultConfigurationIsVisible = 0;
			defaultConfigurationName = Release;
		};
		93B353F1305AEF76006AC768 /* Build configuration list for PBXNativeTarget "URLQRCodePrinter (macOS)" */ = {
			isa = XCConfigurationList;
			buildConfigurations = (
				93B353F2305AEF76006AC768 /* Debug */,
				93B353F3305AEF76006AC768 /* Release */,
			);
			defaultConfigurationIsVisible = 0;
			defaultConfigurationName = Release;
		};
/* End XCConfigurationList section */
	};
	rootObject = 93B35395305AEF73006AC768 /* Project object */;
}
