// !$*UTF8*$!
{
	archiveVersion = 1;
	classes = {
	};
	objectVersion = 77;
	objects = {

/* Begin PBXBuildFile section */
		9329AD5330596C3B00048097 /* AppDelegate.swift in Sources */ = {isa = PBXBuildFile; fileRef = 9329AD5230596C3B00048097 /* AppDelegate.swift */; };
		9329AD5530596C3B00048097 /* SceneDelegate.swift in Sources */ = {isa = PBXBuildFile; fileRef = 9329AD5430596C3B00048097 /* SceneDelegate.swift */; };
		9329AD5830596C3B00048097 /* LaunchScreen.storyboard in Resources */ = {isa = PBXBuildFile; fileRef = 9329AD5630596C3B00048097 /* LaunchScreen.storyboard */; };
		9329AD5B30596C3B00048097 /* Main.storyboard in Resources */ = {isa = PBXBuildFile; fileRef = 9329AD5930596C3B00048097 /* Main.storyboard */; };
		9329AD6430596C3B00048097 /* AppDelegate.swift in Sources */ = {isa = PBXBuildFile; fileRef = 9329AD6330596C3B00048097 /* AppDelegate.swift */; };
		9329AD6730596C3B00048097 /* Main.storyboard in Resources */ = {isa = PBXBuildFile; fileRef = 9329AD6530596C3B00048097 /* Main.storyboard */; };
		9329AD6E30596C3B00048097 /* URLQRCodePrinter Extension.appex in Embed Foundation Extensions */ = {isa = PBXBuildFile; fileRef = 9329AD6D30596C3B00048097 /* URLQRCodePrinter Extension.appex */; settings = {ATTRIBUTES = (RemoveHeadersOnCopy, ); }; };
		9329AD7830596C3B00048097 /* URLQRCodePrinter Extension.appex in Embed Foundation Extensions */ = {isa = PBXBuildFile; fileRef = 9329AD7730596C3B00048097 /* URLQRCodePrinter Extension.appex */; settings = {ATTRIBUTES = (RemoveHeadersOnCopy, ); }; };
		9329AD7D30596C3B00048097 /* Main.html in Resources */ = {isa = PBXBuildFile; fileRef = 9329AD4230596C3800048097 /* Main.html */; };
		9329AD7E30596C3B00048097 /* Main.html in Resources */ = {isa = PBXBuildFile; fileRef = 9329AD4230596C3800048097 /* Main.html */; };
		9329AD7F30596C3B00048097 /* Icon.png in Resources */ = {isa = PBXBuildFile; fileRef = 9329AD4430596C3800048097 /* Icon.png */; };
		9329AD8030596C3B00048097 /* Icon.png in Resources */ = {isa = PBXBuildFile; fileRef = 9329AD4430596C3800048097 /* Icon.png */; };
		9329AD8130596C3B00048097 /* Style.css in Resources */ = {isa = PBXBuildFile; fileRef = 9329AD4530596C3800048097 /* Style.css */; };
		9329AD8230596C3B00048097 /* Style.css in Resources */ = {isa = PBXBuildFile; fileRef = 9329AD4530596C3800048097 /* Style.css */; };
		9329AD8330596C3B00048097 /* Script.js in Resources */ = {isa = PBXBuildFile; fileRef = 9329AD4630596C3800048097 /* Script.js */; };
		9329AD8430596C3B00048097 /* Script.js in Resources */ = {isa = PBXBuildFile; fileRef = 9329AD4630596C3800048097 /* Script.js */; };
		9329AD8530596C3B00048097 /* ViewController.swift in Sources */ = {isa = PBXBuildFile; fileRef = 9329AD4730596C3800048097 /* ViewController.swift */; };
		9329AD8630596C3B00048097 /* ViewController.swift in Sources */ = {isa = PBXBuildFile; fileRef = 9329AD4730596C3800048097 /* ViewController.swift */; };
		9329AD8730596C3B00048097 /* Assets.xcassets in Resources */ = {isa = PBXBuildFile; fileRef = 9329AD4830596C3B00048097 /* Assets.xcassets */; };
		9329AD8830596C3B00048097 /* Assets.xcassets in Resources */ = {isa = PBXBuildFile; fileRef = 9329AD4830596C3B00048097 /* Assets.xcassets */; };
		9329AD8930596C3B00048097 /* SafariWebExtensionHandler.swift in Sources */ = {isa = PBXBuildFile; fileRef = 9329AD4A30596C3B00048097 /* SafariWebExtensionHandler.swift */; };
		9329AD8A30596C3B00048097 /* SafariWebExtensionHandler.swift in Sources */ = {isa = PBXBuildFile; fileRef = 9329AD4A30596C3B00048097 /* SafariWebExtensionHandler.swift */; };
		9329ADA430596C3D00048097 /* popup.js in Resources */ = {isa = PBXBuildFile; fileRef = 9329AD9C30596C3D00048097 /* popup.js */; };
		9329ADA530596C3D00048097 /* core in Resources */ = {isa = PBXBuildFile; fileRef = 9329AD9D30596C3D00048097 /* core */; };
		9329ADA630596C3D00048097 /* background.js in Resources */ = {isa = PBXBuildFile; fileRef = 9329AD9E30596C3D00048097 /* background.js */; };
		9329ADA730596C3D00048097 /* popup.html in Resources */ = {isa = PBXBuildFile; fileRef = 9329AD9F30596C3D00048097 /* popup.html */; };
		9329ADA830596C3D00048097 /* icons in Resources */ = {isa = PBXBuildFile; fileRef = 9329ADA030596C3D00048097 /* icons */; };
		9329ADA930596C3D00048097 /* manifest.json in Resources */ = {isa = PBXBuildFile; fileRef = 9329ADA130596C3D00048097 /* manifest.json */; };
		9329ADAA30596C3D00048097 /* popup.css in Resources */ = {isa = PBXBuildFile; fileRef = 9329ADA230596C3D00048097 /* popup.css */; };
		9329ADAB30596C3D00048097 /* api.js in Resources */ = {isa = PBXBuildFile; fileRef = 9329ADA330596C3D00048097 /* api.js */; };
		9329ADAC30596C3D00048097 /* popup.js in Resources */ = {isa = PBXBuildFile; fileRef = 9329AD9C30596C3D00048097 /* popup.js */; };
		9329ADAD30596C3D00048097 /* core in Resources */ = {isa = PBXBuildFile; fileRef = 9329AD9D30596C3D00048097 /* core */; };
		9329ADAE30596C3D00048097 /* background.js in Resources */ = {isa = PBXBuildFile; fileRef = 9329AD9E30596C3D00048097 /* background.js */; };
		9329ADAF30596C3D00048097 /* popup.html in Resources */ = {isa = PBXBuildFile; fileRef = 9329AD9F30596C3D00048097 /* popup.html */; };
		9329ADB030596C3D00048097 /* icons in Resources */ = {isa = PBXBuildFile; fileRef = 9329ADA030596C3D00048097 /* icons */; };
		9329ADB130596C3D00048097 /* manifest.json in Resources */ = {isa = PBXBuildFile; fileRef = 9329ADA130596C3D00048097 /* manifest.json */; };
		9329ADB230596C3D00048097 /* popup.css in Resources */ = {isa = PBXBuildFile; fileRef = 9329ADA230596C3D00048097 /* popup.css */; };
		9329ADB330596C3D00048097 /* api.js in Resources */ = {isa = PBXBuildFile; fileRef = 9329ADA330596C3D00048097 /* api.js */; };
/* End PBXBuildFile section */

/* Begin PBXContainerItemProxy section */
		9329AD6F30596C3B00048097 /* PBXContainerItemProxy */ = {
			isa = PBXContainerItemProxy;
			containerPortal = 9329AD3C30596C3800048097 /* Project object */;
			proxyType = 1;
			remoteGlobalIDString = 9329AD6C30596C3B00048097;
			remoteInfo = "URLQRCodePrinter Extension (iOS)";
		};
		9329AD7930596C3B00048097 /* PBXContainerItemProxy */ = {
			isa = PBXContainerItemProxy;
			containerPortal = 9329AD3C30596C3800048097 /* Project object */;
			proxyType = 1;
			remoteGlobalIDString = 9329AD7630596C3B00048097;
			remoteInfo = "URLQRCodePrinter Extension (macOS)";
		};
/* End PBXContainerItemProxy section */

/* Begin PBXCopyFilesBuildPhase section */
		9329AD9030596C3B00048097 /* Embed Foundation Extensions */ = {
			isa = PBXCopyFilesBuildPhase;
			buildActionMask = 2147483647;
			dstPath = "";
			dstSubfolderSpec = 13;
			files = (
				9329AD6E30596C3B00048097 /* URLQRCodePrinter Extension.appex in Embed Foundation Extensions */,
			);
			name = "Embed Foundation Extensions";
			runOnlyForDeploymentPostprocessing = 0;
		};
		9329AD9730596C3B00048097 /* Embed Foundation Extensions */ = {
			isa = PBXCopyFilesBuildPhase;
			buildActionMask = 2147483647;
			dstPath = "";
			dstSubfolderSpec = 13;
			files = (
				9329AD7830596C3B00048097 /* URLQRCodePrinter Extension.appex in Embed Foundation Extensions */,
			);
			name = "Embed Foundation Extensions";
			runOnlyForDeploymentPostprocessing = 0;
		};
/* End PBXCopyFilesBuildPhase section */

/* Begin PBXFileReference section */
		9329AD4330596C3800048097 /* Base */ = {isa = PBXFileReference; lastKnownFileType = text.html; name = Base; path = Base.lproj/Main.html; sourceTree = "<group>"; };
		9329AD4430596C3800048097 /* Icon.png */ = {isa = PBXFileReference; lastKnownFileType = image.png; path = Icon.png; sourceTree = "<group>"; };
		9329AD4530596C3800048097 /* Style.css */ = {isa = PBXFileReference; lastKnownFileType = text.css; path = Style.css; sourceTree = "<group>"; };
		9329AD4630596C3800048097 /* Script.js */ = {isa = PBXFileReference; lastKnownFileType = sourcecode.javascript; path = Script.js; sourceTree = "<group>"; };
		9329AD4730596C3800048097 /* ViewController.swift */ = {isa = PBXFileReference; lastKnownFileType = sourcecode.swift; path = ViewController.swift; sourceTree = "<group>"; };
		9329AD4830596C3B00048097 /* Assets.xcassets */ = {isa = PBXFileReference; lastKnownFileType = folder.assetcatalog; path = Assets.xcassets; sourceTree = "<group>"; };
		9329AD4A30596C3B00048097 /* SafariWebExtensionHandler.swift */ = {isa = PBXFileReference; lastKnownFileType = sourcecode.swift; path = SafariWebExtensionHandler.swift; sourceTree = "<group>"; };
		9329AD4F30596C3B00048097 /* URLQRCodePrinter.app */ = {isa = PBXFileReference; explicitFileType = wrapper.application; includeInIndex = 0; path = URLQRCodePrinter.app; sourceTree = BUILT_PRODUCTS_DIR; };
		9329AD5230596C3B00048097 /* AppDelegate.swift */ = {isa = PBXFileReference; lastKnownFileType = sourcecode.swift; path = AppDelegate.swift; sourceTree = "<group>"; };
		9329AD5430596C3B00048097 /* SceneDelegate.swift */ = {isa = PBXFileReference; lastKnownFileType = sourcecode.swift; path = SceneDelegate.swift; sourceTree = "<group>"; };
		9329AD5730596C3B00048097 /* Base */ = {isa = PBXFileReference; lastKnownFileType = file.storyboard; name = Base; path = Base.lproj/LaunchScreen.storyboard; sourceTree = "<group>"; };
		9329AD5A30596C3B00048097 /* Base */ = {isa = PBXFileReference; lastKnownFileType = file.storyboard; name = Base; path = Base.lproj/Main.storyboard; sourceTree = "<group>"; };
		9329AD5C30596C3B00048097 /* Info.plist */ = {isa = PBXFileReference; lastKnownFileType = text.plist.xml; path = Info.plist; sourceTree = "<group>"; };
		9329AD6130596C3B00048097 /* URLQRCodePrinter.app */ = {isa = PBXFileReference; explicitFileType = wrapper.application; includeInIndex = 0; path = URLQRCodePrinter.app; sourceTree = BUILT_PRODUCTS_DIR; };
		9329AD6330596C3B00048097 /* AppDelegate.swift */ = {isa = PBXFileReference; lastKnownFileType = sourcecode.swift; path = AppDelegate.swift; sourceTree = "<group>"; };
		9329AD6630596C3B00048097 /* Base */ = {isa = PBXFileReference; lastKnownFileType = file.storyboard; name = Base; path = Base.lproj/Main.storyboard; sourceTree = "<group>"; };
		9329AD6830596C3B00048097 /* Info.plist */ = {isa = PBXFileReference; lastKnownFileType = text.plist.xml; path = Info.plist; sourceTree = "<group>"; };
		9329AD6D30596C3B00048097 /* URLQRCodePrinter Extension.appex */ = {isa = PBXFileReference; explicitFileType = "wrapper.app-extension"; includeInIndex = 0; path = "URLQRCodePrinter Extension.appex"; sourceTree = BUILT_PRODUCTS_DIR; };
		9329AD7230596C3B00048097 /* Info.plist */ = {isa = PBXFileReference; lastKnownFileType = text.plist.xml; path = Info.plist; sourceTree = "<group>"; };
		9329AD7730596C3B00048097 /* URLQRCodePrinter Extension.appex */ = {isa = PBXFileReference; explicitFileType = "wrapper.app-extension"; includeInIndex = 0; path = "URLQRCodePrinter Extension.appex"; sourceTree = BUILT_PRODUCTS_DIR; };
		9329AD7C30596C3B00048097 /* Info.plist */ = {isa = PBXFileReference; lastKnownFileType = text.plist.xml; path = Info.plist; sourceTree = "<group>"; };
		9329AD9C30596C3D00048097 /* popup.js */ = {isa = PBXFileReference; lastKnownFileType = sourcecode.javascript; name = popup.js; path = Resources/popup.js; sourceTree = "<group>"; };
		9329AD9D30596C3D00048097 /* core */ = {isa = PBXFileReference; lastKnownFileType = folder; name = core; path = Resources/core; sourceTree = "<group>"; };
		9329AD9E30596C3D00048097 /* background.js */ = {isa = PBXFileReference; lastKnownFileType = sourcecode.javascript; name = background.js; path = Resources/background.js; sourceTree = "<group>"; };
		9329AD9F30596C3D00048097 /* popup.html */ = {isa = PBXFileReference; lastKnownFileType = text.html; name = popup.html; path = Resources/popup.html; sourceTree = "<group>"; };
		9329ADA030596C3D00048097 /* icons */ = {isa = PBXFileReference; lastKnownFileType = folder; name = icons; path = Resources/icons; sourceTree = "<group>"; };
		9329ADA130596C3D00048097 /* manifest.json */ = {isa = PBXFileReference; lastKnownFileType = text.json; name = manifest.json; path = Resources/manifest.json; sourceTree = "<group>"; };
		9329ADA230596C3D00048097 /* popup.css */ = {isa = PBXFileReference; lastKnownFileType = text.css; name = popup.css; path = Resources/popup.css; sourceTree = "<group>"; };
		9329ADA330596C3D00048097 /* api.js */ = {isa = PBXFileReference; lastKnownFileType = sourcecode.javascript; name = api.js; path = Resources/api.js; sourceTree = "<group>"; };
/* End PBXFileReference section */

/* Begin PBXFrameworksBuildPhase section */
		9329AD4C30596C3B00048097 /* Frameworks */ = {
			isa = PBXFrameworksBuildPhase;
			buildActionMask = 2147483647;
			files = (
			);
			runOnlyForDeploymentPostprocessing = 0;
		};
		9329AD5E30596C3B00048097 /* Frameworks */ = {
			isa = PBXFrameworksBuildPhase;
			buildActionMask = 2147483647;
			files = (
			);
			runOnlyForDeploymentPostprocessing = 0;
		};
		9329AD6A30596C3B00048097 /* Frameworks */ = {
			isa = PBXFrameworksBuildPhase;
			buildActionMask = 2147483647;
			files = (
			);
			runOnlyForDeploymentPostprocessing = 0;
		};
		9329AD7430596C3B00048097 /* Frameworks */ = {
			isa = PBXFrameworksBuildPhase;
			buildActionMask = 2147483647;
			files = (
			);
			runOnlyForDeploymentPostprocessing = 0;
		};
/* End PBXFrameworksBuildPhase section */

/* Begin PBXGroup section */
		9329AD3B30596C3800048097 = {
			isa = PBXGroup;
			children = (
				9329AD4030596C3800048097 /* Shared (App) */,
				9329AD4930596C3B00048097 /* Shared (Extension) */,
				9329AD5130596C3B00048097 /* iOS (App) */,
				9329AD6230596C3B00048097 /* macOS (App) */,
				9329AD7130596C3B00048097 /* iOS (Extension) */,
				9329AD7B30596C3B00048097 /* macOS (Extension) */,
				9329AD5030596C3B00048097 /* Products */,
			);
			sourceTree = "<group>";
		};
		9329AD4030596C3800048097 /* Shared (App) */ = {
			isa = PBXGroup;
			children = (
				9329AD4730596C3800048097 /* ViewController.swift */,
				9329AD4830596C3B00048097 /* Assets.xcassets */,
				9329AD4130596C3800048097 /* Resources */,
			);
			path = "Shared (App)";
			sourceTree = "<group>";
		};
		9329AD4130596C3800048097 /* Resources */ = {
			isa = PBXGroup;
			children = (
				9329AD4230596C3800048097 /* Main.html */,
				9329AD4430596C3800048097 /* Icon.png */,
				9329AD4530596C3800048097 /* Style.css */,
				9329AD4630596C3800048097 /* Script.js */,
			);
			path = Resources;
			sourceTree = "<group>";
		};
		9329AD4930596C3B00048097 /* Shared (Extension) */ = {
			isa = PBXGroup;
			children = (
				9329AD9B30596C3D00048097 /* Resources */,
				9329AD4A30596C3B00048097 /* SafariWebExtensionHandler.swift */,
			);
			path = "Shared (Extension)";
			sourceTree = "<group>";
		};
		9329AD5030596C3B00048097 /* Products */ = {
			isa = PBXGroup;
			children = (
				9329AD4F30596C3B00048097 /* URLQRCodePrinter.app */,
				9329AD6130596C3B00048097 /* URLQRCodePrinter.app */,
				9329AD6D30596C3B00048097 /* URLQRCodePrinter Extension.appex */,
				9329AD7730596C3B00048097 /* URLQRCodePrinter Extension.appex */,
			);
			name = Products;
			sourceTree = "<group>";
		};
		9329AD5130596C3B00048097 /* iOS (App) */ = {
			isa = PBXGroup;
			children = (
				9329AD5230596C3B00048097 /* AppDelegate.swift */,
				9329AD5430596C3B00048097 /* SceneDelegate.swift */,
				9329AD5630596C3B00048097 /* LaunchScreen.storyboard */,
				9329AD5930596C3B00048097 /* Main.storyboard */,
				9329AD5C30596C3B00048097 /* Info.plist */,
			);
			path = "iOS (App)";
			sourceTree = "<group>";
		};
		9329AD6230596C3B00048097 /* macOS (App) */ = {
			isa = PBXGroup;
			children = (
				9329AD6330596C3B00048097 /* AppDelegate.swift */,
				9329AD6530596C3B00048097 /* Main.storyboard */,
				9329AD6830596C3B00048097 /* Info.plist */,
			);
			path = "macOS (App)";
			sourceTree = "<group>";
		};
		9329AD7130596C3B00048097 /* iOS (Extension) */ = {
			isa = PBXGroup;
			children = (
				9329AD7230596C3B00048097 /* Info.plist */,
			);
			path = "iOS (Extension)";
			sourceTree = "<group>";
		};
		9329AD7B30596C3B00048097 /* macOS (Extension) */ = {
			isa = PBXGroup;
			children = (
				9329AD7C30596C3B00048097 /* Info.plist */,
			);
			path = "macOS (Extension)";
			sourceTree = "<group>";
		};
		9329AD9B30596C3D00048097 /* Resources */ = {
			isa = PBXGroup;
			children = (
				9329AD9C30596C3D00048097 /* popup.js */,
				9329AD9D30596C3D00048097 /* core */,
				9329AD9E30596C3D00048097 /* background.js */,
				9329AD9F30596C3D00048097 /* popup.html */,
				9329ADA030596C3D00048097 /* icons */,
				9329ADA130596C3D00048097 /* manifest.json */,
				9329ADA230596C3D00048097 /* popup.css */,
				9329ADA330596C3D00048097 /* api.js */,
			);
			name = Resources;
			path = "Shared (Extension)";
			sourceTree = SOURCE_ROOT;
		};
/* End PBXGroup section */

/* Begin PBXNativeTarget section */
		9329AD4E30596C3B00048097 /* URLQRCodePrinter (iOS) */ = {
			isa = PBXNativeTarget;
			buildConfigurationList = 9329AD9130596C3B00048097 /* Build configuration list for PBXNativeTarget "URLQRCodePrinter (iOS)" */;
			buildPhases = (
				9329AD4B30596C3B00048097 /* Sources */,
				9329AD4C30596C3B00048097 /* Frameworks */,
				9329AD4D30596C3B00048097 /* Resources */,
				9329AD9030596C3B00048097 /* Embed Foundation Extensions */,
			);
			buildRules = (
			);
			dependencies = (
				9329AD7030596C3B00048097 /* PBXTargetDependency */,
			);
			name = "URLQRCodePrinter (iOS)";
			packageProductDependencies = (
			);
			productName = "URLQRCodePrinter (iOS)";
			productReference = 9329AD4F30596C3B00048097 /* URLQRCodePrinter.app */;
			productType = "com.apple.product-type.application";
		};
		9329AD6030596C3B00048097 /* URLQRCodePrinter (macOS) */ = {
			isa = PBXNativeTarget;
			buildConfigurationList = 9329AD9830596C3B00048097 /* Build configuration list for PBXNativeTarget "URLQRCodePrinter (macOS)" */;
			buildPhases = (
				9329AD5D30596C3B00048097 /* Sources */,
				9329AD5E30596C3B00048097 /* Frameworks */,
				9329AD5F30596C3B00048097 /* Resources */,
				9329AD9730596C3B00048097 /* Embed Foundation Extensions */,
			);
			buildRules = (
			);
			dependencies = (
				9329AD7A30596C3B00048097 /* PBXTargetDependency */,
			);
			name = "URLQRCodePrinter (macOS)";
			packageProductDependencies = (
			);
			productName = "URLQRCodePrinter (macOS)";
			productReference = 9329AD6130596C3B00048097 /* URLQRCodePrinter.app */;
			productType = "com.apple.product-type.application";
		};
		9329AD6C30596C3B00048097 /* URLQRCodePrinter Extension (iOS) */ = {
			isa = PBXNativeTarget;
			buildConfigurationList = 9329AD8D30596C3B00048097 /* Build configuration list for PBXNativeTarget "URLQRCodePrinter Extension (iOS)" */;
			buildPhases = (
				9329AD6930596C3B00048097 /* Sources */,
				9329AD6A30596C3B00048097 /* Frameworks */,
				9329AD6B30596C3B00048097 /* Resources */,
			);
			buildRules = (
			);
			dependencies = (
			);
			name = "URLQRCodePrinter Extension (iOS)";
			packageProductDependencies = (
			);
			productName = "URLQRCodePrinter Extension (iOS)";
			productReference = 9329AD6D30596C3B00048097 /* URLQRCodePrinter Extension.appex */;
			productType = "com.apple.product-type.app-extension";
		};
		9329AD7630596C3B00048097 /* URLQRCodePrinter Extension (macOS) */ = {
			isa = PBXNativeTarget;
			buildConfigurationList = 9329AD9430596C3B00048097 /* Build configuration list for PBXNativeTarget "URLQRCodePrinter Extension (macOS)" */;
			buildPhases = (
				9329AD7330596C3B00048097 /* Sources */,
				9329AD7430596C3B00048097 /* Frameworks */,
				9329AD7530596C3B00048097 /* Resources */,
			);
			buildRules = (
			);
			dependencies = (
			);
			name = "URLQRCodePrinter Extension (macOS)";
			packageProductDependencies = (
			);
			productName = "URLQRCodePrinter Extension (macOS)";
			productReference = 9329AD7730596C3B00048097 /* URLQRCodePrinter Extension.appex */;
			productType = "com.apple.product-type.app-extension";
		};
/* End PBXNativeTarget section */

/* Begin PBXProject section */
		9329AD3C30596C3800048097 /* Project object */ = {
			isa = PBXProject;
			attributes = {
				BuildIndependentTargetsInParallel = 1;
				LastSwiftUpdateCheck = 2660;
				LastUpgradeCheck = 2660;
				TargetAttributes = {
					9329AD4E30596C3B00048097 = {
						CreatedOnToolsVersion = 26.6;
					};
					9329AD6030596C3B00048097 = {
						CreatedOnToolsVersion = 26.6;
					};
					9329AD6C30596C3B00048097 = {
						CreatedOnToolsVersion = 26.6;
					};
					9329AD7630596C3B00048097 = {
						CreatedOnToolsVersion = 26.6;
					};
				};
			};
			buildConfigurationList = 9329AD3F30596C3800048097 /* Build configuration list for PBXProject "URLQRCodePrinter" */;
			developmentRegion = en;
			hasScannedForEncodings = 0;
			knownRegions = (
				en,
				Base,
			);
			mainGroup = 9329AD3B30596C3800048097;
			minimizedProjectReferenceProxies = 1;
			preferredProjectObjectVersion = 77;
			productRefGroup = 9329AD5030596C3B00048097 /* Products */;
			projectDirPath = "";
			projectRoot = "";
			targets = (
				9329AD4E30596C3B00048097 /* URLQRCodePrinter (iOS) */,
				9329AD6030596C3B00048097 /* URLQRCodePrinter (macOS) */,
				9329AD6C30596C3B00048097 /* URLQRCodePrinter Extension (iOS) */,
				9329AD7630596C3B00048097 /* URLQRCodePrinter Extension (macOS) */,
			);
		};
/* End PBXProject section */

/* Begin PBXResourcesBuildPhase section */
		9329AD4D30596C3B00048097 /* Resources */ = {
			isa = PBXResourcesBuildPhase;
			buildActionMask = 2147483647;
			files = (
				9329AD7F30596C3B00048097 /* Icon.png in Resources */,
				9329AD5830596C3B00048097 /* LaunchScreen.storyboard in Resources */,
				9329AD7D30596C3B00048097 /* Main.html in Resources */,
				9329AD8330596C3B00048097 /* Script.js in Resources */,
				9329AD8730596C3B00048097 /* Assets.xcassets in Resources */,
				9329AD5B30596C3B00048097 /* Main.storyboard in Resources */,
				9329AD8130596C3B00048097 /* Style.css in Resources */,
			);
			runOnlyForDeploymentPostprocessing = 0;
		};
		9329AD5F30596C3B00048097 /* Resources */ = {
			isa = PBXResourcesBuildPhase;
			buildActionMask = 2147483647;
			files = (
				9329AD8030596C3B00048097 /* Icon.png in Resources */,
				9329AD8230596C3B00048097 /* Style.css in Resources */,
				9329AD6730596C3B00048097 /* Main.storyboard in Resources */,
				9329AD8430596C3B00048097 /* Script.js in Resources */,
				9329AD8830596C3B00048097 /* Assets.xcassets in Resources */,
				9329AD7E30596C3B00048097 /* Main.html in Resources */,
			);
			runOnlyForDeploymentPostprocessing = 0;
		};
		9329AD6B30596C3B00048097 /* Resources */ = {
			isa = PBXResourcesBuildPhase;
			buildActionMask = 2147483647;
			files = (
				9329ADAC30596C3D00048097 /* popup.js in Resources */,
				9329ADB230596C3D00048097 /* popup.css in Resources */,
				9329ADAF30596C3D00048097 /* popup.html in Resources */,
				9329ADB330596C3D00048097 /* api.js in Resources */,
				9329ADAE30596C3D00048097 /* background.js in Resources */,
				9329ADB030596C3D00048097 /* icons in Resources */,
				9329ADB130596C3D00048097 /* manifest.json in Resources */,
				9329ADAD30596C3D00048097 /* core in Resources */,
			);
			runOnlyForDeploymentPostprocessing = 0;
		};
		9329AD7530596C3B00048097 /* Resources */ = {
			isa = PBXResourcesBuildPhase;
			buildActionMask = 2147483647;
			files = (
				9329ADA430596C3D00048097 /* popup.js in Resources */,
				9329ADAA30596C3D00048097 /* popup.css in Resources */,
				9329ADA730596C3D00048097 /* popup.html in Resources */,
				9329ADAB30596C3D00048097 /* api.js in Resources */,
				9329ADA630596C3D00048097 /* background.js in Resources */,
				9329ADA830596C3D00048097 /* icons in Resources */,
				9329ADA930596C3D00048097 /* manifest.json in Resources */,
				9329ADA530596C3D00048097 /* core in Resources */,
			);
			runOnlyForDeploymentPostprocessing = 0;
		};
/* End PBXResourcesBuildPhase section */

/* Begin PBXSourcesBuildPhase section */
		9329AD4B30596C3B00048097 /* Sources */ = {
			isa = PBXSourcesBuildPhase;
			buildActionMask = 2147483647;
			files = (
				9329AD8530596C3B00048097 /* ViewController.swift in Sources */,
				9329AD5330596C3B00048097 /* AppDelegate.swift in Sources */,
				9329AD5530596C3B00048097 /* SceneDelegate.swift in Sources */,
			);
			runOnlyForDeploymentPostprocessing = 0;
		};
		9329AD5D30596C3B00048097 /* Sources */ = {
			isa = PBXSourcesBuildPhase;
			buildActionMask = 2147483647;
			files = (
				9329AD8630596C3B00048097 /* ViewController.swift in Sources */,
				9329AD6430596C3B00048097 /* AppDelegate.swift in Sources */,
			);
			runOnlyForDeploymentPostprocessing = 0;
		};
		9329AD6930596C3B00048097 /* Sources */ = {
			isa = PBXSourcesBuildPhase;
			buildActionMask = 2147483647;
			files = (
				9329AD8930596C3B00048097 /* SafariWebExtensionHandler.swift in Sources */,
			);
			runOnlyForDeploymentPostprocessing = 0;
		};
		9329AD7330596C3B00048097 /* Sources */ = {
			isa = PBXSourcesBuildPhase;
			buildActionMask = 2147483647;
			files = (
				9329AD8A30596C3B00048097 /* SafariWebExtensionHandler.swift in Sources */,
			);
			runOnlyForDeploymentPostprocessing = 0;
		};
/* End PBXSourcesBuildPhase section */

/* Begin PBXTargetDependency section */
		9329AD7030596C3B00048097 /* PBXTargetDependency */ = {
			isa = PBXTargetDependency;
			target = 9329AD6C30596C3B00048097 /* URLQRCodePrinter Extension (iOS) */;
			targetProxy = 9329AD6F30596C3B00048097 /* PBXContainerItemProxy */;
		};
		9329AD7A30596C3B00048097 /* PBXTargetDependency */ = {
			isa = PBXTargetDependency;
			target = 9329AD7630596C3B00048097 /* URLQRCodePrinter Extension (macOS) */;
			targetProxy = 9329AD7930596C3B00048097 /* PBXContainerItemProxy */;
		};
/* End PBXTargetDependency section */

/* Begin PBXVariantGroup section */
		9329AD4230596C3800048097 /* Main.html */ = {
			isa = PBXVariantGroup;
			children = (
				9329AD4330596C3800048097 /* Base */,
			);
			name = Main.html;
			sourceTree = "<group>";
		};
		9329AD5630596C3B00048097 /* LaunchScreen.storyboard */ = {
			isa = PBXVariantGroup;
			children = (
				9329AD5730596C3B00048097 /* Base */,
			);
			name = LaunchScreen.storyboard;
			sourceTree = "<group>";
		};
		9329AD5930596C3B00048097 /* Main.storyboard */ = {
			isa = PBXVariantGroup;
			children = (
				9329AD5A30596C3B00048097 /* Base */,
			);
			name = Main.storyboard;
			sourceTree = "<group>";
		};
		9329AD6530596C3B00048097 /* Main.storyboard */ = {
			isa = PBXVariantGroup;
			children = (
				9329AD6630596C3B00048097 /* Base */,
			);
			name = Main.storyboard;
			sourceTree = "<group>";
		};
/* End PBXVariantGroup section */

/* Begin XCBuildConfiguration section */
		9329AD8B30596C3B00048097 /* Debug */ = {
			isa = XCBuildConfiguration;
			buildSettings = {
				ALWAYS_SEARCH_USER_PATHS = NO;
				ASSETCATALOG_COMPILER_GENERATE_SWIFT_ASSET_SYMBOL_EXTENSIONS = YES;
				CLANG_ANALYZER_NONNULL = YES;
				CLANG_ANALYZER_NUMBER_OBJECT_CONVERSION = YES_AGGRESSIVE;
				CLANG_CXX_LANGUAGE_STANDARD = "gnu++20";
				CLANG_ENABLE_MODULES = YES;
				CLANG_ENABLE_OBJC_ARC = YES;
				CLANG_ENABLE_OBJC_WEAK = YES;
				CLANG_WARN_BLOCK_CAPTURE_AUTORELEASING = YES;
				CLANG_WARN_BOOL_CONVERSION = YES;
				CLANG_WARN_COMMA = YES;
				CLANG_WARN_CONSTANT_CONVERSION = YES;
				CLANG_WARN_DEPRECATED_OBJC_IMPLEMENTATIONS = YES;
				CLANG_WARN_DIRECT_OBJC_ISA_USAGE = YES_ERROR;
				CLANG_WARN_DOCUMENTATION_COMMENTS = YES;
				CLANG_WARN_EMPTY_BODY = YES;
				CLANG_WARN_ENUM_CONVERSION = YES;
				CLANG_WARN_INFINITE_RECURSION = YES;
				CLANG_WARN_INT_CONVERSION = YES;
				CLANG_WARN_NON_LITERAL_NULL_CONVERSION = YES;
				CLANG_WARN_OBJC_IMPLICIT_RETAIN_SELF = YES;
				CLANG_WARN_OBJC_LITERAL_CONVERSION = YES;
				CLANG_WARN_OBJC_ROOT_CLASS = YES_ERROR;
				CLANG_WARN_QUOTED_INCLUDE_IN_FRAMEWORK_HEADER = YES;
				CLANG_WARN_RANGE_LOOP_ANALYSIS = YES;
				CLANG_WARN_STRICT_PROTOTYPES = YES;
				CLANG_WARN_SUSPICIOUS_MOVE = YES;
				CLANG_WARN_UNGUARDED_AVAILABILITY = YES_AGGRESSIVE;
				CLANG_WARN_UNREACHABLE_CODE = YES;
				CLANG_WARN__DUPLICATE_METHOD_MATCH = YES;
				COPY_PHASE_STRIP = NO;
				DEBUG_INFORMATION_FORMAT = dwarf;
				ENABLE_STRICT_OBJC_MSGSEND = YES;
				ENABLE_TESTABILITY = YES;
				ENABLE_USER_SCRIPT_SANDBOXING = YES;
				GCC_C_LANGUAGE_STANDARD = gnu17;
				GCC_DYNAMIC_NO_PIC = NO;
				GCC_NO_COMMON_BLOCKS = YES;
				GCC_OPTIMIZATION_LEVEL = 0;
				GCC_PREPROCESSOR_DEFINITIONS = (
					"DEBUG=1",
					"$(inherited)",
				);
				GCC_WARN_64_TO_32_BIT_CONVERSION = YES;
				GCC_WARN_ABOUT_RETURN_TYPE = YES_ERROR;
				GCC_WARN_UNDECLARED_SELECTOR = YES;
				GCC_WARN_UNINITIALIZED_AUTOS = YES_AGGRESSIVE;
				GCC_WARN_UNUSED_FUNCTION = YES;
				GCC_WARN_UNUSED_VARIABLE = YES;
				LOCALIZATION_PREFERS_STRING_CATALOGS = YES;
				MTL_ENABLE_DEBUG_INFO = INCLUDE_SOURCE;
				MTL_FAST_MATH = YES;
				ONLY_ACTIVE_ARCH = YES;
				SWIFT_ACTIVE_COMPILATION_CONDITIONS = "DEBUG $(inherited)";
				SWIFT_OPTIMIZATION_LEVEL = "-Onone";
			};
			name = Debug;
		};
		9329AD8C30596C3B00048097 /* Release */ = {
			isa = XCBuildConfiguration;
			buildSettings = {
				ALWAYS_SEARCH_USER_PATHS = NO;
				ASSETCATALOG_COMPILER_GENERATE_SWIFT_ASSET_SYMBOL_EXTENSIONS = YES;
				CLANG_ANALYZER_NONNULL = YES;
				CLANG_ANALYZER_NUMBER_OBJECT_CONVERSION = YES_AGGRESSIVE;
				CLANG_CXX_LANGUAGE_STANDARD = "gnu++20";
				CLANG_ENABLE_MODULES = YES;
				CLANG_ENABLE_OBJC_ARC = YES;
				CLANG_ENABLE_OBJC_WEAK = YES;
				CLANG_WARN_BLOCK_CAPTURE_AUTORELEASING = YES;
				CLANG_WARN_BOOL_CONVERSION = YES;
				CLANG_WARN_COMMA = YES;
				CLANG_WARN_CONSTANT_CONVERSION = YES;
				CLANG_WARN_DEPRECATED_OBJC_IMPLEMENTATIONS = YES;
				CLANG_WARN_DIRECT_OBJC_ISA_USAGE = YES_ERROR;
				CLANG_WARN_DOCUMENTATION_COMMENTS = YES;
				CLANG_WARN_EMPTY_BODY = YES;
				CLANG_WARN_ENUM_CONVERSION = YES;
				CLANG_WARN_INFINITE_RECURSION = YES;
				CLANG_WARN_INT_CONVERSION = YES;
				CLANG_WARN_NON_LITERAL_NULL_CONVERSION = YES;
				CLANG_WARN_OBJC_IMPLICIT_RETAIN_SELF = YES;
				CLANG_WARN_OBJC_LITERAL_CONVERSION = YES;
				CLANG_WARN_OBJC_ROOT_CLASS = YES_ERROR;
				CLANG_WARN_QUOTED_INCLUDE_IN_FRAMEWORK_HEADER = YES;
				CLANG_WARN_RANGE_LOOP_ANALYSIS = YES;
				CLANG_WARN_STRICT_PROTOTYPES = YES;
				CLANG_WARN_SUSPICIOUS_MOVE = YES;
				CLANG_WARN_UNGUARDED_AVAILABILITY = YES_AGGRESSIVE;
				CLANG_WARN_UNREACHABLE_CODE = YES;
				CLANG_WARN__DUPLICATE_METHOD_MATCH = YES;
				COPY_PHASE_STRIP = NO;
				DEBUG_INFORMATION_FORMAT = "dwarf-with-dsym";
				ENABLE_NS_ASSERTIONS = NO;
				ENABLE_STRICT_OBJC_MSGSEND = YES;
				ENABLE_USER_SCRIPT_SANDBOXING = YES;
				GCC_C_LANGUAGE_STANDARD = gnu17;
				GCC_NO_COMMON_BLOCKS = YES;
				GCC_WARN_64_TO_32_BIT_CONVERSION = YES;
				GCC_WARN_ABOUT_RETURN_TYPE = YES_ERROR;
				GCC_WARN_UNDECLARED_SELECTOR = YES;
				GCC_WARN_UNINITIALIZED_AUTOS = YES_AGGRESSIVE;
				GCC_WARN_UNUSED_FUNCTION = YES;
				GCC_WARN_UNUSED_VARIABLE = YES;
				LOCALIZATION_PREFERS_STRING_CATALOGS = YES;
				MTL_ENABLE_DEBUG_INFO = NO;
				MTL_FAST_MATH = YES;
				SWIFT_COMPILATION_MODE = wholemodule;
			};
			name = Release;
		};
		9329AD8E30596C3B00048097 /* Debug */ = {
			isa = XCBuildConfiguration;
			buildSettings = {
				CODE_SIGN_STYLE = Automatic;
				CURRENT_PROJECT_VERSION = 1;
				GENERATE_INFOPLIST_FILE = YES;
				INFOPLIST_FILE = "iOS (Extension)/Info.plist";
				INFOPLIST_KEY_CFBundleDisplayName = "URLQRCodePrinter Extension";
				INFOPLIST_KEY_NSHumanReadableCopyright = "";
				IPHONEOS_DEPLOYMENT_TARGET = 16.4;
				LD_RUNPATH_SEARCH_PATHS = (
					"$(inherited)",
					"@executable_path/Frameworks",
					"@executable_path/../../Frameworks",
				);
				MARKETING_VERSION = 1.0;
				OTHER_LDFLAGS = (
					"-framework",
					SafariServices,
				);
				PRODUCT_BUNDLE_IDENTIFIER = com.gael.urlqrcodeprinter.Extension;
				PRODUCT_NAME = "URLQRCodePrinter Extension";
				SDKROOT = iphoneos;
				SKIP_INSTALL = YES;
				STRING_CATALOG_GENERATE_SYMBOLS = YES;
				SWIFT_APPROACHABLE_CONCURRENCY = YES;
				SWIFT_EMIT_LOC_STRINGS = YES;
				SWIFT_UPCOMING_FEATURE_MEMBER_IMPORT_VISIBILITY = YES;
				SWIFT_VERSION = 5.0;
				TARGETED_DEVICE_FAMILY = "1,2";
			};
			name = Debug;
		};
		9329AD8F30596C3B00048097 /* Release */ = {
			isa = XCBuildConfiguration;
			buildSettings = {
				CODE_SIGN_STYLE = Automatic;
				CURRENT_PROJECT_VERSION = 1;
				GENERATE_INFOPLIST_FILE = YES;
				INFOPLIST_FILE = "iOS (Extension)/Info.plist";
				INFOPLIST_KEY_CFBundleDisplayName = "URLQRCodePrinter Extension";
				INFOPLIST_KEY_NSHumanReadableCopyright = "";
				IPHONEOS_DEPLOYMENT_TARGET = 16.4;
				LD_RUNPATH_SEARCH_PATHS = (
					"$(inherited)",
					"@executable_path/Frameworks",
					"@executable_path/../../Frameworks",
				);
				MARKETING_VERSION = 1.0;
				OTHER_LDFLAGS = (
					"-framework",
					SafariServices,
				);
				PRODUCT_BUNDLE_IDENTIFIER = com.gael.urlqrcodeprinter.Extension;
				PRODUCT_NAME = "URLQRCodePrinter Extension";
				SDKROOT = iphoneos;
				SKIP_INSTALL = YES;
				STRING_CATALOG_GENERATE_SYMBOLS = YES;
				SWIFT_APPROACHABLE_CONCURRENCY = YES;
				SWIFT_EMIT_LOC_STRINGS = YES;
				SWIFT_UPCOMING_FEATURE_MEMBER_IMPORT_VISIBILITY = YES;
				SWIFT_VERSION = 5.0;
				TARGETED_DEVICE_FAMILY = "1,2";
				VALIDATE_PRODUCT = YES;
			};
			name = Release;
		};
		9329AD9230596C3B00048097 /* Debug */ = {
			isa = XCBuildConfiguration;
			buildSettings = {
				ASSETCATALOG_COMPILER_APPICON_NAME = AppIcon;
				ASSETCATALOG_COMPILER_GLOBAL_ACCENT_COLOR_NAME = AccentColor;
				CODE_SIGN_STYLE = Automatic;
				CURRENT_PROJECT_VERSION = 1;
				GENERATE_INFOPLIST_FILE = YES;
				INFOPLIST_FILE = "iOS (App)/Info.plist";
				INFOPLIST_KEY_CFBundleDisplayName = URLQRCodePrinter;
				INFOPLIST_KEY_UIApplicationSupportsIndirectInputEvents = YES;
				INFOPLIST_KEY_UILaunchStoryboardName = LaunchScreen;
				INFOPLIST_KEY_UIMainStoryboardFile = Main;
				INFOPLIST_KEY_UISupportedInterfaceOrientations = "UIInterfaceOrientationPortrait UIInterfaceOrientationLandscapeLeft UIInterfaceOrientationLandscapeRight";
				INFOPLIST_KEY_UISupportedInterfaceOrientations_iPad = "UIInterfaceOrientationPortrait UIInterfaceOrientationPortraitUpsideDown UIInterfaceOrientationLandscapeLeft UIInterfaceOrientationLandscapeRight";
				IPHONEOS_DEPLOYMENT_TARGET = 16.4;
				LD_RUNPATH_SEARCH_PATHS = (
					"$(inherited)",
					"@executable_path/Frameworks",
				);
				MARKETING_VERSION = 1.0;
				OTHER_LDFLAGS = (
					"-framework",
					SafariServices,
					"-framework",
					WebKit,
				);
				PRODUCT_BUNDLE_IDENTIFIER = com.gael.urlqrcodeprinter;
				PRODUCT_NAME = URLQRCodePrinter;
				SDKROOT = iphoneos;
				STRING_CATALOG_GENERATE_SYMBOLS = YES;
				SWIFT_APPROACHABLE_CONCURRENCY = YES;
				SWIFT_DEFAULT_ACTOR_ISOLATION = MainActor;
				SWIFT_EMIT_LOC_STRINGS = YES;
				SWIFT_UPCOMING_FEATURE_MEMBER_IMPORT_VISIBILITY = YES;
				SWIFT_VERSION = 5.0;
				TARGETED_DEVICE_FAMILY = "1,2";
			};
			name = Debug;
		};
		9329AD9330596C3B00048097 /* Release */ = {
			isa = XCBuildConfiguration;
			buildSettings = {
				ASSETCATALOG_COMPILER_APPICON_NAME = AppIcon;
				ASSETCATALOG_COMPILER_GLOBAL_ACCENT_COLOR_NAME = AccentColor;
				CODE_SIGN_STYLE = Automatic;
				CURRENT_PROJECT_VERSION = 1;
				GENERATE_INFOPLIST_FILE = YES;
				INFOPLIST_FILE = "iOS (App)/Info.plist";
				INFOPLIST_KEY_CFBundleDisplayName = URLQRCodePrinter;
				INFOPLIST_KEY_UIApplicationSupportsIndirectInputEvents = YES;
				INFOPLIST_KEY_UILaunchStoryboardName = LaunchScreen;
				INFOPLIST_KEY_UIMainStoryboardFile = Main;
				INFOPLIST_KEY_UISupportedInterfaceOrientations = "UIInterfaceOrientationPortrait UIInterfaceOrientationLandscapeLeft UIInterfaceOrientationLandscapeRight";
				INFOPLIST_KEY_UISupportedInterfaceOrientations_iPad = "UIInterfaceOrientationPortrait UIInterfaceOrientationPortraitUpsideDown UIInterfaceOrientationLandscapeLeft UIInterfaceOrientationLandscapeRight";
				IPHONEOS_DEPLOYMENT_TARGET = 16.4;
				LD_RUNPATH_SEARCH_PATHS = (
					"$(inherited)",
					"@executable_path/Frameworks",
				);
				MARKETING_VERSION = 1.0;
				OTHER_LDFLAGS = (
					"-framework",
					SafariServices,
					"-framework",
					WebKit,
				);
				PRODUCT_BUNDLE_IDENTIFIER = com.gael.urlqrcodeprinter;
				PRODUCT_NAME = URLQRCodePrinter;
				SDKROOT = iphoneos;
				STRING_CATALOG_GENERATE_SYMBOLS = YES;
				SWIFT_APPROACHABLE_CONCURRENCY = YES;
				SWIFT_DEFAULT_ACTOR_ISOLATION = MainActor;
				SWIFT_EMIT_LOC_STRINGS = YES;
				SWIFT_UPCOMING_FEATURE_MEMBER_IMPORT_VISIBILITY = YES;
				SWIFT_VERSION = 5.0;
				TARGETED_DEVICE_FAMILY = "1,2";
				VALIDATE_PRODUCT = YES;
			};
			name = Release;
		};
		9329AD9530596C3B00048097 /* Debug */ = {
			isa = XCBuildConfiguration;
			buildSettings = {
				CODE_SIGN_STYLE = Automatic;
				CURRENT_PROJECT_VERSION = 1;
				ENABLE_APP_SANDBOX = YES;
				ENABLE_HARDENED_RUNTIME = YES;
				ENABLE_USER_SELECTED_FILES = readonly;
				GENERATE_INFOPLIST_FILE = YES;
				INFOPLIST_FILE = "macOS (Extension)/Info.plist";
				INFOPLIST_KEY_CFBundleDisplayName = "URLQRCodePrinter Extension";
				INFOPLIST_KEY_NSHumanReadableCopyright = "";
				LD_RUNPATH_SEARCH_PATHS = (
					"$(inherited)",
					"@executable_path/../Frameworks",
					"@executable_path/../../../../Frameworks",
				);
				MACOSX_DEPLOYMENT_TARGET = 13.3;
				MARKETING_VERSION = 1.0;
				OTHER_LDFLAGS = (
					"-framework",
					SafariServices,
				);
				PRODUCT_BUNDLE_IDENTIFIER = com.gael.urlqrcodeprinter.Extension;
				PRODUCT_NAME = "URLQRCodePrinter Extension";
				SDKROOT = macosx;
				SKIP_INSTALL = YES;
				STRING_CATALOG_GENERATE_SYMBOLS = YES;
				SWIFT_APPROACHABLE_CONCURRENCY = YES;
				SWIFT_EMIT_LOC_STRINGS = YES;
				SWIFT_UPCOMING_FEATURE_MEMBER_IMPORT_VISIBILITY = YES;
				SWIFT_VERSION = 5.0;
			};
			name = Debug;
		};
		9329AD9630596C3B00048097 /* Release */ = {
			isa = XCBuildConfiguration;
			buildSettings = {
				CODE_SIGN_STYLE = Automatic;
				CURRENT_PROJECT_VERSION = 1;
				ENABLE_APP_SANDBOX = YES;
				ENABLE_HARDENED_RUNTIME = YES;
				ENABLE_USER_SELECTED_FILES = readonly;
				GENERATE_INFOPLIST_FILE = YES;
				INFOPLIST_FILE = "macOS (Extension)/Info.plist";
				INFOPLIST_KEY_CFBundleDisplayName = "URLQRCodePrinter Extension";
				INFOPLIST_KEY_NSHumanReadableCopyright = "";
				LD_RUNPATH_SEARCH_PATHS = (
					"$(inherited)",
					"@executable_path/../Frameworks",
					"@executable_path/../../../../Frameworks",
				);
				MACOSX_DEPLOYMENT_TARGET = 13.3;
				MARKETING_VERSION = 1.0;
				OTHER_LDFLAGS = (
					"-framework",
					SafariServices,
				);
				PRODUCT_BUNDLE_IDENTIFIER = com.gael.urlqrcodeprinter.Extension;
				PRODUCT_NAME = "URLQRCodePrinter Extension";
				SDKROOT = macosx;
				SKIP_INSTALL = YES;
				STRING_CATALOG_GENERATE_SYMBOLS = YES;
				SWIFT_APPROACHABLE_CONCURRENCY = YES;
				SWIFT_EMIT_LOC_STRINGS = YES;
				SWIFT_UPCOMING_FEATURE_MEMBER_IMPORT_VISIBILITY = YES;
				SWIFT_VERSION = 5.0;
			};
			name = Release;
		};
		9329AD9930596C3B00048097 /* Debug */ = {
			isa = XCBuildConfiguration;
			buildSettings = {
				ASSETCATALOG_COMPILER_APPICON_NAME = AppIcon;
				ASSETCATALOG_COMPILER_GLOBAL_ACCENT_COLOR_NAME = AccentColor;
				CODE_SIGN_STYLE = Automatic;
				CURRENT_PROJECT_VERSION = 1;
				ENABLE_APP_SANDBOX = YES;
				ENABLE_HARDENED_RUNTIME = YES;
				ENABLE_OUTGOING_NETWORK_CONNECTIONS = YES;
				ENABLE_USER_SELECTED_FILES = readonly;
				GENERATE_INFOPLIST_FILE = YES;
				INFOPLIST_FILE = "macOS (App)/Info.plist";
				INFOPLIST_KEY_CFBundleDisplayName = URLQRCodePrinter;
				INFOPLIST_KEY_NSMainStoryboardFile = Main;
				INFOPLIST_KEY_NSPrincipalClass = NSApplication;
				LD_RUNPATH_SEARCH_PATHS = (
					"$(inherited)",
					"@executable_path/../Frameworks",
				);
				MACOSX_DEPLOYMENT_TARGET = 13.3;
				MARKETING_VERSION = 1.0;
				OTHER_LDFLAGS = (
					"-framework",
					SafariServices,
					"-framework",
					WebKit,
				);
				PRODUCT_BUNDLE_IDENTIFIER = com.gael.urlqrcodeprinter;
				PRODUCT_NAME = URLQRCodePrinter;
				REGISTER_APP_GROUPS = YES;
				SDKROOT = macosx;
				STRING_CATALOG_GENERATE_SYMBOLS = YES;
				SWIFT_APPROACHABLE_CONCURRENCY = YES;
				SWIFT_DEFAULT_ACTOR_ISOLATION = MainActor;
				SWIFT_EMIT_LOC_STRINGS = YES;
				SWIFT_UPCOMING_FEATURE_MEMBER_IMPORT_VISIBILITY = YES;
				SWIFT_VERSION = 5.0;
			};
			name = Debug;
		};
		9329AD9A30596C3B00048097 /* Release */ = {
			isa = XCBuildConfiguration;
			buildSettings = {
				ASSETCATALOG_COMPILER_APPICON_NAME = AppIcon;
				ASSETCATALOG_COMPILER_GLOBAL_ACCENT_COLOR_NAME = AccentColor;
				CODE_SIGN_STYLE = Automatic;
				CURRENT_PROJECT_VERSION = 1;
				ENABLE_APP_SANDBOX = YES;
				ENABLE_HARDENED_RUNTIME = YES;
				ENABLE_OUTGOING_NETWORK_CONNECTIONS = YES;
				ENABLE_USER_SELECTED_FILES = readonly;
				GENERATE_INFOPLIST_FILE = YES;
				INFOPLIST_FILE = "macOS (App)/Info.plist";
				INFOPLIST_KEY_CFBundleDisplayName = URLQRCodePrinter;
				INFOPLIST_KEY_NSMainStoryboardFile = Main;
				INFOPLIST_KEY_NSPrincipalClass = NSApplication;
				LD_RUNPATH_SEARCH_PATHS = (
					"$(inherited)",
					"@executable_path/../Frameworks",
				);
				MACOSX_DEPLOYMENT_TARGET = 13.3;
				MARKETING_VERSION = 1.0;
				OTHER_LDFLAGS = (
					"-framework",
					SafariServices,
					"-framework",
					WebKit,
				);
				PRODUCT_BUNDLE_IDENTIFIER = com.gael.urlqrcodeprinter;
				PRODUCT_NAME = URLQRCodePrinter;
				REGISTER_APP_GROUPS = YES;
				SDKROOT = macosx;
				STRING_CATALOG_GENERATE_SYMBOLS = YES;
				SWIFT_APPROACHABLE_CONCURRENCY = YES;
				SWIFT_DEFAULT_ACTOR_ISOLATION = MainActor;
				SWIFT_EMIT_LOC_STRINGS = YES;
				SWIFT_UPCOMING_FEATURE_MEMBER_IMPORT_VISIBILITY = YES;
				SWIFT_VERSION = 5.0;
			};
			name = Release;
		};
/* End XCBuildConfiguration section */

/* Begin XCConfigurationList section */
		9329AD3F30596C3800048097 /* Build configuration list for PBXProject "URLQRCodePrinter" */ = {
			isa = XCConfigurationList;
			buildConfigurations = (
				9329AD8B30596C3B00048097 /* Debug */,
				9329AD8C30596C3B00048097 /* Release */,
			);
			defaultConfigurationIsVisible = 0;
			defaultConfigurationName = Release;
		};
		9329AD8D30596C3B00048097 /* Build configuration list for PBXNativeTarget "URLQRCodePrinter Extension (iOS)" */ = {
			isa = XCConfigurationList;
			buildConfigurations = (
				9329AD8E30596C3B00048097 /* Debug */,
				9329AD8F30596C3B00048097 /* Release */,
			);
			defaultConfigurationIsVisible = 0;
			defaultConfigurationName = Release;
		};
		9329AD9130596C3B00048097 /* Build configuration list for PBXNativeTarget "URLQRCodePrinter (iOS)" */ = {
			isa = XCConfigurationList;
			buildConfigurations = (
				9329AD9230596C3B00048097 /* Debug */,
				9329AD9330596C3B00048097 /* Release */,
			);
			defaultConfigurationIsVisible = 0;
			defaultConfigurationName = Release;
		};
		9329AD9430596C3B00048097 /* Build configuration list for PBXNativeTarget "URLQRCodePrinter Extension (macOS)" */ = {
			isa = XCConfigurationList;
			buildConfigurations = (
				9329AD9530596C3B00048097 /* Debug */,
				9329AD9630596C3B00048097 /* Release */,
			);
			defaultConfigurationIsVisible = 0;
			defaultConfigurationName = Release;
		};
		9329AD9830596C3B00048097 /* Build configuration list for PBXNativeTarget "URLQRCodePrinter (macOS)" */ = {
			isa = XCConfigurationList;
			buildConfigurations = (
				9329AD9930596C3B00048097 /* Debug */,
				9329AD9A30596C3B00048097 /* Release */,
			);
			defaultConfigurationIsVisible = 0;
			defaultConfigurationName = Release;
		};
/* End XCConfigurationList section */
	};
	rootObject = 9329AD3C30596C3800048097 /* Project object */;
}
